{
  "originHash" : "4608357e0a4814cbeb4dddb430d53336ee1ae1683dfd7f89a18e0e5ca6ffaeb3",
  "pins" : [
    {
      "identity" : "audiokit",
      "kind" : "remoteSourceControl",
      "location" : "https://github.com/AudioKit/AudioKit.git",
      "state" : {
        "revision" : "c30a151fea40696ad0a45c60c2bba29112bb4279",
        "version" : "5.6.1"
      }
    },
    {
      "identity" : "swift-argument-parser",
      "kind" : "remoteSourceControl",
      "location" : "https://github.com/apple/swift-argument-parser.git",
      "state" : {
        "revision" : "c8ed701b513cf5177118a175d85fbbbcd707ab41",
        "version" : "1.3.0"
      }
    },
    {
      "identity" : "swift-transformers",
      "kind" : "remoteSourceControl",
      "location" : "https://github.com/huggingface/swift-transformers.git",
      "state" : {
        "revision" : "74b94211bdc741694ed7e700a1104c72e5ba68fe",
        "version" : "0.1.7"
      }
    },
    {
      "identity" : "visualactionkit",
      "kind" : "remoteSourceControl",
      "location" : "https://github.com/AndrewOch/VisualActionKit.git",
      "state" : {
        "branch" : "master",
        "revision" : "e4ba91c7e5cec99a83adedbd2e4e4e570f0a2b09"
      }
    },
    {
      "identity" : "whisperkit",
      "kind" : "remoteSourceControl",
      "location" : "https://github.com/argmaxinc/whisperkit",
      "state" : {
        "revision" : "076b6709f3a3af98e0a611c5bfed7401eac90be1",
        "version" : "0.6.0"
      }
    }
  ],
  "version" : 3
}
