{
  "originHash" : "dfdacf7845a7d26cb9eed3d0d7bd7ccd0bb74411a4983478e5c5aa81c507e660",
  "pins" : [
    {
      "identity" : "audiokit",
      "kind" : "remoteSourceControl",
      "location" : "https://github.com/AudioKit/AudioKit.git",
      "state" : {
        "revision" : "c30a151fea40696ad0a45c60c2bba29112bb4279",
        "version" : "5.6.1"
      }
    },
    {
      "identity" : "swiftwhisper",
      "kind" : "remoteSourceControl",
      "location" : "https://github.com/exPHAT/SwiftWhisper.git",
      "state" : {
        "branch" : "master",
        "revision" : "c340197966ebd264f3135d3955874b40f8ed58bc"
      }
    },
    {
      "identity" : "visualactionkit",
      "kind" : "remoteSourceControl",
      "location" : "https://github.com/AndrewOch/VisualActionKit.git",
      "state" : {
        "branch" : "master",
        "revision" : "e4ba91c7e5cec99a83adedbd2e4e4e570f0a2b09"
      }
    }
  ],
  "version" : 3
}
