// !$*UTF8*$!
{
	archiveVersion = 1;
	classes = {
	};
	objectVersion = 56;
	objects = {

/* Begin PBXBuildFile section */
		0400DA4F29EDC860003AD42B /* PythonKit in Frameworks */ = {isa = PBXBuildFile; productRef = 0400DA4E29EDC860003AD42B /* PythonKit */; };
		040E07322AF15DAC00554BEA /* CustomSearchTextField.swift in Sources */ = {isa = PBXBuildFile; fileRef = 040E07312AF15DAC00554BEA /* CustomSearchTextField.swift */; };
		0426529B29EF26AE008855C1 /* SelectPhraseMatchView.swift in Sources */ = {isa = PBXBuildFile; fileRef = 0426529A29EF26AE008855C1 /* SelectPhraseMatchView.swift */; };
		0426529D29EF3869008855C1 /* MFCC.py in Resources */ = {isa = PBXBuildFile; fileRef = 0426529C29EF3869008855C1 /* MFCC.py */; };
		0426529F29EFB6FB008855C1 /* MFCCService.swift in Sources */ = {isa = PBXBuildFile; fileRef = 0426529E29EFB6FB008855C1 /* MFCCService.swift */; };
		043538C22AAB8B5400775E0D /* Localizable.strings in Resources */ = {isa = PBXBuildFile; fileRef = 043538C02AAB8B5400775E0D /* Localizable.strings */; };
		043538C52AABA51C00775E0D /* String.swift in Sources */ = {isa = PBXBuildFile; fileRef = 043538C42AABA51C00775E0D /* String.swift */; };
		043538C92AABBB0D00775E0D /* Fonts.swift in Sources */ = {isa = PBXBuildFile; fileRef = 043538C62AABBB0D00775E0D /* Fonts.swift */; };
		043538CA2AABBB0D00775E0D /* Assets.swift in Sources */ = {isa = PBXBuildFile; fileRef = 043538C72AABBB0D00775E0D /* Assets.swift */; };
		043538CB2AABBB0D00775E0D /* Strings.swift in Sources */ = {isa = PBXBuildFile; fileRef = 043538C82AABBB0D00775E0D /* Strings.swift */; };
		043538CD2AABD57100775E0D /* SystemImage.swift in Sources */ = {isa = PBXBuildFile; fileRef = 043538CC2AABD57100775E0D /* SystemImage.swift */; };
		043538CF2AAC75CA00775E0D /* CustomLabel.swift in Sources */ = {isa = PBXBuildFile; fileRef = 043538CE2AAC75CA00775E0D /* CustomLabel.swift */; };
		043538D22AAC855200775E0D /* Limelight-Regular.ttf in Resources */ = {isa = PBXBuildFile; fileRef = 043538D02AAC855200775E0D /* Limelight-Regular.ttf */; };
		043538D32AAC855200775E0D /* NunitoSans.ttf in Resources */ = {isa = PBXBuildFile; fileRef = 043538D12AAC855200775E0D /* NunitoSans.ttf */; };
		043538D52AAC86DD00775E0D /* PhraseLabel.swift in Sources */ = {isa = PBXBuildFile; fileRef = 043538D42AAC86DD00775E0D /* PhraseLabel.swift */; };
		043538D72AACA18D00775E0D /* HeaderView.swift in Sources */ = {isa = PBXBuildFile; fileRef = 043538D62AACA18D00775E0D /* HeaderView.swift */; };
		043538D92AACD33500775E0D /* ImageButton.swift in Sources */ = {isa = PBXBuildFile; fileRef = 043538D82AACD33500775E0D /* ImageButton.swift */; };
		043538E72AAD263100775E0D /* ModalSheet.swift in Sources */ = {isa = PBXBuildFile; fileRef = 043538E62AAD263100775E0D /* ModalSheet.swift */; };
		043538EB2AAEFB9700775E0D /* OverlayMenu.swift in Sources */ = {isa = PBXBuildFile; fileRef = 043538EA2AAEFB9700775E0D /* OverlayMenu.swift */; };
		043538ED2AAFAFE700775E0D /* CustomContextMenuView.swift in Sources */ = {isa = PBXBuildFile; fileRef = 043538EC2AAFAFE700775E0D /* CustomContextMenuView.swift */; };
		043538EF2AAFB45000775E0D /* HeaderMenuConfiguration.swift in Sources */ = {isa = PBXBuildFile; fileRef = 043538EE2AAFB45000775E0D /* HeaderMenuConfiguration.swift */; };
		043538F12AAFB99100775E0D /* DocumentStates.swift in Sources */ = {isa = PBXBuildFile; fileRef = 043538F02AAFB99100775E0D /* DocumentStates.swift */; };
		043538F32AB073DE00775E0D /* Environment.swift in Sources */ = {isa = PBXBuildFile; fileRef = 043538F22AB073DE00775E0D /* Environment.swift */; };
		043538F52AB2019B00775E0D /* ShortcutView.swift in Sources */ = {isa = PBXBuildFile; fileRef = 043538F42AB2019B00775E0D /* ShortcutView.swift */; };
		043538FF2AB21AD900775E0D /* SettingsView.swift in Sources */ = {isa = PBXBuildFile; fileRef = 043538FE2AB21AD900775E0D /* SettingsView.swift */; };
		043EDDB829E7FE0F00DA5EFF /* PhraseMatcher.swift in Sources */ = {isa = PBXBuildFile; fileRef = 043EDDB729E7FE0F00DA5EFF /* PhraseMatcher.swift */; };
		043EDDBD29E8B33D00DA5EFF /* ScenesMatchOperations.swift in Sources */ = {isa = PBXBuildFile; fileRef = 043EDDBC29E8B33D00DA5EFF /* ScenesMatchOperations.swift */; };
		043EDDC729E953FF00DA5EFF /* TakesMatchOperations.swift in Sources */ = {isa = PBXBuildFile; fileRef = 043EDDC629E953FF00DA5EFF /* TakesMatchOperations.swift */; };
		04483D222B47F53400774D4A /* server in Resources */ = {isa = PBXBuildFile; fileRef = 04483AC42B47F53300774D4A /* server */; };
		04483D252B47F53400774D4A /* ggml-quants.c in Sources */ = {isa = PBXBuildFile; fileRef = 04483AC92B47F53300774D4A /* ggml-quants.c */; };
		04483D272B47F53400774D4A /* ggml-backend.c in Sources */ = {isa = PBXBuildFile; fileRef = 04483ACC2B47F53300774D4A /* ggml-backend.c */; };
		04483D702B47F53400774D4A /* chess.gbnf in Resources */ = {isa = PBXBuildFile; fileRef = 04483B3E2B47F53300774D4A /* chess.gbnf */; };
		04483D712B47F53400774D4A /* assistant.gbnf in Resources */ = {isa = PBXBuildFile; fileRef = 04483B3F2B47F53300774D4A /* assistant.gbnf */; };
		04483D722B47F53400774D4A /* colors.gbnf in Resources */ = {isa = PBXBuildFile; fileRef = 04483B402B47F53300774D4A /* colors.gbnf */; };
		04483D732B47F53400774D4A /* quantize in Resources */ = {isa = PBXBuildFile; fileRef = 04483B412B47F53300774D4A /* quantize */; };
		04483D742B47F53400774D4A /* whisper-encoder-impl.m in Sources */ = {isa = PBXBuildFile; fileRef = 04483B462B47F53300774D4A /* whisper-encoder-impl.m */; };
		04483D752B47F53400774D4A /* whisper-encoder.mm in Sources */ = {isa = PBXBuildFile; fileRef = 04483B482B47F53300774D4A /* whisper-encoder.mm */; };
		04483D762B47F53400774D4A /* whisper-decoder-impl.m in Sources */ = {isa = PBXBuildFile; fileRef = 04483B4B2B47F53300774D4A /* whisper-decoder-impl.m */; };
		04483D772B47F53400774D4A /* BuildTypes.cmake in Resources */ = {isa = PBXBuildFile; fileRef = 04483B4D2B47F53300774D4A /* BuildTypes.cmake */; };
		04483D782B47F53400774D4A /* DefaultTargetOptions.cmake in Resources */ = {isa = PBXBuildFile; fileRef = 04483B4E2B47F53300774D4A /* DefaultTargetOptions.cmake */; };
		04483D792B47F53400774D4A /* GitVars.cmake in Resources */ = {isa = PBXBuildFile; fileRef = 04483B4F2B47F53300774D4A /* GitVars.cmake */; };
		04483D7A2B47F53400774D4A /* bench in Resources */ = {isa = PBXBuildFile; fileRef = 04483B502B47F53300774D4A /* bench */; };
		04483D7D2B47F53400774D4A /* sync-ggml-am.sh in Resources */ = {isa = PBXBuildFile; fileRef = 04483B552B47F53300774D4A /* sync-ggml-am.sh */; };
		04483D7E2B47F53400774D4A /* convert-all.sh in Resources */ = {isa = PBXBuildFile; fileRef = 04483B562B47F53300774D4A /* convert-all.sh */; };
		04483D7F2B47F53400774D4A /* bench-wts.sh in Resources */ = {isa = PBXBuildFile; fileRef = 04483B572B47F53300774D4A /* bench-wts.sh */; };
		04483D802B47F53400774D4A /* sync-ggml.sh in Resources */ = {isa = PBXBuildFile; fileRef = 04483B582B47F53300774D4A /* sync-ggml.sh */; };
		04483D812B47F53400774D4A /* sha-all.sh in Resources */ = {isa = PBXBuildFile; fileRef = 04483B592B47F53300774D4A /* sha-all.sh */; };
		04483D822B47F53400774D4A /* bench.py in Resources */ = {isa = PBXBuildFile; fileRef = 04483B5A2B47F53300774D4A /* bench.py */; };
		04483D832B47F53400774D4A /* bench-all.sh in Resources */ = {isa = PBXBuildFile; fileRef = 04483B5B2B47F53300774D4A /* bench-all.sh */; };
		04483D842B47F53400774D4A /* sync-ggml.last in Resources */ = {isa = PBXBuildFile; fileRef = 04483B5C2B47F53300774D4A /* sync-ggml.last */; };
		04483D852B47F53400774D4A /* sync-llama.sh in Resources */ = {isa = PBXBuildFile; fileRef = 04483B5D2B47F53300774D4A /* sync-llama.sh */; };
		04483D862B47F53400774D4A /* quantize-all.sh in Resources */ = {isa = PBXBuildFile; fileRef = 04483B5E2B47F53300774D4A /* quantize-all.sh */; };
		04483D872B47F53400774D4A /* deploy-wasm.sh in Resources */ = {isa = PBXBuildFile; fileRef = 04483B5F2B47F53300774D4A /* deploy-wasm.sh */; };
		04483D882B47F53400774D4A /* ggml-alloc.c in Sources */ = {isa = PBXBuildFile; fileRef = 04483B602B47F53300774D4A /* ggml-alloc.c */; };
		04483D892B47F53400774D4A /* for-tests-ggml-tiny.en.bin in Resources */ = {isa = PBXBuildFile; fileRef = 04483B632B47F53300774D4A /* for-tests-ggml-tiny.en.bin */; };
		04483D8A2B47F53400774D4A /* for-tests-ggml-medium.bin in Resources */ = {isa = PBXBuildFile; fileRef = 04483B642B47F53300774D4A /* for-tests-ggml-medium.bin */; };
		04483D8B2B47F53400774D4A /* for-tests-ggml-tiny.bin in Resources */ = {isa = PBXBuildFile; fileRef = 04483B652B47F53300774D4A /* for-tests-ggml-tiny.bin */; };
		04483D8C2B47F53400774D4A /* convert-h5-to-ggml.py in Resources */ = {isa = PBXBuildFile; fileRef = 04483B662B47F53300774D4A /* convert-h5-to-ggml.py */; };
		04483D8D2B47F53400774D4A /* for-tests-ggml-base.en.bin in Resources */ = {isa = PBXBuildFile; fileRef = 04483B672B47F53300774D4A /* for-tests-ggml-base.en.bin */; };
		04483D8E2B47F53400774D4A /* download-ggml-model.cmd in Resources */ = {isa = PBXBuildFile; fileRef = 04483B682B47F53300774D4A /* download-ggml-model.cmd */; };
		04483D8F2B47F53400774D4A /* for-tests-ggml-large.bin in Resources */ = {isa = PBXBuildFile; fileRef = 04483B692B47F53300774D4A /* for-tests-ggml-large.bin */; };
		04483D902B47F53400774D4A /* generate-coreml-model.sh in Resources */ = {isa = PBXBuildFile; fileRef = 04483B6A2B47F53300774D4A /* generate-coreml-model.sh */; };
		04483D912B47F53400774D4A /* for-tests-ggml-small.bin in Resources */ = {isa = PBXBuildFile; fileRef = 04483B6B2B47F53300774D4A /* for-tests-ggml-small.bin */; };
		04483D922B47F53400774D4A /* convert-pt-to-ggml.py in Resources */ = {isa = PBXBuildFile; fileRef = 04483B6C2B47F53300774D4A /* convert-pt-to-ggml.py */; };
		04483D932B47F53400774D4A /* README.md in Resources */ = {isa = PBXBuildFile; fileRef = 04483B6D2B47F53300774D4A /* README.md */; };
		04483D942B47F53400774D4A /* for-tests-ggml-base.bin in Resources */ = {isa = PBXBuildFile; fileRef = 04483B6E2B47F53300774D4A /* for-tests-ggml-base.bin */; };
		04483D952B47F53400774D4A /* convert-h5-to-coreml.py in Resources */ = {isa = PBXBuildFile; fileRef = 04483B6F2B47F53300774D4A /* convert-h5-to-coreml.py */; };
		04483D962B47F53400774D4A /* generate-coreml-interface.sh in Resources */ = {isa = PBXBuildFile; fileRef = 04483B702B47F53300774D4A /* generate-coreml-interface.sh */; };
		04483D972B47F53400774D4A /* ggml-small.bin in Resources */ = {isa = PBXBuildFile; fileRef = 04483B712B47F53300774D4A /* ggml-small.bin */; };
		04483D982B47F53400774D4A /* download-ggml-model.sh in Resources */ = {isa = PBXBuildFile; fileRef = 04483B722B47F53300774D4A /* download-ggml-model.sh */; };
		04483D992B47F53400774D4A /* .gitignore in Resources */ = {isa = PBXBuildFile; fileRef = 04483B732B47F53300774D4A /* .gitignore */; };
		04483D9A2B47F53400774D4A /* for-tests-ggml-small.en.bin in Resources */ = {isa = PBXBuildFile; fileRef = 04483B742B47F53300774D4A /* for-tests-ggml-small.en.bin */; };
		04483D9B2B47F53400774D4A /* download-coreml-model.sh in Resources */ = {isa = PBXBuildFile; fileRef = 04483B752B47F53300774D4A /* download-coreml-model.sh */; };
		04483D9C2B47F53400774D4A /* ggml_to_pt.py in Resources */ = {isa = PBXBuildFile; fileRef = 04483B762B47F53300774D4A /* ggml_to_pt.py */; };
		04483D9D2B47F53400774D4A /* convert-whisper-to-openvino.py in Resources */ = {isa = PBXBuildFile; fileRef = 04483B772B47F53300774D4A /* convert-whisper-to-openvino.py */; };
		04483D9E2B47F53400774D4A /* for-tests-ggml-medium.en.bin in Resources */ = {isa = PBXBuildFile; fileRef = 04483B782B47F53300774D4A /* for-tests-ggml-medium.en.bin */; };
		04483D9F2B47F53400774D4A /* openvino-conversion-requirements.txt in Resources */ = {isa = PBXBuildFile; fileRef = 04483B792B47F53300774D4A /* openvino-conversion-requirements.txt */; };
		04483DA02B47F53400774D4A /* convert-whisper-to-coreml.py in Resources */ = {isa = PBXBuildFile; fileRef = 04483B7A2B47F53300774D4A /* convert-whisper-to-coreml.py */; };
		04483E8E2B47F53400774D4A /* LICENSE in Resources */ = {isa = PBXBuildFile; fileRef = 04483D0C2B47F53300774D4A /* LICENSE */; };
		04483E912B47F53400774D4A /* main in Resources */ = {isa = PBXBuildFile; fileRef = 04483D102B47F53300774D4A /* main */; };
		04483E922B47F53400774D4A /* ggml-cuda.cu in Resources */ = {isa = PBXBuildFile; fileRef = 04483D122B47F53300774D4A /* ggml-cuda.cu */; };
		04483E942B47F53400774D4A /* ggml.c in Sources */ = {isa = PBXBuildFile; fileRef = 04483D142B47F53300774D4A /* ggml.c */; };
		04483E952B47F53400774D4A /* Makefile in Sources */ = {isa = PBXBuildFile; fileRef = 04483D152B47F53300774D4A /* Makefile */; };
		04483E962B47F53400774D4A /* ggml-metal.metal in Sources */ = {isa = PBXBuildFile; fileRef = 04483D162B47F53300774D4A /* ggml-metal.metal */; };
		04483E992B47F53400774D4A /* whisper.cpp in Sources */ = {isa = PBXBuildFile; fileRef = 04483D192B47F53400774D4A /* whisper.cpp */; };
		04483EA12B4868D300774D4A /* MenuCommands.swift in Sources */ = {isa = PBXBuildFile; fileRef = 04483EA02B4868D300774D4A /* MenuCommands.swift */; };
		04483EA32B486B6100774D4A /* KeyboardShortcuts.swift in Sources */ = {isa = PBXBuildFile; fileRef = 04483EA22B486B6100774D4A /* KeyboardShortcuts.swift */; };
		0448AD4B29E59CF40086BD89 /* FileSystemView.swift in Sources */ = {isa = PBXBuildFile; fileRef = 0448AD4A29E59CF40086BD89 /* FileSystemView.swift */; };
		0448AD4E29E5ADC20086BD89 /* RoundedButton.swift in Sources */ = {isa = PBXBuildFile; fileRef = 0448AD4D29E5ADC20086BD89 /* RoundedButton.swift */; };
		0449EC262B4953C800407B28 /* SystemConfiguration.framework in Frameworks */ = {isa = PBXBuildFile; fileRef = 0449EC252B4953C800407B28 /* SystemConfiguration.framework */; };
		044C4C822AD6ABF4006E6BBD /* FileSystemListItemView.swift in Sources */ = {isa = PBXBuildFile; fileRef = 044C4C812AD6ABF4006E6BBD /* FileSystemListItemView.swift */; };
		044C4C842AD6CA75006E6BBD /* FileSystemListItem.swift in Sources */ = {isa = PBXBuildFile; fileRef = 044C4C832AD6CA75006E6BBD /* FileSystemListItem.swift */; };
		0452C9082AC4236C001E3AA7 /* SeveralSelectionDetailView.swift in Sources */ = {isa = PBXBuildFile; fileRef = 0452C9072AC4236C001E3AA7 /* SeveralSelectionDetailView.swift */; };
		0452C90A2AC42565001E3AA7 /* FileSystemSelectionDetailView.swift in Sources */ = {isa = PBXBuildFile; fileRef = 0452C9092AC42565001E3AA7 /* FileSystemSelectionDetailView.swift */; };
		0453BC6A2AD895B0000909D6 /* RoughCutFileSystem.swift in Sources */ = {isa = PBXBuildFile; fileRef = 0453BC692AD895B0000909D6 /* RoughCutFileSystem.swift */; };
		0453BC6E2AD93535000909D6 /* MediaPlayerView.swift in Sources */ = {isa = PBXBuildFile; fileRef = 0453BC6D2AD93535000909D6 /* MediaPlayerView.swift */; };
		0453BC702AD93F53000909D6 /* DateFormatter.swift in Sources */ = {isa = PBXBuildFile; fileRef = 0453BC6F2AD93F53000909D6 /* DateFormatter.swift */; };
		045634FF2B4C012C000B34CB /* requirements.txt in Resources */ = {isa = PBXBuildFile; fileRef = 045634FE2B4C012C000B34CB /* requirements.txt */; };
		045D60DF2AE6B1D400833AB6 /* CustomPicker.swift in Sources */ = {isa = PBXBuildFile; fileRef = 045D60DE2AE6B1D400833AB6 /* CustomPicker.swift */; };
		045D60E12AE6DE8C00833AB6 /* SubtitilesMode.swift in Sources */ = {isa = PBXBuildFile; fileRef = 045D60E02AE6DE8C00833AB6 /* SubtitilesMode.swift */; };
		0464AEDE2B8262D000269757 /* MatchPhraseResponse.swift in Sources */ = {isa = PBXBuildFile; fileRef = 0464AEDD2B8262D000269757 /* MatchPhraseResponse.swift */; };
		0464D9FB29E423A80007EF24 /* TextMatcher.swift in Sources */ = {isa = PBXBuildFile; fileRef = 0464D9C229E423A70007EF24 /* TextMatcher.swift */; };
		0464D9FC29E423A80007EF24 /* text_matcher.py in Resources */ = {isa = PBXBuildFile; fileRef = 0464D9C329E423A70007EF24 /* text_matcher.py */; };
		0464D9FD29E423A80007EF24 /* Assets.xcassets in Resources */ = {isa = PBXBuildFile; fileRef = 0464D9C529E423A70007EF24 /* Assets.xcassets */; };
		0464D9FE29E423A80007EF24 /* ScriptRunner.swift in Sources */ = {isa = PBXBuildFile; fileRef = 0464D9C729E423A70007EF24 /* ScriptRunner.swift */; };
		0464D9FF29E423A80007EF24 /* ScriptFile.swift in Sources */ = {isa = PBXBuildFile; fileRef = 0464D9C929E423A70007EF24 /* ScriptFile.swift */; };
		0464DA0029E423A80007EF24 /* FileSystemElement.swift in Sources */ = {isa = PBXBuildFile; fileRef = 0464D9CA29E423A70007EF24 /* FileSystemElement.swift */; };
		0464DA0129E423A80007EF24 /* Preview Assets.xcassets in Resources */ = {isa = PBXBuildFile; fileRef = 0464D9CC29E423A70007EF24 /* Preview Assets.xcassets */; };
		0464DA0329E423A80007EF24 /* FileSystemOperations.swift in Sources */ = {isa = PBXBuildFile; fileRef = 0464D9D029E423A70007EF24 /* FileSystemOperations.swift */; };
		0464DA0629E423A80007EF24 /* ScriptFileOperations.swift in Sources */ = {isa = PBXBuildFile; fileRef = 0464D9D429E423A70007EF24 /* ScriptFileOperations.swift */; };
		0464DA0729E423A80007EF24 /* ScriptView.swift in Sources */ = {isa = PBXBuildFile; fileRef = 0464D9D529E423A70007EF24 /* ScriptView.swift */; };
		0464DA0E29E423A80007EF24 /* ClapperRoughCutApp.swift in Sources */ = {isa = PBXBuildFile; fileRef = 0464D9DE29E423A70007EF24 /* ClapperRoughCutApp.swift */; };
		0464DA0F29E423A80007EF24 /* ClapperRoughCutDocument.swift in Sources */ = {isa = PBXBuildFile; fileRef = 0464D9DF29E423A70007EF24 /* ClapperRoughCutDocument.swift */; };
		0464DA1029E423A80007EF24 /* ContentView.swift in Sources */ = {isa = PBXBuildFile; fileRef = 0464D9E029E423A70007EF24 /* ContentView.swift */; };
		0464DA1129E423A80007EF24 /* Converter.swift in Sources */ = {isa = PBXBuildFile; fileRef = 0464D9E329E423A70007EF24 /* Converter.swift */; };
		0464DA2129E423A80007EF24 /* WhisperAudioTranscriber.swift in Sources */ = {isa = PBXBuildFile; fileRef = 0464D9F929E423A70007EF24 /* WhisperAudioTranscriber.swift */; };
		049B0CBF2AB34019007E446D /* ScriptCharacter.swift in Sources */ = {isa = PBXBuildFile; fileRef = 049B0CBE2AB34019007E446D /* ScriptCharacter.swift */; };
		049B0CC52AB39C27007E446D /* CharactersSettingsView.swift in Sources */ = {isa = PBXBuildFile; fileRef = 049B0CC42AB39C27007E446D /* CharactersSettingsView.swift */; };
		04ACBED329E73C5A0093DD76 /* RoughCutProject.swift in Sources */ = {isa = PBXBuildFile; fileRef = 04ACBED229E73C5A0093DD76 /* RoughCutProject.swift */; };
		04ACBEF329E7DE250093DD76 /* TranscriptionResult.swift in Sources */ = {isa = PBXBuildFile; fileRef = 04ACBEF229E7DE250093DD76 /* TranscriptionResult.swift */; };
		04BA3A0E29E1F26300047A9B /* AudioKit in Frameworks */ = {isa = PBXBuildFile; productRef = 04BA3A0D29E1F26300047A9B /* AudioKit */; };
		04C0A0402AE3EF66001F6B10 /* Color.swift in Sources */ = {isa = PBXBuildFile; fileRef = 04C0A03F2AE3EF66001F6B10 /* Color.swift */; };
		04C0A0422AE46001001F6B10 /* Binding.swift in Sources */ = {isa = PBXBuildFile; fileRef = 04C0A0412AE46001001F6B10 /* Binding.swift */; };
		04C0A0452AE5066A001F6B10 /* TranscriptionQuality.swift in Sources */ = {isa = PBXBuildFile; fileRef = 04C0A0442AE5066A001F6B10 /* TranscriptionQuality.swift */; };
		04C0A0492AE52746001F6B10 /* Subtitle.swift in Sources */ = {isa = PBXBuildFile; fileRef = 04C0A0482AE52746001F6B10 /* Subtitle.swift */; };
		04C8B4FE2AFC003100B41843 /* SubtitlesView.swift in Sources */ = {isa = PBXBuildFile; fileRef = 04C8B4FD2AFC003100B41843 /* SubtitlesView.swift */; };
		04E23A382AA9F16800F14C3D /* Overpass.ttf in Resources */ = {isa = PBXBuildFile; fileRef = 04E23A372AA9F16800F14C3D /* Overpass.ttf */; };
		04E2CABA2B80C43C00B27C2F /* EnvironmentVariables.swift in Sources */ = {isa = PBXBuildFile; fileRef = 04E2CAB92B80C43C00B27C2F /* EnvironmentVariables.swift */; };
		04F7A9E129F91AF2007E4C64 /* FileIcon.swift in Sources */ = {isa = PBXBuildFile; fileRef = 04F7A9E029F91AF2007E4C64 /* FileIcon.swift */; };
		04F7A9E329F91DE0007E4C64 /* Formatter.swift in Sources */ = {isa = PBXBuildFile; fileRef = 04F7A9E229F91DE0007E4C64 /* Formatter.swift */; };
		04F7A9E629F91F82007E4C64 /* TranscribedIcon.swift in Sources */ = {isa = PBXBuildFile; fileRef = 04F7A9E529F91F82007E4C64 /* TranscribedIcon.swift */; };
		04F7A9E829F9262D007E4C64 /* ExportView.swift in Sources */ = {isa = PBXBuildFile; fileRef = 04F7A9E729F9262D007E4C64 /* ExportView.swift */; };
		04F7A9EA29F926D1007E4C64 /* ExportOperations.swift in Sources */ = {isa = PBXBuildFile; fileRef = 04F7A9E929F926D1007E4C64 /* ExportOperations.swift */; };
		04F7A9EC29F9275D007E4C64 /* ExportSettings.swift in Sources */ = {isa = PBXBuildFile; fileRef = 04F7A9EB29F9275D007E4C64 /* ExportSettings.swift */; };
		04F7A9EE29F96D27007E4C64 /* CustomTextField.swift in Sources */ = {isa = PBXBuildFile; fileRef = 04F7A9ED29F96D27007E4C64 /* CustomTextField.swift */; };
		5D261780BFA60E95AC843D56 /* Pods_Clapper_Rough_Cut.framework in Frameworks */ = {isa = PBXBuildFile; fileRef = 08EA0AE07B656F6BD5FF1A21 /* Pods_Clapper_Rough_Cut.framework */; };
/* End PBXBuildFile section */

/* Begin PBXFileReference section */
		040E07312AF15DAC00554BEA /* CustomSearchTextField.swift */ = {isa = PBXFileReference; lastKnownFileType = sourcecode.swift; path = CustomSearchTextField.swift; sourceTree = "<group>"; };
		0426529A29EF26AE008855C1 /* SelectPhraseMatchView.swift */ = {isa = PBXFileReference; lastKnownFileType = sourcecode.swift; path = SelectPhraseMatchView.swift; sourceTree = "<group>"; };
		0426529C29EF3869008855C1 /* MFCC.py */ = {isa = PBXFileReference; lastKnownFileType = text.script.python; path = MFCC.py; sourceTree = "<group>"; };
		0426529E29EFB6FB008855C1 /* MFCCService.swift */ = {isa = PBXFileReference; lastKnownFileType = sourcecode.swift; path = MFCCService.swift; sourceTree = "<group>"; };
		043538C12AAB8B5400775E0D /* ru */ = {isa = PBXFileReference; lastKnownFileType = text.plist.strings; name = ru; path = Localizable.strings; sourceTree = "<group>"; };
		043538C42AABA51C00775E0D /* String.swift */ = {isa = PBXFileReference; lastKnownFileType = sourcecode.swift; path = String.swift; sourceTree = "<group>"; };
		043538C62AABBB0D00775E0D /* Fonts.swift */ = {isa = PBXFileReference; fileEncoding = 4; lastKnownFileType = sourcecode.swift; path = Fonts.swift; sourceTree = "<group>"; };
		043538C72AABBB0D00775E0D /* Assets.swift */ = {isa = PBXFileReference; fileEncoding = 4; lastKnownFileType = sourcecode.swift; path = Assets.swift; sourceTree = "<group>"; };
		043538C82AABBB0D00775E0D /* Strings.swift */ = {isa = PBXFileReference; fileEncoding = 4; lastKnownFileType = sourcecode.swift; path = Strings.swift; sourceTree = "<group>"; };
		043538CC2AABD57100775E0D /* SystemImage.swift */ = {isa = PBXFileReference; lastKnownFileType = sourcecode.swift; path = SystemImage.swift; sourceTree = "<group>"; };
		043538CE2AAC75CA00775E0D /* CustomLabel.swift */ = {isa = PBXFileReference; lastKnownFileType = sourcecode.swift; path = CustomLabel.swift; sourceTree = "<group>"; };
		043538D02AAC855200775E0D /* Limelight-Regular.ttf */ = {isa = PBXFileReference; lastKnownFileType = file; path = "Limelight-Regular.ttf"; sourceTree = "<group>"; };
		043538D12AAC855200775E0D /* NunitoSans.ttf */ = {isa = PBXFileReference; lastKnownFileType = file; path = NunitoSans.ttf; sourceTree = "<group>"; };
		043538D42AAC86DD00775E0D /* PhraseLabel.swift */ = {isa = PBXFileReference; lastKnownFileType = sourcecode.swift; path = PhraseLabel.swift; sourceTree = "<group>"; };
		043538D62AACA18D00775E0D /* HeaderView.swift */ = {isa = PBXFileReference; lastKnownFileType = sourcecode.swift; path = HeaderView.swift; sourceTree = "<group>"; };
		043538D82AACD33500775E0D /* ImageButton.swift */ = {isa = PBXFileReference; lastKnownFileType = sourcecode.swift; path = ImageButton.swift; sourceTree = "<group>"; };
		043538E62AAD263100775E0D /* ModalSheet.swift */ = {isa = PBXFileReference; lastKnownFileType = sourcecode.swift; path = ModalSheet.swift; sourceTree = "<group>"; };
		043538EA2AAEFB9700775E0D /* OverlayMenu.swift */ = {isa = PBXFileReference; lastKnownFileType = sourcecode.swift; path = OverlayMenu.swift; sourceTree = "<group>"; };
		043538EC2AAFAFE700775E0D /* CustomContextMenuView.swift */ = {isa = PBXFileReference; lastKnownFileType = sourcecode.swift; path = CustomContextMenuView.swift; sourceTree = "<group>"; };
		043538EE2AAFB45000775E0D /* HeaderMenuConfiguration.swift */ = {isa = PBXFileReference; lastKnownFileType = sourcecode.swift; path = HeaderMenuConfiguration.swift; sourceTree = "<group>"; };
		043538F02AAFB99100775E0D /* DocumentStates.swift */ = {isa = PBXFileReference; lastKnownFileType = sourcecode.swift; path = DocumentStates.swift; sourceTree = "<group>"; };
		043538F22AB073DE00775E0D /* Environment.swift */ = {isa = PBXFileReference; lastKnownFileType = sourcecode.swift; path = Environment.swift; sourceTree = "<group>"; };
		043538F42AB2019B00775E0D /* ShortcutView.swift */ = {isa = PBXFileReference; lastKnownFileType = sourcecode.swift; path = ShortcutView.swift; sourceTree = "<group>"; };
		043538FE2AB21AD900775E0D /* SettingsView.swift */ = {isa = PBXFileReference; lastKnownFileType = sourcecode.swift; path = SettingsView.swift; sourceTree = "<group>"; };
		043EDDB729E7FE0F00DA5EFF /* PhraseMatcher.swift */ = {isa = PBXFileReference; lastKnownFileType = sourcecode.swift; path = PhraseMatcher.swift; sourceTree = "<group>"; };
		043EDDBC29E8B33D00DA5EFF /* ScenesMatchOperations.swift */ = {isa = PBXFileReference; lastKnownFileType = sourcecode.swift; path = ScenesMatchOperations.swift; sourceTree = "<group>"; };
		043EDDC629E953FF00DA5EFF /* TakesMatchOperations.swift */ = {isa = PBXFileReference; lastKnownFileType = sourcecode.swift; path = TakesMatchOperations.swift; sourceTree = "<group>"; };
		04483AC02B47F53300774D4A /* ggml-alloc.h */ = {isa = PBXFileReference; fileEncoding = 4; lastKnownFileType = sourcecode.c.h; path = "ggml-alloc.h"; sourceTree = "<group>"; };
		04483AC12B47F53300774D4A /* ggml-quants.h */ = {isa = PBXFileReference; fileEncoding = 4; lastKnownFileType = sourcecode.c.h; path = "ggml-quants.h"; sourceTree = "<group>"; };
		04483AC22B47F53300774D4A /* ggml-impl.h */ = {isa = PBXFileReference; fileEncoding = 4; lastKnownFileType = sourcecode.c.h; path = "ggml-impl.h"; sourceTree = "<group>"; };
		04483AC32B47F53300774D4A /* ggml.o */ = {isa = PBXFileReference; lastKnownFileType = "compiled.mach-o.objfile"; path = ggml.o; sourceTree = "<group>"; };
		04483AC42B47F53300774D4A /* server */ = {isa = PBXFileReference; lastKnownFileType = "compiled.mach-o.executable"; path = server; sourceTree = "<group>"; };
		04483AC52B47F53300774D4A /* whisper.h */ = {isa = PBXFileReference; fileEncoding = 4; lastKnownFileType = sourcecode.c.h; path = whisper.h; sourceTree = "<group>"; };
		04483AC62B47F53300774D4A /* ggml.h */ = {isa = PBXFileReference; fileEncoding = 4; lastKnownFileType = sourcecode.c.h; path = ggml.h; sourceTree = "<group>"; };
		04483AC92B47F53300774D4A /* ggml-quants.c */ = {isa = PBXFileReference; fileEncoding = 4; lastKnownFileType = sourcecode.c.c; path = "ggml-quants.c"; sourceTree = "<group>"; };
		04483ACA2B47F53300774D4A /* ggml-cuda.h */ = {isa = PBXFileReference; fileEncoding = 4; lastKnownFileType = sourcecode.c.h; path = "ggml-cuda.h"; sourceTree = "<group>"; };
		04483ACB2B47F53300774D4A /* whisper.o */ = {isa = PBXFileReference; lastKnownFileType = "compiled.mach-o.objfile"; path = whisper.o; sourceTree = "<group>"; };
		04483ACC2B47F53300774D4A /* ggml-backend.c */ = {isa = PBXFileReference; fileEncoding = 4; lastKnownFileType = sourcecode.c.c; path = "ggml-backend.c"; sourceTree = "<group>"; };
		04483B3E2B47F53300774D4A /* chess.gbnf */ = {isa = PBXFileReference; fileEncoding = 4; lastKnownFileType = text; path = chess.gbnf; sourceTree = "<group>"; };
		04483B3F2B47F53300774D4A /* assistant.gbnf */ = {isa = PBXFileReference; fileEncoding = 4; lastKnownFileType = text; path = assistant.gbnf; sourceTree = "<group>"; };
		04483B402B47F53300774D4A /* colors.gbnf */ = {isa = PBXFileReference; fileEncoding = 4; lastKnownFileType = text; path = colors.gbnf; sourceTree = "<group>"; };
		04483B412B47F53300774D4A /* quantize */ = {isa = PBXFileReference; lastKnownFileType = "compiled.mach-o.executable"; path = quantize; sourceTree = "<group>"; };
		04483B462B47F53300774D4A /* whisper-encoder-impl.m */ = {isa = PBXFileReference; fileEncoding = 4; lastKnownFileType = sourcecode.c.objc; path = "whisper-encoder-impl.m"; sourceTree = "<group>"; };
		04483B472B47F53300774D4A /* whisper-encoder.h */ = {isa = PBXFileReference; fileEncoding = 4; lastKnownFileType = sourcecode.c.h; path = "whisper-encoder.h"; sourceTree = "<group>"; };
		04483B482B47F53300774D4A /* whisper-encoder.mm */ = {isa = PBXFileReference; fileEncoding = 4; lastKnownFileType = sourcecode.cpp.objcpp; path = "whisper-encoder.mm"; sourceTree = "<group>"; };
		04483B492B47F53300774D4A /* whisper-decoder-impl.h */ = {isa = PBXFileReference; fileEncoding = 4; lastKnownFileType = sourcecode.c.h; path = "whisper-decoder-impl.h"; sourceTree = "<group>"; };
		04483B4A2B47F53300774D4A /* whisper-encoder-impl.h */ = {isa = PBXFileReference; fileEncoding = 4; lastKnownFileType = sourcecode.c.h; path = "whisper-encoder-impl.h"; sourceTree = "<group>"; };
		04483B4B2B47F53300774D4A /* whisper-decoder-impl.m */ = {isa = PBXFileReference; fileEncoding = 4; lastKnownFileType = sourcecode.c.objc; path = "whisper-decoder-impl.m"; sourceTree = "<group>"; };
		04483B4D2B47F53300774D4A /* BuildTypes.cmake */ = {isa = PBXFileReference; fileEncoding = 4; lastKnownFileType = text; path = BuildTypes.cmake; sourceTree = "<group>"; };
		04483B4E2B47F53300774D4A /* DefaultTargetOptions.cmake */ = {isa = PBXFileReference; fileEncoding = 4; lastKnownFileType = text; path = DefaultTargetOptions.cmake; sourceTree = "<group>"; };
		04483B4F2B47F53300774D4A /* GitVars.cmake */ = {isa = PBXFileReference; fileEncoding = 4; lastKnownFileType = text; path = GitVars.cmake; sourceTree = "<group>"; };
		04483B502B47F53300774D4A /* bench */ = {isa = PBXFileReference; lastKnownFileType = "compiled.mach-o.executable"; path = bench; sourceTree = "<group>"; };
		04483B512B47F53300774D4A /* ggml-backend.h */ = {isa = PBXFileReference; fileEncoding = 4; lastKnownFileType = sourcecode.c.h; path = "ggml-backend.h"; sourceTree = "<group>"; };
		04483B522B47F53300774D4A /* ggml-quants.o */ = {isa = PBXFileReference; lastKnownFileType = "compiled.mach-o.objfile"; path = "ggml-quants.o"; sourceTree = "<group>"; };
		04483B552B47F53300774D4A /* sync-ggml-am.sh */ = {isa = PBXFileReference; fileEncoding = 4; lastKnownFileType = text.script.sh; path = "sync-ggml-am.sh"; sourceTree = "<group>"; };
		04483B562B47F53300774D4A /* convert-all.sh */ = {isa = PBXFileReference; fileEncoding = 4; lastKnownFileType = text.script.sh; path = "convert-all.sh"; sourceTree = "<group>"; };
		04483B572B47F53300774D4A /* bench-wts.sh */ = {isa = PBXFileReference; fileEncoding = 4; lastKnownFileType = text.script.sh; path = "bench-wts.sh"; sourceTree = "<group>"; };
		04483B582B47F53300774D4A /* sync-ggml.sh */ = {isa = PBXFileReference; fileEncoding = 4; lastKnownFileType = text.script.sh; path = "sync-ggml.sh"; sourceTree = "<group>"; };
		04483B592B47F53300774D4A /* sha-all.sh */ = {isa = PBXFileReference; fileEncoding = 4; lastKnownFileType = text.script.sh; path = "sha-all.sh"; sourceTree = "<group>"; };
		04483B5A2B47F53300774D4A /* bench.py */ = {isa = PBXFileReference; fileEncoding = 4; lastKnownFileType = text.script.python; path = bench.py; sourceTree = "<group>"; };
		04483B5B2B47F53300774D4A /* bench-all.sh */ = {isa = PBXFileReference; fileEncoding = 4; lastKnownFileType = text.script.sh; path = "bench-all.sh"; sourceTree = "<group>"; };
		04483B5C2B47F53300774D4A /* sync-ggml.last */ = {isa = PBXFileReference; fileEncoding = 4; lastKnownFileType = text; path = "sync-ggml.last"; sourceTree = "<group>"; };
		04483B5D2B47F53300774D4A /* sync-llama.sh */ = {isa = PBXFileReference; fileEncoding = 4; lastKnownFileType = text.script.sh; path = "sync-llama.sh"; sourceTree = "<group>"; };
		04483B5E2B47F53300774D4A /* quantize-all.sh */ = {isa = PBXFileReference; fileEncoding = 4; lastKnownFileType = text.script.sh; path = "quantize-all.sh"; sourceTree = "<group>"; };
		04483B5F2B47F53300774D4A /* deploy-wasm.sh */ = {isa = PBXFileReference; fileEncoding = 4; lastKnownFileType = text.script.sh; path = "deploy-wasm.sh"; sourceTree = "<group>"; };
		04483B602B47F53300774D4A /* ggml-alloc.c */ = {isa = PBXFileReference; fileEncoding = 4; lastKnownFileType = sourcecode.c.c; path = "ggml-alloc.c"; sourceTree = "<group>"; };
		04483B612B47F53300774D4A /* ggml-backend-impl.h */ = {isa = PBXFileReference; fileEncoding = 4; lastKnownFileType = sourcecode.c.h; path = "ggml-backend-impl.h"; sourceTree = "<group>"; };
		04483B632B47F53300774D4A /* for-tests-ggml-tiny.en.bin */ = {isa = PBXFileReference; lastKnownFileType = archive.macbinary; path = "for-tests-ggml-tiny.en.bin"; sourceTree = "<group>"; };
		04483B642B47F53300774D4A /* for-tests-ggml-medium.bin */ = {isa = PBXFileReference; lastKnownFileType = archive.macbinary; path = "for-tests-ggml-medium.bin"; sourceTree = "<group>"; };
		04483B652B47F53300774D4A /* for-tests-ggml-tiny.bin */ = {isa = PBXFileReference; lastKnownFileType = archive.macbinary; path = "for-tests-ggml-tiny.bin"; sourceTree = "<group>"; };
		04483B662B47F53300774D4A /* convert-h5-to-ggml.py */ = {isa = PBXFileReference; fileEncoding = 4; lastKnownFileType = text.script.python; path = "convert-h5-to-ggml.py"; sourceTree = "<group>"; };
		04483B672B47F53300774D4A /* for-tests-ggml-base.en.bin */ = {isa = PBXFileReference; lastKnownFileType = archive.macbinary; path = "for-tests-ggml-base.en.bin"; sourceTree = "<group>"; };
		04483B682B47F53300774D4A /* download-ggml-model.cmd */ = {isa = PBXFileReference; fileEncoding = 4; lastKnownFileType = text; path = "download-ggml-model.cmd"; sourceTree = "<group>"; };
		04483B692B47F53300774D4A /* for-tests-ggml-large.bin */ = {isa = PBXFileReference; lastKnownFileType = archive.macbinary; path = "for-tests-ggml-large.bin"; sourceTree = "<group>"; };
		04483B6A2B47F53300774D4A /* generate-coreml-model.sh */ = {isa = PBXFileReference; fileEncoding = 4; lastKnownFileType = text.script.sh; path = "generate-coreml-model.sh"; sourceTree = "<group>"; };
		04483B6B2B47F53300774D4A /* for-tests-ggml-small.bin */ = {isa = PBXFileReference; lastKnownFileType = archive.macbinary; path = "for-tests-ggml-small.bin"; sourceTree = "<group>"; };
		04483B6C2B47F53300774D4A /* convert-pt-to-ggml.py */ = {isa = PBXFileReference; fileEncoding = 4; lastKnownFileType = text.script.python; path = "convert-pt-to-ggml.py"; sourceTree = "<group>"; };
		04483B6D2B47F53300774D4A /* README.md */ = {isa = PBXFileReference; fileEncoding = 4; lastKnownFileType = net.daringfireball.markdown; path = README.md; sourceTree = "<group>"; };
		04483B6E2B47F53300774D4A /* for-tests-ggml-base.bin */ = {isa = PBXFileReference; lastKnownFileType = archive.macbinary; path = "for-tests-ggml-base.bin"; sourceTree = "<group>"; };
		04483B6F2B47F53300774D4A /* convert-h5-to-coreml.py */ = {isa = PBXFileReference; fileEncoding = 4; lastKnownFileType = text.script.python; path = "convert-h5-to-coreml.py"; sourceTree = "<group>"; };
		04483B702B47F53300774D4A /* generate-coreml-interface.sh */ = {isa = PBXFileReference; fileEncoding = 4; lastKnownFileType = text.script.sh; path = "generate-coreml-interface.sh"; sourceTree = "<group>"; };
		04483B712B47F53300774D4A /* ggml-small.bin */ = {isa = PBXFileReference; lastKnownFileType = archive.macbinary; path = "ggml-small.bin"; sourceTree = "<group>"; };
		04483B722B47F53300774D4A /* download-ggml-model.sh */ = {isa = PBXFileReference; fileEncoding = 4; lastKnownFileType = text.script.sh; path = "download-ggml-model.sh"; sourceTree = "<group>"; };
		04483B732B47F53300774D4A /* .gitignore */ = {isa = PBXFileReference; fileEncoding = 4; lastKnownFileType = text; path = .gitignore; sourceTree = "<group>"; };
		04483B742B47F53300774D4A /* for-tests-ggml-small.en.bin */ = {isa = PBXFileReference; lastKnownFileType = archive.macbinary; path = "for-tests-ggml-small.en.bin"; sourceTree = "<group>"; };
		04483B752B47F53300774D4A /* download-coreml-model.sh */ = {isa = PBXFileReference; fileEncoding = 4; lastKnownFileType = text.script.sh; path = "download-coreml-model.sh"; sourceTree = "<group>"; };
		04483B762B47F53300774D4A /* ggml_to_pt.py */ = {isa = PBXFileReference; fileEncoding = 4; lastKnownFileType = text.script.python; path = ggml_to_pt.py; sourceTree = "<group>"; };
		04483B772B47F53300774D4A /* convert-whisper-to-openvino.py */ = {isa = PBXFileReference; fileEncoding = 4; lastKnownFileType = text.script.python; path = "convert-whisper-to-openvino.py"; sourceTree = "<group>"; };
		04483B782B47F53300774D4A /* for-tests-ggml-medium.en.bin */ = {isa = PBXFileReference; lastKnownFileType = archive.macbinary; path = "for-tests-ggml-medium.en.bin"; sourceTree = "<group>"; };
		04483B792B47F53300774D4A /* openvino-conversion-requirements.txt */ = {isa = PBXFileReference; fileEncoding = 4; lastKnownFileType = text; path = "openvino-conversion-requirements.txt"; sourceTree = "<group>"; };
		04483B7A2B47F53300774D4A /* convert-whisper-to-coreml.py */ = {isa = PBXFileReference; fileEncoding = 4; lastKnownFileType = text.script.python; path = "convert-whisper-to-coreml.py"; sourceTree = "<group>"; };
		04483D0C2B47F53300774D4A /* LICENSE */ = {isa = PBXFileReference; fileEncoding = 4; lastKnownFileType = text; path = LICENSE; sourceTree = "<group>"; };
		04483D0E2B47F53300774D4A /* ggml-metal.h */ = {isa = PBXFileReference; fileEncoding = 4; lastKnownFileType = sourcecode.c.h; path = "ggml-metal.h"; sourceTree = "<group>"; };
		04483D102B47F53300774D4A /* main */ = {isa = PBXFileReference; lastKnownFileType = "compiled.mach-o.executable"; path = main; sourceTree = "<group>"; };
		04483D112B47F53300774D4A /* ggml-opencl.h */ = {isa = PBXFileReference; fileEncoding = 4; lastKnownFileType = sourcecode.c.h; path = "ggml-opencl.h"; sourceTree = "<group>"; };
		04483D122B47F53300774D4A /* ggml-cuda.cu */ = {isa = PBXFileReference; fileEncoding = 4; lastKnownFileType = text; path = "ggml-cuda.cu"; sourceTree = "<group>"; };
		04483D132B47F53300774D4A /* ggml-metal.o */ = {isa = PBXFileReference; lastKnownFileType = "compiled.mach-o.objfile"; path = "ggml-metal.o"; sourceTree = "<group>"; };
		04483D142B47F53300774D4A /* ggml.c */ = {isa = PBXFileReference; fileEncoding = 4; lastKnownFileType = sourcecode.c.c; path = ggml.c; sourceTree = "<group>"; };
		04483D152B47F53300774D4A /* Makefile */ = {isa = PBXFileReference; fileEncoding = 4; lastKnownFileType = sourcecode.make; path = Makefile; sourceTree = "<group>"; };
		04483D162B47F53300774D4A /* ggml-metal.metal */ = {isa = PBXFileReference; fileEncoding = 4; lastKnownFileType = sourcecode.metal; path = "ggml-metal.metal"; sourceTree = "<group>"; };
		04483D172B47F53400774D4A /* ggml-alloc.o */ = {isa = PBXFileReference; lastKnownFileType = "compiled.mach-o.objfile"; path = "ggml-alloc.o"; sourceTree = "<group>"; };
		04483D182B47F53400774D4A /* ggml-backend.o */ = {isa = PBXFileReference; lastKnownFileType = "compiled.mach-o.objfile"; path = "ggml-backend.o"; sourceTree = "<group>"; };
		04483D192B47F53400774D4A /* whisper.cpp */ = {isa = PBXFileReference; fileEncoding = 4; lastKnownFileType = sourcecode.cpp.cpp; path = whisper.cpp; sourceTree = "<group>"; };
		04483EA02B4868D300774D4A /* MenuCommands.swift */ = {isa = PBXFileReference; lastKnownFileType = sourcecode.swift; path = MenuCommands.swift; sourceTree = "<group>"; };
		04483EA22B486B6100774D4A /* KeyboardShortcuts.swift */ = {isa = PBXFileReference; lastKnownFileType = sourcecode.swift; path = KeyboardShortcuts.swift; sourceTree = "<group>"; };
		0448AD4A29E59CF40086BD89 /* FileSystemView.swift */ = {isa = PBXFileReference; lastKnownFileType = sourcecode.swift; path = FileSystemView.swift; sourceTree = "<group>"; };
		0448AD4D29E5ADC20086BD89 /* RoundedButton.swift */ = {isa = PBXFileReference; lastKnownFileType = sourcecode.swift; path = RoundedButton.swift; sourceTree = "<group>"; };
		0449EC252B4953C800407B28 /* SystemConfiguration.framework */ = {isa = PBXFileReference; lastKnownFileType = wrapper.framework; name = SystemConfiguration.framework; path = System/Library/Frameworks/SystemConfiguration.framework; sourceTree = SDKROOT; };
		044A0EC92B557B81002DA8C1 /* Python3.framework */ = {isa = PBXFileReference; lastKnownFileType = wrapper.framework; name = Python3.framework; path = Library/Frameworks/Python3.framework; sourceTree = DEVELOPER_DIR; };
		044A0ECD2B557BD4002DA8C1 /* Python.framework */ = {isa = PBXFileReference; lastKnownFileType = wrapper.framework; name = Python.framework; path = "../../../../usr/local/Cellar/python@3.10/3.10.13_1/Frameworks/Python.framework"; sourceTree = "<group>"; };
		044C4C812AD6ABF4006E6BBD /* FileSystemListItemView.swift */ = {isa = PBXFileReference; lastKnownFileType = sourcecode.swift; path = FileSystemListItemView.swift; sourceTree = "<group>"; };
		044C4C832AD6CA75006E6BBD /* FileSystemListItem.swift */ = {isa = PBXFileReference; lastKnownFileType = sourcecode.swift; path = FileSystemListItem.swift; sourceTree = "<group>"; };
		0452C9072AC4236C001E3AA7 /* SeveralSelectionDetailView.swift */ = {isa = PBXFileReference; lastKnownFileType = sourcecode.swift; path = SeveralSelectionDetailView.swift; sourceTree = "<group>"; };
		0452C9092AC42565001E3AA7 /* FileSystemSelectionDetailView.swift */ = {isa = PBXFileReference; lastKnownFileType = sourcecode.swift; path = FileSystemSelectionDetailView.swift; sourceTree = "<group>"; };
		0453BC692AD895B0000909D6 /* RoughCutFileSystem.swift */ = {isa = PBXFileReference; lastKnownFileType = sourcecode.swift; path = RoughCutFileSystem.swift; sourceTree = "<group>"; };
		0453BC6D2AD93535000909D6 /* MediaPlayerView.swift */ = {isa = PBXFileReference; lastKnownFileType = sourcecode.swift; path = MediaPlayerView.swift; sourceTree = "<group>"; };
		0453BC6F2AD93F53000909D6 /* DateFormatter.swift */ = {isa = PBXFileReference; lastKnownFileType = sourcecode.swift; path = DateFormatter.swift; sourceTree = "<group>"; };
		045634FE2B4C012C000B34CB /* requirements.txt */ = {isa = PBXFileReference; lastKnownFileType = text; path = requirements.txt; sourceTree = "<group>"; };
		045D60DE2AE6B1D400833AB6 /* CustomPicker.swift */ = {isa = PBXFileReference; lastKnownFileType = sourcecode.swift; path = CustomPicker.swift; sourceTree = "<group>"; };
		045D60E02AE6DE8C00833AB6 /* SubtitilesMode.swift */ = {isa = PBXFileReference; lastKnownFileType = sourcecode.swift; path = SubtitilesMode.swift; sourceTree = "<group>"; };
		0464AEDD2B8262D000269757 /* MatchPhraseResponse.swift */ = {isa = PBXFileReference; lastKnownFileType = sourcecode.swift; path = MatchPhraseResponse.swift; sourceTree = "<group>"; };
		0464D9C229E423A70007EF24 /* TextMatcher.swift */ = {isa = PBXFileReference; fileEncoding = 4; lastKnownFileType = sourcecode.swift; path = TextMatcher.swift; sourceTree = "<group>"; };
		0464D9C329E423A70007EF24 /* text_matcher.py */ = {isa = PBXFileReference; fileEncoding = 4; lastKnownFileType = text.script.python; path = text_matcher.py; sourceTree = "<group>"; };
		0464D9C529E423A70007EF24 /* Assets.xcassets */ = {isa = PBXFileReference; lastKnownFileType = folder.assetcatalog; path = Assets.xcassets; sourceTree = "<group>"; };
		0464D9C729E423A70007EF24 /* ScriptRunner.swift */ = {isa = PBXFileReference; fileEncoding = 4; lastKnownFileType = sourcecode.swift; path = ScriptRunner.swift; sourceTree = "<group>"; };
		0464D9C929E423A70007EF24 /* ScriptFile.swift */ = {isa = PBXFileReference; fileEncoding = 4; lastKnownFileType = sourcecode.swift; path = ScriptFile.swift; sourceTree = "<group>"; };
		0464D9CA29E423A70007EF24 /* FileSystemElement.swift */ = {isa = PBXFileReference; fileEncoding = 4; lastKnownFileType = sourcecode.swift; path = FileSystemElement.swift; sourceTree = "<group>"; };
		0464D9CC29E423A70007EF24 /* Preview Assets.xcassets */ = {isa = PBXFileReference; lastKnownFileType = folder.assetcatalog; path = "Preview Assets.xcassets"; sourceTree = "<group>"; };
		0464D9D029E423A70007EF24 /* FileSystemOperations.swift */ = {isa = PBXFileReference; fileEncoding = 4; lastKnownFileType = sourcecode.swift; path = FileSystemOperations.swift; sourceTree = "<group>"; };
		0464D9D429E423A70007EF24 /* ScriptFileOperations.swift */ = {isa = PBXFileReference; fileEncoding = 4; lastKnownFileType = sourcecode.swift; path = ScriptFileOperations.swift; sourceTree = "<group>"; };
		0464D9D529E423A70007EF24 /* ScriptView.swift */ = {isa = PBXFileReference; fileEncoding = 4; lastKnownFileType = sourcecode.swift; path = ScriptView.swift; sourceTree = "<group>"; };
		0464D9DB29E423A70007EF24 /* Clapper_Rough_Cut.entitlements */ = {isa = PBXFileReference; fileEncoding = 4; lastKnownFileType = text.plist.entitlements; path = Clapper_Rough_Cut.entitlements; sourceTree = "<group>"; };
		0464D9DC29E423A70007EF24 /* Info.plist */ = {isa = PBXFileReference; fileEncoding = 4; lastKnownFileType = text.plist.xml; path = Info.plist; sourceTree = "<group>"; };
		0464D9DE29E423A70007EF24 /* ClapperRoughCutApp.swift */ = {isa = PBXFileReference; fileEncoding = 4; lastKnownFileType = sourcecode.swift; path = ClapperRoughCutApp.swift; sourceTree = "<group>"; };
		0464D9DF29E423A70007EF24 /* ClapperRoughCutDocument.swift */ = {isa = PBXFileReference; fileEncoding = 4; lastKnownFileType = sourcecode.swift; path = ClapperRoughCutDocument.swift; sourceTree = "<group>"; };
		0464D9E029E423A70007EF24 /* ContentView.swift */ = {isa = PBXFileReference; fileEncoding = 4; lastKnownFileType = sourcecode.swift; path = ContentView.swift; sourceTree = "<group>"; };
		0464D9E329E423A70007EF24 /* Converter.swift */ = {isa = PBXFileReference; fileEncoding = 4; lastKnownFileType = sourcecode.swift; path = Converter.swift; sourceTree = "<group>"; };
		0464D9F929E423A70007EF24 /* WhisperAudioTranscriber.swift */ = {isa = PBXFileReference; fileEncoding = 4; lastKnownFileType = sourcecode.swift; path = WhisperAudioTranscriber.swift; sourceTree = "<group>"; };
		048455A0298D212400772EB0 /* Clapper-Rough-Cut.app */ = {isa = PBXFileReference; explicitFileType = wrapper.application; includeInIndex = 0; path = "Clapper-Rough-Cut.app"; sourceTree = BUILT_PRODUCTS_DIR; };
		049B0CBE2AB34019007E446D /* ScriptCharacter.swift */ = {isa = PBXFileReference; lastKnownFileType = sourcecode.swift; path = ScriptCharacter.swift; sourceTree = "<group>"; };
		049B0CC42AB39C27007E446D /* CharactersSettingsView.swift */ = {isa = PBXFileReference; lastKnownFileType = sourcecode.swift; path = CharactersSettingsView.swift; sourceTree = "<group>"; };
		04ACBED229E73C5A0093DD76 /* RoughCutProject.swift */ = {isa = PBXFileReference; lastKnownFileType = sourcecode.swift; path = RoughCutProject.swift; sourceTree = "<group>"; };
		04ACBEF229E7DE250093DD76 /* TranscriptionResult.swift */ = {isa = PBXFileReference; lastKnownFileType = sourcecode.swift; path = TranscriptionResult.swift; sourceTree = "<group>"; };
		04C0A03F2AE3EF66001F6B10 /* Color.swift */ = {isa = PBXFileReference; lastKnownFileType = sourcecode.swift; path = Color.swift; sourceTree = "<group>"; };
		04C0A0412AE46001001F6B10 /* Binding.swift */ = {isa = PBXFileReference; lastKnownFileType = sourcecode.swift; path = Binding.swift; sourceTree = "<group>"; };
		04C0A0442AE5066A001F6B10 /* TranscriptionQuality.swift */ = {isa = PBXFileReference; lastKnownFileType = sourcecode.swift; path = TranscriptionQuality.swift; sourceTree = "<group>"; };
		04C0A0482AE52746001F6B10 /* Subtitle.swift */ = {isa = PBXFileReference; lastKnownFileType = sourcecode.swift; path = Subtitle.swift; sourceTree = "<group>"; };
		04C8B4FD2AFC003100B41843 /* SubtitlesView.swift */ = {isa = PBXFileReference; lastKnownFileType = sourcecode.swift; path = SubtitlesView.swift; sourceTree = "<group>"; };
		04E23A372AA9F16800F14C3D /* Overpass.ttf */ = {isa = PBXFileReference; lastKnownFileType = file; name = Overpass.ttf; path = "Clapper-Rough-Cut/Resources/Fonts/Overpass.ttf"; sourceTree = SOURCE_ROOT; };
		04E2CAB92B80C43C00B27C2F /* EnvironmentVariables.swift */ = {isa = PBXFileReference; lastKnownFileType = sourcecode.swift; path = EnvironmentVariables.swift; sourceTree = "<group>"; };
		04F7A9E029F91AF2007E4C64 /* FileIcon.swift */ = {isa = PBXFileReference; lastKnownFileType = sourcecode.swift; path = FileIcon.swift; sourceTree = "<group>"; };
		04F7A9E229F91DE0007E4C64 /* Formatter.swift */ = {isa = PBXFileReference; lastKnownFileType = sourcecode.swift; path = Formatter.swift; sourceTree = "<group>"; };
		04F7A9E529F91F82007E4C64 /* TranscribedIcon.swift */ = {isa = PBXFileReference; lastKnownFileType = sourcecode.swift; path = TranscribedIcon.swift; sourceTree = "<group>"; };
		04F7A9E729F9262D007E4C64 /* ExportView.swift */ = {isa = PBXFileReference; lastKnownFileType = sourcecode.swift; path = ExportView.swift; sourceTree = "<group>"; };
		04F7A9E929F926D1007E4C64 /* ExportOperations.swift */ = {isa = PBXFileReference; lastKnownFileType = sourcecode.swift; path = ExportOperations.swift; sourceTree = "<group>"; };
		04F7A9EB29F9275D007E4C64 /* ExportSettings.swift */ = {isa = PBXFileReference; lastKnownFileType = sourcecode.swift; path = ExportSettings.swift; sourceTree = "<group>"; };
		04F7A9ED29F96D27007E4C64 /* CustomTextField.swift */ = {isa = PBXFileReference; lastKnownFileType = sourcecode.swift; path = CustomTextField.swift; sourceTree = "<group>"; };
		08EA0AE07B656F6BD5FF1A21 /* Pods_Clapper_Rough_Cut.framework */ = {isa = PBXFileReference; explicitFileType = wrapper.framework; includeInIndex = 0; path = Pods_Clapper_Rough_Cut.framework; sourceTree = BUILT_PRODUCTS_DIR; };
		241ABEDD25F8D6061A7DFFD7 /* Pods_Clapper_Rough_CutTests.framework */ = {isa = PBXFileReference; explicitFileType = wrapper.framework; includeInIndex = 0; path = Pods_Clapper_Rough_CutTests.framework; sourceTree = BUILT_PRODUCTS_DIR; };
		266EB9366FA0884BBF0EC260 /* Pods-Clapper-Rough-Cut-Clapper-Rough-CutUITests.release.xcconfig */ = {isa = PBXFileReference; includeInIndex = 1; lastKnownFileType = text.xcconfig; name = "Pods-Clapper-Rough-Cut-Clapper-Rough-CutUITests.release.xcconfig"; path = "Target Support Files/Pods-Clapper-Rough-Cut-Clapper-Rough-CutUITests/Pods-Clapper-Rough-Cut-Clapper-Rough-CutUITests.release.xcconfig"; sourceTree = "<group>"; };
		46374DCE497161B58AF362C1 /* Pods-Clapper-Rough-CutTests.release.xcconfig */ = {isa = PBXFileReference; includeInIndex = 1; lastKnownFileType = text.xcconfig; name = "Pods-Clapper-Rough-CutTests.release.xcconfig"; path = "Target Support Files/Pods-Clapper-Rough-CutTests/Pods-Clapper-Rough-CutTests.release.xcconfig"; sourceTree = "<group>"; };
		527938C26D2D41DCEE40AFC2 /* Pods_Clapper_Rough_Cut_Clapper_Rough_CutUITests.framework */ = {isa = PBXFileReference; explicitFileType = wrapper.framework; includeInIndex = 0; path = Pods_Clapper_Rough_Cut_Clapper_Rough_CutUITests.framework; sourceTree = BUILT_PRODUCTS_DIR; };
		5AE0E5D9067719C7ED8EA23C /* Pods-Clapper-Rough-Cut-Clapper-Rough-CutUITests.debug.xcconfig */ = {isa = PBXFileReference; includeInIndex = 1; lastKnownFileType = text.xcconfig; name = "Pods-Clapper-Rough-Cut-Clapper-Rough-CutUITests.debug.xcconfig"; path = "Target Support Files/Pods-Clapper-Rough-Cut-Clapper-Rough-CutUITests/Pods-Clapper-Rough-Cut-Clapper-Rough-CutUITests.debug.xcconfig"; sourceTree = "<group>"; };
		B9834B76F821A1A27FC3BCDC /* Pods-Clapper-Rough-CutTests.debug.xcconfig */ = {isa = PBXFileReference; includeInIndex = 1; lastKnownFileType = text.xcconfig; name = "Pods-Clapper-Rough-CutTests.debug.xcconfig"; path = "Target Support Files/Pods-Clapper-Rough-CutTests/Pods-Clapper-Rough-CutTests.debug.xcconfig"; sourceTree = "<group>"; };
		CAD388714F18F277B634EED1 /* Pods-Clapper-Rough-Cut.debug.xcconfig */ = {isa = PBXFileReference; includeInIndex = 1; lastKnownFileType = text.xcconfig; name = "Pods-Clapper-Rough-Cut.debug.xcconfig"; path = "Target Support Files/Pods-Clapper-Rough-Cut/Pods-Clapper-Rough-Cut.debug.xcconfig"; sourceTree = "<group>"; };
		DB61326F2F6E0BB0646CAA4F /* Pods-Clapper-Rough-Cut.release.xcconfig */ = {isa = PBXFileReference; includeInIndex = 1; lastKnownFileType = text.xcconfig; name = "Pods-Clapper-Rough-Cut.release.xcconfig"; path = "Target Support Files/Pods-Clapper-Rough-Cut/Pods-Clapper-Rough-Cut.release.xcconfig"; sourceTree = "<group>"; };
/* End PBXFileReference section */

/* Begin PBXFrameworksBuildPhase section */
		0484559D298D212400772EB0 /* Frameworks */ = {
			isa = PBXFrameworksBuildPhase;
			buildActionMask = 2147483647;
			files = (
				04BA3A0E29E1F26300047A9B /* AudioKit in Frameworks */,
				0449EC262B4953C800407B28 /* SystemConfiguration.framework in Frameworks */,
				0400DA4F29EDC860003AD42B /* PythonKit in Frameworks */,
				5D261780BFA60E95AC843D56 /* Pods_Clapper_Rough_Cut.framework in Frameworks */,
			);
			runOnlyForDeploymentPostprocessing = 0;
		};
/* End PBXFrameworksBuildPhase section */

/* Begin PBXGroup section */
		041FE5D12AAB38910054C861 /* Generated */ = {
			isa = PBXGroup;
			children = (
				043538C72AABBB0D00775E0D /* Assets.swift */,
				043538C62AABBB0D00775E0D /* Fonts.swift */,
				043538C82AABBB0D00775E0D /* Strings.swift */,
			);
			path = Generated;
			sourceTree = "<group>";
		};
		043538BF2AAB8B5400775E0D /* ru.lproj */ = {
			isa = PBXGroup;
			children = (
				043538C02AAB8B5400775E0D /* Localizable.strings */,
			);
			path = ru.lproj;
			sourceTree = "<group>";
		};
		043538C32AABA50E00775E0D /* Extensions */ = {
			isa = PBXGroup;
			children = (
				043538C42AABA51C00775E0D /* String.swift */,
				043538F22AB073DE00775E0D /* Environment.swift */,
				0453BC6F2AD93F53000909D6 /* DateFormatter.swift */,
				04C0A03F2AE3EF66001F6B10 /* Color.swift */,
				04C0A0412AE46001001F6B10 /* Binding.swift */,
			);
			path = Extensions;
			sourceTree = "<group>";
		};
		043538DA2AAD1C7900775E0D /* FileSystem */ = {
			isa = PBXGroup;
			children = (
				0464D9D029E423A70007EF24 /* FileSystemOperations.swift */,
				044C4C832AD6CA75006E6BBD /* FileSystemListItem.swift */,
				043538E52AAD1D7000775E0D /* Views */,
			);
			path = FileSystem;
			sourceTree = "<group>";
		};
		043538DB2AAD1C8C00775E0D /* DetailPanel */ = {
			isa = PBXGroup;
			children = (
				043538E42AAD1D5500775E0D /* Views */,
				045D60E02AE6DE8C00833AB6 /* SubtitilesMode.swift */,
			);
			path = DetailPanel;
			sourceTree = "<group>";
		};
		043538DC2AAD1CDE00775E0D /* Script */ = {
			isa = PBXGroup;
			children = (
				0464D9D429E423A70007EF24 /* ScriptFileOperations.swift */,
				043538E32AAD1D4F00775E0D /* Views */,
			);
			path = Script;
			sourceTree = "<group>";
		};
		043538DD2AAD1CF100775E0D /* Export */ = {
			isa = PBXGroup;
			children = (
				04F7A9E929F926D1007E4C64 /* ExportOperations.swift */,
				043538E22AAD1D4900775E0D /* Views */,
			);
			path = Export;
			sourceTree = "<group>";
		};
		043538DE2AAD1CFA00775E0D /* SelectPhrase */ = {
			isa = PBXGroup;
			children = (
				043538E12AAD1D4100775E0D /* Views */,
			);
			path = SelectPhrase;
			sourceTree = "<group>";
		};
		043538DF2AAD1D0400775E0D /* HeaderMenu */ = {
			isa = PBXGroup;
			children = (
				043EDDBC29E8B33D00DA5EFF /* ScenesMatchOperations.swift */,
				043EDDC629E953FF00DA5EFF /* TakesMatchOperations.swift */,
				043538E02AAD1D3300775E0D /* Views */,
			);
			path = HeaderMenu;
			sourceTree = "<group>";
		};
		043538E02AAD1D3300775E0D /* Views */ = {
			isa = PBXGroup;
			children = (
				043538D62AACA18D00775E0D /* HeaderView.swift */,
			);
			path = Views;
			sourceTree = "<group>";
		};
		043538E12AAD1D4100775E0D /* Views */ = {
			isa = PBXGroup;
			children = (
				0426529A29EF26AE008855C1 /* SelectPhraseMatchView.swift */,
			);
			path = Views;
			sourceTree = "<group>";
		};
		043538E22AAD1D4900775E0D /* Views */ = {
			isa = PBXGroup;
			children = (
				04F7A9E729F9262D007E4C64 /* ExportView.swift */,
			);
			path = Views;
			sourceTree = "<group>";
		};
		043538E32AAD1D4F00775E0D /* Views */ = {
			isa = PBXGroup;
			children = (
				0464D9D529E423A70007EF24 /* ScriptView.swift */,
			);
			path = Views;
			sourceTree = "<group>";
		};
		043538E42AAD1D5500775E0D /* Views */ = {
			isa = PBXGroup;
			children = (
				0452C9072AC4236C001E3AA7 /* SeveralSelectionDetailView.swift */,
				0452C9092AC42565001E3AA7 /* FileSystemSelectionDetailView.swift */,
				0453BC6D2AD93535000909D6 /* MediaPlayerView.swift */,
				04C8B4FD2AFC003100B41843 /* SubtitlesView.swift */,
			);
			path = Views;
			sourceTree = "<group>";
		};
		043538E52AAD1D7000775E0D /* Views */ = {
			isa = PBXGroup;
			children = (
				0448AD4A29E59CF40086BD89 /* FileSystemView.swift */,
				044C4C812AD6ABF4006E6BBD /* FileSystemListItemView.swift */,
			);
			path = Views;
			sourceTree = "<group>";
		};
		043538FB2AB21ABB00775E0D /* Settings */ = {
			isa = PBXGroup;
			children = (
				043538FD2AB21AC700775E0D /* Views */,
			);
			path = Settings;
			sourceTree = "<group>";
		};
		043538FD2AB21AC700775E0D /* Views */ = {
			isa = PBXGroup;
			children = (
				043538FE2AB21AD900775E0D /* SettingsView.swift */,
			);
			path = Views;
			sourceTree = "<group>";
		};
		04483ABB2B47F51E00774D4A /* Whisper */ = {
			isa = PBXGroup;
			children = (
				04483B502B47F53300774D4A /* bench */,
				04483B4C2B47F53300774D4A /* cmake */,
				04483B452B47F53300774D4A /* coreml */,
				04483B542B47F53300774D4A /* extra */,
				04483B602B47F53300774D4A /* ggml-alloc.c */,
				04483AC02B47F53300774D4A /* ggml-alloc.h */,
				04483D172B47F53400774D4A /* ggml-alloc.o */,
				04483B612B47F53300774D4A /* ggml-backend-impl.h */,
				04483ACC2B47F53300774D4A /* ggml-backend.c */,
				04483B512B47F53300774D4A /* ggml-backend.h */,
				04483D182B47F53400774D4A /* ggml-backend.o */,
				04483D122B47F53300774D4A /* ggml-cuda.cu */,
				04483ACA2B47F53300774D4A /* ggml-cuda.h */,
				04483AC22B47F53300774D4A /* ggml-impl.h */,
				04483D0E2B47F53300774D4A /* ggml-metal.h */,
				04483D162B47F53300774D4A /* ggml-metal.metal */,
				04483D132B47F53300774D4A /* ggml-metal.o */,
				04483D112B47F53300774D4A /* ggml-opencl.h */,
				04483AC92B47F53300774D4A /* ggml-quants.c */,
				04483AC12B47F53300774D4A /* ggml-quants.h */,
				04483B522B47F53300774D4A /* ggml-quants.o */,
				04483D142B47F53300774D4A /* ggml.c */,
				04483AC62B47F53300774D4A /* ggml.h */,
				04483AC32B47F53300774D4A /* ggml.o */,
				04483B3D2B47F53300774D4A /* grammars */,
				04483D0C2B47F53300774D4A /* LICENSE */,
				04483D102B47F53300774D4A /* main */,
				04483D152B47F53300774D4A /* Makefile */,
				04483B622B47F53300774D4A /* models */,
				04483B412B47F53300774D4A /* quantize */,
				04483AC42B47F53300774D4A /* server */,
				04483D192B47F53400774D4A /* whisper.cpp */,
				04483AC52B47F53300774D4A /* whisper.h */,
				04483ACB2B47F53300774D4A /* whisper.o */,
			);
			path = Whisper;
			sourceTree = "<group>";
		};
		04483B3D2B47F53300774D4A /* grammars */ = {
			isa = PBXGroup;
			children = (
				04483B3E2B47F53300774D4A /* chess.gbnf */,
				04483B3F2B47F53300774D4A /* assistant.gbnf */,
				04483B402B47F53300774D4A /* colors.gbnf */,
			);
			path = grammars;
			sourceTree = "<group>";
		};
		04483B452B47F53300774D4A /* coreml */ = {
			isa = PBXGroup;
			children = (
				04483B462B47F53300774D4A /* whisper-encoder-impl.m */,
				04483B472B47F53300774D4A /* whisper-encoder.h */,
				04483B482B47F53300774D4A /* whisper-encoder.mm */,
				04483B492B47F53300774D4A /* whisper-decoder-impl.h */,
				04483B4A2B47F53300774D4A /* whisper-encoder-impl.h */,
				04483B4B2B47F53300774D4A /* whisper-decoder-impl.m */,
			);
			path = coreml;
			sourceTree = "<group>";
		};
		04483B4C2B47F53300774D4A /* cmake */ = {
			isa = PBXGroup;
			children = (
				04483B4D2B47F53300774D4A /* BuildTypes.cmake */,
				04483B4E2B47F53300774D4A /* DefaultTargetOptions.cmake */,
				04483B4F2B47F53300774D4A /* GitVars.cmake */,
			);
			path = cmake;
			sourceTree = "<group>";
		};
		04483B542B47F53300774D4A /* extra */ = {
			isa = PBXGroup;
			children = (
				04483B552B47F53300774D4A /* sync-ggml-am.sh */,
				04483B562B47F53300774D4A /* convert-all.sh */,
				04483B572B47F53300774D4A /* bench-wts.sh */,
				04483B582B47F53300774D4A /* sync-ggml.sh */,
				04483B592B47F53300774D4A /* sha-all.sh */,
				04483B5A2B47F53300774D4A /* bench.py */,
				04483B5B2B47F53300774D4A /* bench-all.sh */,
				04483B5C2B47F53300774D4A /* sync-ggml.last */,
				04483B5D2B47F53300774D4A /* sync-llama.sh */,
				04483B5E2B47F53300774D4A /* quantize-all.sh */,
				04483B5F2B47F53300774D4A /* deploy-wasm.sh */,
			);
			path = extra;
			sourceTree = "<group>";
		};
		04483B622B47F53300774D4A /* models */ = {
			isa = PBXGroup;
			children = (
				04483B632B47F53300774D4A /* for-tests-ggml-tiny.en.bin */,
				04483B642B47F53300774D4A /* for-tests-ggml-medium.bin */,
				04483B652B47F53300774D4A /* for-tests-ggml-tiny.bin */,
				04483B662B47F53300774D4A /* convert-h5-to-ggml.py */,
				04483B672B47F53300774D4A /* for-tests-ggml-base.en.bin */,
				04483B682B47F53300774D4A /* download-ggml-model.cmd */,
				04483B692B47F53300774D4A /* for-tests-ggml-large.bin */,
				04483B6A2B47F53300774D4A /* generate-coreml-model.sh */,
				04483B6B2B47F53300774D4A /* for-tests-ggml-small.bin */,
				04483B6C2B47F53300774D4A /* convert-pt-to-ggml.py */,
				04483B6D2B47F53300774D4A /* README.md */,
				04483B6E2B47F53300774D4A /* for-tests-ggml-base.bin */,
				04483B6F2B47F53300774D4A /* convert-h5-to-coreml.py */,
				04483B702B47F53300774D4A /* generate-coreml-interface.sh */,
				04483B712B47F53300774D4A /* ggml-small.bin */,
				04483B722B47F53300774D4A /* download-ggml-model.sh */,
				04483B732B47F53300774D4A /* .gitignore */,
				04483B742B47F53300774D4A /* for-tests-ggml-small.en.bin */,
				04483B752B47F53300774D4A /* download-coreml-model.sh */,
				04483B762B47F53300774D4A /* ggml_to_pt.py */,
				04483B772B47F53300774D4A /* convert-whisper-to-openvino.py */,
				04483B782B47F53300774D4A /* for-tests-ggml-medium.en.bin */,
				04483B792B47F53300774D4A /* openvino-conversion-requirements.txt */,
				04483B7A2B47F53300774D4A /* convert-whisper-to-coreml.py */,
			);
			path = models;
			sourceTree = "<group>";
		};
		0448AD4C29E5ACE80086BD89 /* UIComponents */ = {
			isa = PBXGroup;
			children = (
				0448AD4D29E5ADC20086BD89 /* RoundedButton.swift */,
				04F7A9E029F91AF2007E4C64 /* FileIcon.swift */,
				04F7A9E529F91F82007E4C64 /* TranscribedIcon.swift */,
				04F7A9ED29F96D27007E4C64 /* CustomTextField.swift */,
				043538CC2AABD57100775E0D /* SystemImage.swift */,
				043538CE2AAC75CA00775E0D /* CustomLabel.swift */,
				043538D42AAC86DD00775E0D /* PhraseLabel.swift */,
				043538D82AACD33500775E0D /* ImageButton.swift */,
				043538E62AAD263100775E0D /* ModalSheet.swift */,
				043538EA2AAEFB9700775E0D /* OverlayMenu.swift */,
				043538EC2AAFAFE700775E0D /* CustomContextMenuView.swift */,
				043538F42AB2019B00775E0D /* ShortcutView.swift */,
				045D60DE2AE6B1D400833AB6 /* CustomPicker.swift */,
				040E07312AF15DAC00554BEA /* CustomSearchTextField.swift */,
			);
			path = UIComponents;
			sourceTree = "<group>";
		};
		0464AEDC2B82621D00269757 /* Responses */ = {
			isa = PBXGroup;
			children = (
				0464AEDD2B8262D000269757 /* MatchPhraseResponse.swift */,
			);
			path = Responses;
			sourceTree = "<group>";
		};
		0464D9BF29E423A70007EF24 /* Clapper-Rough-Cut */ = {
			isa = PBXGroup;
			children = (
				04483ABB2B47F51E00774D4A /* Whisper */,
				0464D9C029E423A70007EF24 /* Python */,
				0448AD4C29E5ACE80086BD89 /* UIComponents */,
				0464D9CD29E423A70007EF24 /* Modules */,
				043538C32AABA50E00775E0D /* Extensions */,
				0464D9C829E423A70007EF24 /* Models */,
				0464D9E129E423A70007EF24 /* Utilities */,
				0464D9DD29E423A70007EF24 /* Base */,
				0464D9DB29E423A70007EF24 /* Clapper_Rough_Cut.entitlements */,
				0464D9DC29E423A70007EF24 /* Info.plist */,
				0464D9C429E423A70007EF24 /* Resources */,
				0464D9CB29E423A70007EF24 /* Preview Content */,
			);
			path = "Clapper-Rough-Cut";
			sourceTree = "<group>";
		};
		0464D9C029E423A70007EF24 /* Python */ = {
			isa = PBXGroup;
			children = (
				0464D9C229E423A70007EF24 /* TextMatcher.swift */,
				0464D9C329E423A70007EF24 /* text_matcher.py */,
				0426529E29EFB6FB008855C1 /* MFCCService.swift */,
				0426529C29EF3869008855C1 /* MFCC.py */,
			);
			path = Python;
			sourceTree = "<group>";
		};
		0464D9C429E423A70007EF24 /* Resources */ = {
			isa = PBXGroup;
			children = (
				043538BF2AAB8B5400775E0D /* ru.lproj */,
				041FE5D12AAB38910054C861 /* Generated */,
				04E23A292AA9CAA600F14C3D /* Fonts */,
				0464D9C529E423A70007EF24 /* Assets.xcassets */,
			);
			path = Resources;
			sourceTree = "<group>";
		};
		0464D9C829E423A70007EF24 /* Models */ = {
			isa = PBXGroup;
			children = (
				0464AEDC2B82621D00269757 /* Responses */,
				0464D9C929E423A70007EF24 /* ScriptFile.swift */,
				0464D9CA29E423A70007EF24 /* FileSystemElement.swift */,
				04ACBED229E73C5A0093DD76 /* RoughCutProject.swift */,
				04ACBEF229E7DE250093DD76 /* TranscriptionResult.swift */,
				04F7A9EB29F9275D007E4C64 /* ExportSettings.swift */,
				043538EE2AAFB45000775E0D /* HeaderMenuConfiguration.swift */,
				043538F02AAFB99100775E0D /* DocumentStates.swift */,
				049B0CBE2AB34019007E446D /* ScriptCharacter.swift */,
				0453BC692AD895B0000909D6 /* RoughCutFileSystem.swift */,
				04C0A0482AE52746001F6B10 /* Subtitle.swift */,
				04E2CAB92B80C43C00B27C2F /* EnvironmentVariables.swift */,
			);
			path = Models;
			sourceTree = "<group>";
		};
		0464D9CB29E423A70007EF24 /* Preview Content */ = {
			isa = PBXGroup;
			children = (
				0464D9CC29E423A70007EF24 /* Preview Assets.xcassets */,
			);
			path = "Preview Content";
			sourceTree = "<group>";
		};
		0464D9CD29E423A70007EF24 /* Modules */ = {
			isa = PBXGroup;
			children = (
				04C0A0432AE47499001F6B10 /* AudioTranscription */,
				049B0CC22AB39C0D007E446D /* Characters */,
				043538FB2AB21ABB00775E0D /* Settings */,
				043538DF2AAD1D0400775E0D /* HeaderMenu */,
				043538DE2AAD1CFA00775E0D /* SelectPhrase */,
				043538DD2AAD1CF100775E0D /* Export */,
				043538DC2AAD1CDE00775E0D /* Script */,
				043538DB2AAD1C8C00775E0D /* DetailPanel */,
				043538DA2AAD1C7900775E0D /* FileSystem */,
			);
			path = Modules;
			sourceTree = "<group>";
		};
		0464D9DD29E423A70007EF24 /* Base */ = {
			isa = PBXGroup;
			children = (
				0464D9DF29E423A70007EF24 /* ClapperRoughCutDocument.swift */,
				0464D9DE29E423A70007EF24 /* ClapperRoughCutApp.swift */,
				0464D9E029E423A70007EF24 /* ContentView.swift */,
				04483EA02B4868D300774D4A /* MenuCommands.swift */,
				04483EA22B486B6100774D4A /* KeyboardShortcuts.swift */,
			);
			path = Base;
			sourceTree = "<group>";
		};
		0464D9E129E423A70007EF24 /* Utilities */ = {
			isa = PBXGroup;
			children = (
				0464D9C729E423A70007EF24 /* ScriptRunner.swift */,
				0464D9E329E423A70007EF24 /* Converter.swift */,
				043EDDB729E7FE0F00DA5EFF /* PhraseMatcher.swift */,
				04F7A9E229F91DE0007E4C64 /* Formatter.swift */,
			);
			path = Utilities;
			sourceTree = "<group>";
		};
		04845597298D212400772EB0 = {
			isa = PBXGroup;
			children = (
				045634FE2B4C012C000B34CB /* requirements.txt */,
				0464D9BF29E423A70007EF24 /* Clapper-Rough-Cut */,
				048455A1298D212400772EB0 /* Products */,
				04B0E505298F04C9004E8435 /* Frameworks */,
				A6DE910A220299BDC033D3EF /* Pods */,
			);
			sourceTree = "<group>";
		};
		048455A1298D212400772EB0 /* Products */ = {
			isa = PBXGroup;
			children = (
				048455A0298D212400772EB0 /* Clapper-Rough-Cut.app */,
			);
			name = Products;
			sourceTree = "<group>";
		};
		049B0CC22AB39C0D007E446D /* Characters */ = {
			isa = PBXGroup;
			children = (
				049B0CC32AB39C14007E446D /* Views */,
			);
			path = Characters;
			sourceTree = "<group>";
		};
		049B0CC32AB39C14007E446D /* Views */ = {
			isa = PBXGroup;
			children = (
				049B0CC42AB39C27007E446D /* CharactersSettingsView.swift */,
			);
			path = Views;
			sourceTree = "<group>";
		};
		04B0E505298F04C9004E8435 /* Frameworks */ = {
			isa = PBXGroup;
			children = (
				044A0ECD2B557BD4002DA8C1 /* Python.framework */,
				044A0EC92B557B81002DA8C1 /* Python3.framework */,
				0449EC252B4953C800407B28 /* SystemConfiguration.framework */,
				08EA0AE07B656F6BD5FF1A21 /* Pods_Clapper_Rough_Cut.framework */,
				527938C26D2D41DCEE40AFC2 /* Pods_Clapper_Rough_Cut_Clapper_Rough_CutUITests.framework */,
				241ABEDD25F8D6061A7DFFD7 /* Pods_Clapper_Rough_CutTests.framework */,
			);
			name = Frameworks;
			sourceTree = "<group>";
		};
		04C0A0432AE47499001F6B10 /* AudioTranscription */ = {
			isa = PBXGroup;
			children = (
				0464D9F929E423A70007EF24 /* WhisperAudioTranscriber.swift */,
				04C0A0442AE5066A001F6B10 /* TranscriptionQuality.swift */,
			);
			path = AudioTranscription;
			sourceTree = "<group>";
		};
		04E23A292AA9CAA600F14C3D /* Fonts */ = {
			isa = PBXGroup;
			children = (
				043538D02AAC855200775E0D /* Limelight-Regular.ttf */,
				043538D12AAC855200775E0D /* NunitoSans.ttf */,
				04E23A372AA9F16800F14C3D /* Overpass.ttf */,
			);
			path = Fonts;
			sourceTree = "<group>";
		};
		A6DE910A220299BDC033D3EF /* Pods */ = {
			isa = PBXGroup;
			children = (
				CAD388714F18F277B634EED1 /* Pods-Clapper-Rough-Cut.debug.xcconfig */,
				DB61326F2F6E0BB0646CAA4F /* Pods-Clapper-Rough-Cut.release.xcconfig */,
				5AE0E5D9067719C7ED8EA23C /* Pods-Clapper-Rough-Cut-Clapper-Rough-CutUITests.debug.xcconfig */,
				266EB9366FA0884BBF0EC260 /* Pods-Clapper-Rough-Cut-Clapper-Rough-CutUITests.release.xcconfig */,
				B9834B76F821A1A27FC3BCDC /* Pods-Clapper-Rough-CutTests.debug.xcconfig */,
				46374DCE497161B58AF362C1 /* Pods-Clapper-Rough-CutTests.release.xcconfig */,
			);
			path = Pods;
			sourceTree = "<group>";
		};
/* End PBXGroup section */

/* Begin PBXNativeTarget section */
		0484559F298D212400772EB0 /* Clapper-Rough-Cut */ = {
			isa = PBXNativeTarget;
			buildConfigurationList = 048455C8298D212600772EB0 /* Build configuration list for PBXNativeTarget "Clapper-Rough-Cut" */;
			buildPhases = (
				313B3A8D9D992845C47EF96D /* [CP] Check Pods Manifest.lock */,
				041FE5CE2AAB359F0054C861 /* SwiftGen */,
				0484559C298D212400772EB0 /* Sources */,
				0484559D298D212400772EB0 /* Frameworks */,
				0484559E298D212400772EB0 /* Resources */,
				04E23A3F2AAB19DE00F14C3D /* SwiftLint */,
			);
			buildRules = (
			);
			dependencies = (
			);
			name = "Clapper-Rough-Cut";
			packageProductDependencies = (
				04BA3A0D29E1F26300047A9B /* AudioKit */,
				0400DA4E29EDC860003AD42B /* PythonKit */,
			);
			productName = "Clapper Rough-Cut";
			productReference = 048455A0298D212400772EB0 /* Clapper-Rough-Cut.app */;
			productType = "com.apple.product-type.application";
		};
/* End PBXNativeTarget section */

/* Begin PBXProject section */
		04845598298D212400772EB0 /* Project object */ = {
			isa = PBXProject;
			attributes = {
				BuildIndependentTargetsInParallel = 1;
				LastSwiftUpdateCheck = 1400;
				LastUpgradeCheck = 1500;
				TargetAttributes = {
					0484559F298D212400772EB0 = {
						CreatedOnToolsVersion = 14.0.1;
						LastSwiftMigration = 1430;
					};
				};
			};
			buildConfigurationList = 0484559B298D212400772EB0 /* Build configuration list for PBXProject "Clapper-Rough-Cut" */;
			compatibilityVersion = "Xcode 14.0";
			developmentRegion = ru;
			hasScannedForEncodings = 0;
			knownRegions = (
				en,
				Base,
				ru,
			);
			mainGroup = 04845597298D212400772EB0;
			packageReferences = (
				04BA3A0C29E1F26300047A9B /* XCRemoteSwiftPackageReference "AudioKit" */,
				0462233F29E2B56C00944093 /* XCRemoteSwiftPackageReference "PythonKit" */,
			);
			productRefGroup = 048455A1298D212400772EB0 /* Products */;
			projectDirPath = "";
			projectRoot = "";
			targets = (
				0484559F298D212400772EB0 /* Clapper-Rough-Cut */,
			);
		};
/* End PBXProject section */

/* Begin PBXResourcesBuildPhase section */
		0484559E298D212400772EB0 /* Resources */ = {
			isa = PBXResourcesBuildPhase;
			buildActionMask = 2147483647;
			files = (
				04483D772B47F53400774D4A /* BuildTypes.cmake in Resources */,
				04483D9E2B47F53400774D4A /* for-tests-ggml-medium.en.bin in Resources */,
				04483D7A2B47F53400774D4A /* bench in Resources */,
				04483D8A2B47F53400774D4A /* for-tests-ggml-medium.bin in Resources */,
				04483D922B47F53400774D4A /* convert-pt-to-ggml.py in Resources */,
				04483D872B47F53400774D4A /* deploy-wasm.sh in Resources */,
				04483D822B47F53400774D4A /* bench.py in Resources */,
				04483D902B47F53400774D4A /* generate-coreml-model.sh in Resources */,
				04483D852B47F53400774D4A /* sync-llama.sh in Resources */,
				04483D9C2B47F53400774D4A /* ggml_to_pt.py in Resources */,
				04483D702B47F53400774D4A /* chess.gbnf in Resources */,
				04483E8E2B47F53400774D4A /* LICENSE in Resources */,
				04483E912B47F53400774D4A /* main in Resources */,
				04483D792B47F53400774D4A /* GitVars.cmake in Resources */,
				04483D842B47F53400774D4A /* sync-ggml.last in Resources */,
				04483D782B47F53400774D4A /* DefaultTargetOptions.cmake in Resources */,
				04483D942B47F53400774D4A /* for-tests-ggml-base.bin in Resources */,
				04483D892B47F53400774D4A /* for-tests-ggml-tiny.en.bin in Resources */,
				0464DA0129E423A80007EF24 /* Preview Assets.xcassets in Resources */,
				043538D22AAC855200775E0D /* Limelight-Regular.ttf in Resources */,
				04483D722B47F53400774D4A /* colors.gbnf in Resources */,
				04483D8F2B47F53400774D4A /* for-tests-ggml-large.bin in Resources */,
				04483D8D2B47F53400774D4A /* for-tests-ggml-base.en.bin in Resources */,
				04E23A382AA9F16800F14C3D /* Overpass.ttf in Resources */,
				04483D972B47F53400774D4A /* ggml-small.bin in Resources */,
				04483D9A2B47F53400774D4A /* for-tests-ggml-small.en.bin in Resources */,
				04483D982B47F53400774D4A /* download-ggml-model.sh in Resources */,
				04483D832B47F53400774D4A /* bench-all.sh in Resources */,
				04483D732B47F53400774D4A /* quantize in Resources */,
				043538C22AAB8B5400775E0D /* Localizable.strings in Resources */,
				04483D8E2B47F53400774D4A /* download-ggml-model.cmd in Resources */,
				04483D9D2B47F53400774D4A /* convert-whisper-to-openvino.py in Resources */,
				04483DA02B47F53400774D4A /* convert-whisper-to-coreml.py in Resources */,
				04483D8B2B47F53400774D4A /* for-tests-ggml-tiny.bin in Resources */,
				0464D9FC29E423A80007EF24 /* text_matcher.py in Resources */,
				04483E922B47F53400774D4A /* ggml-cuda.cu in Resources */,
				04483D862B47F53400774D4A /* quantize-all.sh in Resources */,
				04483D7D2B47F53400774D4A /* sync-ggml-am.sh in Resources */,
				04483D952B47F53400774D4A /* convert-h5-to-coreml.py in Resources */,
				04483D9F2B47F53400774D4A /* openvino-conversion-requirements.txt in Resources */,
				04483D7F2B47F53400774D4A /* bench-wts.sh in Resources */,
				04483D9B2B47F53400774D4A /* download-coreml-model.sh in Resources */,
				04483D802B47F53400774D4A /* sync-ggml.sh in Resources */,
				04483D962B47F53400774D4A /* generate-coreml-interface.sh in Resources */,
				04483D992B47F53400774D4A /* .gitignore in Resources */,
				0464D9FD29E423A80007EF24 /* Assets.xcassets in Resources */,
				04483D932B47F53400774D4A /* README.md in Resources */,
				045634FF2B4C012C000B34CB /* requirements.txt in Resources */,
				04483D222B47F53400774D4A /* server in Resources */,
				04483D812B47F53400774D4A /* sha-all.sh in Resources */,
				0426529D29EF3869008855C1 /* MFCC.py in Resources */,
				043538D32AAC855200775E0D /* NunitoSans.ttf in Resources */,
				04483D712B47F53400774D4A /* assistant.gbnf in Resources */,
				04483D912B47F53400774D4A /* for-tests-ggml-small.bin in Resources */,
				04483D8C2B47F53400774D4A /* convert-h5-to-ggml.py in Resources */,
				04483D7E2B47F53400774D4A /* convert-all.sh in Resources */,
			);
			runOnlyForDeploymentPostprocessing = 0;
		};
/* End PBXResourcesBuildPhase section */

/* Begin PBXShellScriptBuildPhase section */
		041FE5CE2AAB359F0054C861 /* SwiftGen */ = {
			isa = PBXShellScriptBuildPhase;
			buildActionMask = 2147483647;
			files = (
			);
			inputFileListPaths = (
			);
			inputPaths = (
			);
			name = SwiftGen;
			outputFileListPaths = (
			);
			outputPaths = (
			);
			runOnlyForDeploymentPostprocessing = 0;
			shellPath = /bin/sh;
			shellScript = "export PATH=\"$PATH:/opt/homebrew/bin\"\n\"$PODS_ROOT\"/SwiftGen/bin/swiftgen config run --config SwiftGen/swiftgen.yml\n";
		};
		04E23A3F2AAB19DE00F14C3D /* SwiftLint */ = {
			isa = PBXShellScriptBuildPhase;
			buildActionMask = 2147483647;
			files = (
			);
			inputFileListPaths = (
			);
			inputPaths = (
			);
			name = SwiftLint;
			outputFileListPaths = (
			);
			outputPaths = (
			);
			runOnlyForDeploymentPostprocessing = 0;
			shellPath = /bin/sh;
			shellScript = "\"${PODS_ROOT}/SwiftLint/swiftlint\"\n";
		};
		313B3A8D9D992845C47EF96D /* [CP] Check Pods Manifest.lock */ = {
			isa = PBXShellScriptBuildPhase;
			buildActionMask = 2147483647;
			files = (
			);
			inputFileListPaths = (
			);
			inputPaths = (
				"${PODS_PODFILE_DIR_PATH}/Podfile.lock",
				"${PODS_ROOT}/Manifest.lock",
			);
			name = "[CP] Check Pods Manifest.lock";
			outputFileListPaths = (
			);
			outputPaths = (
				"$(DERIVED_FILE_DIR)/Pods-Clapper-Rough-Cut-checkManifestLockResult.txt",
			);
			runOnlyForDeploymentPostprocessing = 0;
			shellPath = /bin/sh;
			shellScript = "diff \"${PODS_PODFILE_DIR_PATH}/Podfile.lock\" \"${PODS_ROOT}/Manifest.lock\" > /dev/null\nif [ $? != 0 ] ; then\n    # print error to STDERR\n    echo \"error: The sandbox is not in sync with the Podfile.lock. Run 'pod install' or update your CocoaPods installation.\" >&2\n    exit 1\nfi\n# This output is used by Xcode 'outputs' to avoid re-running this script phase.\necho \"SUCCESS\" > \"${SCRIPT_OUTPUT_FILE_0}\"\n";
			showEnvVarsInLog = 0;
		};
/* End PBXShellScriptBuildPhase section */

/* Begin PBXSourcesBuildPhase section */
		0484559C298D212400772EB0 /* Sources */ = {
			isa = PBXSourcesBuildPhase;
			buildActionMask = 2147483647;
			files = (
				0426529F29EFB6FB008855C1 /* MFCCService.swift in Sources */,
				043538C52AABA51C00775E0D /* String.swift in Sources */,
				043EDDC729E953FF00DA5EFF /* TakesMatchOperations.swift in Sources */,
				0453BC6A2AD895B0000909D6 /* RoughCutFileSystem.swift in Sources */,
				044C4C822AD6ABF4006E6BBD /* FileSystemListItemView.swift in Sources */,
				045D60DF2AE6B1D400833AB6 /* CustomPicker.swift in Sources */,
				0464DA0629E423A80007EF24 /* ScriptFileOperations.swift in Sources */,
				0453BC702AD93F53000909D6 /* DateFormatter.swift in Sources */,
				0464DA1029E423A80007EF24 /* ContentView.swift in Sources */,
				04483EA32B486B6100774D4A /* KeyboardShortcuts.swift in Sources */,
				04483E952B47F53400774D4A /* Makefile in Sources */,
				0453BC6E2AD93535000909D6 /* MediaPlayerView.swift in Sources */,
				04483E992B47F53400774D4A /* whisper.cpp in Sources */,
				0464DA1129E423A80007EF24 /* Converter.swift in Sources */,
				0464DA0F29E423A80007EF24 /* ClapperRoughCutDocument.swift in Sources */,
				04F7A9EC29F9275D007E4C64 /* ExportSettings.swift in Sources */,
				0464D9FE29E423A80007EF24 /* ScriptRunner.swift in Sources */,
				043538F52AB2019B00775E0D /* ShortcutView.swift in Sources */,
				0464DA0029E423A80007EF24 /* FileSystemElement.swift in Sources */,
				04E2CABA2B80C43C00B27C2F /* EnvironmentVariables.swift in Sources */,
				040E07322AF15DAC00554BEA /* CustomSearchTextField.swift in Sources */,
				04483D752B47F53400774D4A /* whisper-encoder.mm in Sources */,
				0464DA0329E423A80007EF24 /* FileSystemOperations.swift in Sources */,
				04C0A0452AE5066A001F6B10 /* TranscriptionQuality.swift in Sources */,
				0452C90A2AC42565001E3AA7 /* FileSystemSelectionDetailView.swift in Sources */,
				04483D272B47F53400774D4A /* ggml-backend.c in Sources */,
				043538ED2AAFAFE700775E0D /* CustomContextMenuView.swift in Sources */,
				04F7A9E829F9262D007E4C64 /* ExportView.swift in Sources */,
				04483D762B47F53400774D4A /* whisper-decoder-impl.m in Sources */,
				04483E962B47F53400774D4A /* ggml-metal.metal in Sources */,
				043538F32AB073DE00775E0D /* Environment.swift in Sources */,
				043538D52AAC86DD00775E0D /* PhraseLabel.swift in Sources */,
				043538C92AABBB0D00775E0D /* Fonts.swift in Sources */,
				04F7A9E129F91AF2007E4C64 /* FileIcon.swift in Sources */,
				045D60E12AE6DE8C00833AB6 /* SubtitilesMode.swift in Sources */,
				0464AEDE2B8262D000269757 /* MatchPhraseResponse.swift in Sources */,
				0464D9FB29E423A80007EF24 /* TextMatcher.swift in Sources */,
				04C8B4FE2AFC003100B41843 /* SubtitlesView.swift in Sources */,
				04483EA12B4868D300774D4A /* MenuCommands.swift in Sources */,
				04F7A9EE29F96D27007E4C64 /* CustomTextField.swift in Sources */,
				04ACBED329E73C5A0093DD76 /* RoughCutProject.swift in Sources */,
				0464DA2129E423A80007EF24 /* WhisperAudioTranscriber.swift in Sources */,
				04C0A0422AE46001001F6B10 /* Binding.swift in Sources */,
				043538F12AAFB99100775E0D /* DocumentStates.swift in Sources */,
				04C0A0492AE52746001F6B10 /* Subtitle.swift in Sources */,
				0452C9082AC4236C001E3AA7 /* SeveralSelectionDetailView.swift in Sources */,
				043538D92AACD33500775E0D /* ImageButton.swift in Sources */,
				0464D9FF29E423A80007EF24 /* ScriptFile.swift in Sources */,
				04F7A9E329F91DE0007E4C64 /* Formatter.swift in Sources */,
				043538CF2AAC75CA00775E0D /* CustomLabel.swift in Sources */,
				04483D742B47F53400774D4A /* whisper-encoder-impl.m in Sources */,
				04483E942B47F53400774D4A /* ggml.c in Sources */,
				043EDDB829E7FE0F00DA5EFF /* PhraseMatcher.swift in Sources */,
				04483D252B47F53400774D4A /* ggml-quants.c in Sources */,
				049B0CC52AB39C27007E446D /* CharactersSettingsView.swift in Sources */,
				044C4C842AD6CA75006E6BBD /* FileSystemListItem.swift in Sources */,
				043538CA2AABBB0D00775E0D /* Assets.swift in Sources */,
				0426529B29EF26AE008855C1 /* SelectPhraseMatchView.swift in Sources */,
				043538E72AAD263100775E0D /* ModalSheet.swift in Sources */,
				043538D72AACA18D00775E0D /* HeaderView.swift in Sources */,
				04ACBEF329E7DE250093DD76 /* TranscriptionResult.swift in Sources */,
				04F7A9E629F91F82007E4C64 /* TranscribedIcon.swift in Sources */,
				043538EF2AAFB45000775E0D /* HeaderMenuConfiguration.swift in Sources */,
				043538EB2AAEFB9700775E0D /* OverlayMenu.swift in Sources */,
				04483D882B47F53400774D4A /* ggml-alloc.c in Sources */,
				043538CB2AABBB0D00775E0D /* Strings.swift in Sources */,
				0464DA0729E423A80007EF24 /* ScriptView.swift in Sources */,
				0464DA0E29E423A80007EF24 /* ClapperRoughCutApp.swift in Sources */,
				043538CD2AABD57100775E0D /* SystemImage.swift in Sources */,
				043538FF2AB21AD900775E0D /* SettingsView.swift in Sources */,
				04C0A0402AE3EF66001F6B10 /* Color.swift in Sources */,
				04F7A9EA29F926D1007E4C64 /* ExportOperations.swift in Sources */,
				0448AD4E29E5ADC20086BD89 /* RoundedButton.swift in Sources */,
				0448AD4B29E59CF40086BD89 /* FileSystemView.swift in Sources */,
				043EDDBD29E8B33D00DA5EFF /* ScenesMatchOperations.swift in Sources */,
				049B0CBF2AB34019007E446D /* ScriptCharacter.swift in Sources */,
			);
			runOnlyForDeploymentPostprocessing = 0;
		};
/* End PBXSourcesBuildPhase section */

/* Begin PBXVariantGroup section */
		043538C02AAB8B5400775E0D /* Localizable.strings */ = {
			isa = PBXVariantGroup;
			children = (
				043538C12AAB8B5400775E0D /* ru */,
			);
			name = Localizable.strings;
			sourceTree = "<group>";
		};
/* End PBXVariantGroup section */

/* Begin XCBuildConfiguration section */
		048455C6298D212600772EB0 /* Debug */ = {
			isa = XCBuildConfiguration;
			buildSettings = {
				ALWAYS_SEARCH_USER_PATHS = NO;
				CLANG_ANALYZER_NONNULL = YES;
				CLANG_ANALYZER_NUMBER_OBJECT_CONVERSION = YES_AGGRESSIVE;
				CLANG_CXX_LANGUAGE_STANDARD = "gnu++20";
				CLANG_ENABLE_MODULES = YES;
				CLANG_ENABLE_OBJC_ARC = YES;
				CLANG_ENABLE_OBJC_WEAK = YES;
				CLANG_WARN_BLOCK_CAPTURE_AUTORELEASING = YES;
				CLANG_WARN_BOOL_CONVERSION = YES;
				CLANG_WARN_COMMA = YES;
				CLANG_WARN_CONSTANT_CONVERSION = YES;
				CLANG_WARN_DEPRECATED_OBJC_IMPLEMENTATIONS = YES;
				CLANG_WARN_DIRECT_OBJC_ISA_USAGE = YES_ERROR;
				CLANG_WARN_DOCUMENTATION_COMMENTS = YES;
				CLANG_WARN_EMPTY_BODY = YES;
				CLANG_WARN_ENUM_CONVERSION = YES;
				CLANG_WARN_INFINITE_RECURSION = YES;
				CLANG_WARN_INT_CONVERSION = YES;
				CLANG_WARN_NON_LITERAL_NULL_CONVERSION = YES;
				CLANG_WARN_OBJC_IMPLICIT_RETAIN_SELF = YES;
				CLANG_WARN_OBJC_LITERAL_CONVERSION = YES;
				CLANG_WARN_OBJC_ROOT_CLASS = YES_ERROR;
				CLANG_WARN_QUOTED_INCLUDE_IN_FRAMEWORK_HEADER = YES;
				CLANG_WARN_RANGE_LOOP_ANALYSIS = YES;
				CLANG_WARN_STRICT_PROTOTYPES = YES;
				CLANG_WARN_SUSPICIOUS_MOVE = YES;
				CLANG_WARN_UNGUARDED_AVAILABILITY = YES_AGGRESSIVE;
				CLANG_WARN_UNREACHABLE_CODE = YES;
				CLANG_WARN__DUPLICATE_METHOD_MATCH = YES;
				COPY_PHASE_STRIP = NO;
				DEBUG_INFORMATION_FORMAT = dwarf;
				ENABLE_STRICT_OBJC_MSGSEND = YES;
				ENABLE_TESTABILITY = YES;
				GCC_C_LANGUAGE_STANDARD = gnu11;
				GCC_DYNAMIC_NO_PIC = NO;
				GCC_NO_COMMON_BLOCKS = YES;
				GCC_OPTIMIZATION_LEVEL = 0;
				GCC_PREPROCESSOR_DEFINITIONS = (
					"DEBUG=1",
					"$(inherited)",
				);
				GCC_WARN_64_TO_32_BIT_CONVERSION = YES;
				GCC_WARN_ABOUT_RETURN_TYPE = YES_ERROR;
				GCC_WARN_UNDECLARED_SELECTOR = YES;
				GCC_WARN_UNINITIALIZED_AUTOS = YES_AGGRESSIVE;
				GCC_WARN_UNUSED_FUNCTION = YES;
				GCC_WARN_UNUSED_VARIABLE = YES;
				MACOSX_DEPLOYMENT_TARGET = 12.3;
				MTL_ENABLE_DEBUG_INFO = INCLUDE_SOURCE;
				MTL_FAST_MATH = YES;
				ONLY_ACTIVE_ARCH = YES;
				SDKROOT = macosx;
				SWIFT_ACTIVE_COMPILATION_CONDITIONS = DEBUG;
				SWIFT_OPTIMIZATION_LEVEL = "-Onone";
			};
			name = Debug;
		};
		048455C7298D212600772EB0 /* Release */ = {
			isa = XCBuildConfiguration;
			buildSettings = {
				ALWAYS_SEARCH_USER_PATHS = NO;
				CLANG_ANALYZER_NONNULL = YES;
				CLANG_ANALYZER_NUMBER_OBJECT_CONVERSION = YES_AGGRESSIVE;
				CLANG_CXX_LANGUAGE_STANDARD = "gnu++20";
				CLANG_ENABLE_MODULES = YES;
				CLANG_ENABLE_OBJC_ARC = YES;
				CLANG_ENABLE_OBJC_WEAK = YES;
				CLANG_WARN_BLOCK_CAPTURE_AUTORELEASING = YES;
				CLANG_WARN_BOOL_CONVERSION = YES;
				CLANG_WARN_COMMA = YES;
				CLANG_WARN_CONSTANT_CONVERSION = YES;
				CLANG_WARN_DEPRECATED_OBJC_IMPLEMENTATIONS = YES;
				CLANG_WARN_DIRECT_OBJC_ISA_USAGE = YES_ERROR;
				CLANG_WARN_DOCUMENTATION_COMMENTS = YES;
				CLANG_WARN_EMPTY_BODY = YES;
				CLANG_WARN_ENUM_CONVERSION = YES;
				CLANG_WARN_INFINITE_RECURSION = YES;
				CLANG_WARN_INT_CONVERSION = YES;
				CLANG_WARN_NON_LITERAL_NULL_CONVERSION = YES;
				CLANG_WARN_OBJC_IMPLICIT_RETAIN_SELF = YES;
				CLANG_WARN_OBJC_LITERAL_CONVERSION = YES;
				CLANG_WARN_OBJC_ROOT_CLASS = YES_ERROR;
				CLANG_WARN_QUOTED_INCLUDE_IN_FRAMEWORK_HEADER = YES;
				CLANG_WARN_RANGE_LOOP_ANALYSIS = YES;
				CLANG_WARN_STRICT_PROTOTYPES = YES;
				CLANG_WARN_SUSPICIOUS_MOVE = YES;
				CLANG_WARN_UNGUARDED_AVAILABILITY = YES_AGGRESSIVE;
				CLANG_WARN_UNREACHABLE_CODE = YES;
				CLANG_WARN__DUPLICATE_METHOD_MATCH = YES;
				COPY_PHASE_STRIP = NO;
				DEBUG_INFORMATION_FORMAT = "dwarf-with-dsym";
				ENABLE_NS_ASSERTIONS = NO;
				ENABLE_STRICT_OBJC_MSGSEND = YES;
				GCC_C_LANGUAGE_STANDARD = gnu11;
				GCC_NO_COMMON_BLOCKS = YES;
				GCC_WARN_64_TO_32_BIT_CONVERSION = YES;
				GCC_WARN_ABOUT_RETURN_TYPE = YES_ERROR;
				GCC_WARN_UNDECLARED_SELECTOR = YES;
				GCC_WARN_UNINITIALIZED_AUTOS = YES_AGGRESSIVE;
				GCC_WARN_UNUSED_FUNCTION = YES;
				GCC_WARN_UNUSED_VARIABLE = YES;
				MACOSX_DEPLOYMENT_TARGET = 12.3;
				MTL_ENABLE_DEBUG_INFO = NO;
				MTL_FAST_MATH = YES;
				SDKROOT = macosx;
				SWIFT_COMPILATION_MODE = wholemodule;
				SWIFT_OPTIMIZATION_LEVEL = "-O";
			};
			name = Release;
		};
		048455C9298D212600772EB0 /* Debug */ = {
			isa = XCBuildConfiguration;
			baseConfigurationReference = CAD388714F18F277B634EED1 /* Pods-Clapper-Rough-Cut.debug.xcconfig */;
			buildSettings = {
				ASSETCATALOG_COMPILER_APPICON_NAME = AppIcon;
				ASSETCATALOG_COMPILER_GLOBAL_ACCENT_COLOR_NAME = AccentColor;
				ASSETCATALOG_COMPILER_INCLUDE_ALL_APPICON_ASSETS = YES;
				CLANG_ENABLE_MODULES = YES;
				CODE_SIGN_ENTITLEMENTS = "Clapper-Rough-Cut/Clapper_Rough_Cut.entitlements";
				CODE_SIGN_IDENTITY = "Apple Development";
				"CODE_SIGN_IDENTITY[sdk=macosx*]" = "Apple Development";
				CODE_SIGN_STYLE = Automatic;
				COMBINE_HIDPI_IMAGES = YES;
				CURRENT_PROJECT_VERSION = 1;
				DEVELOPMENT_ASSET_PATHS = "\"Clapper-Rough-Cut/Preview Content\"";
				DEVELOPMENT_TEAM = 7944299YL2;
				ENABLE_HARDENED_RUNTIME = YES;
				ENABLE_PREVIEWS = YES;
				GENERATE_INFOPLIST_FILE = YES;
				INFOPLIST_FILE = "Clapper-Rough-Cut/Info.plist";
				INFOPLIST_KEY_CFBundleDisplayName = "Clapper: Rough-Cut";
				INFOPLIST_KEY_LSApplicationCategoryType = "public.app-category.video";
				INFOPLIST_KEY_NSHumanReadableCopyright = "";
				LD_RUNPATH_SEARCH_PATHS = (
					"$(inherited)",
					"@executable_path/../Frameworks",
				);
				LIBRARY_SEARCH_PATHS = "$(inherited)";
				MACOSX_DEPLOYMENT_TARGET = 13.0;
				MARKETING_VERSION = 1.0;
				PRODUCT_BUNDLE_IDENTIFIER = "com.vigvamcev-media.Clapper-Rough-Cut";
				PRODUCT_NAME = "$(TARGET_NAME)";
				PROJECT_DIR = "$(PROJECT_DIR)";
				PROVISIONING_PROFILE_SPECIFIER = "";
				SWIFT_EMIT_LOC_STRINGS = YES;
				SWIFT_OBJC_BRIDGING_HEADER = "";
				SWIFT_OPTIMIZATION_LEVEL = "-Onone";
				SWIFT_VERSION = 5.0;
			};
			name = Debug;
		};
		048455CA298D212600772EB0 /* Release */ = {
			isa = XCBuildConfiguration;
			baseConfigurationReference = DB61326F2F6E0BB0646CAA4F /* Pods-Clapper-Rough-Cut.release.xcconfig */;
			buildSettings = {
				ASSETCATALOG_COMPILER_APPICON_NAME = AppIcon;
				ASSETCATALOG_COMPILER_GLOBAL_ACCENT_COLOR_NAME = AccentColor;
				ASSETCATALOG_COMPILER_INCLUDE_ALL_APPICON_ASSETS = YES;
				CLANG_ENABLE_MODULES = YES;
				CODE_SIGN_ENTITLEMENTS = "Clapper-Rough-Cut/Clapper_Rough_Cut.entitlements";
				CODE_SIGN_IDENTITY = "Apple Development";
				"CODE_SIGN_IDENTITY[sdk=macosx*]" = "Apple Development";
				CODE_SIGN_STYLE = Automatic;
				COMBINE_HIDPI_IMAGES = YES;
				CURRENT_PROJECT_VERSION = 1;
				DEVELOPMENT_ASSET_PATHS = "\"Clapper-Rough-Cut/Preview Content\"";
				DEVELOPMENT_TEAM = 7944299YL2;
				ENABLE_HARDENED_RUNTIME = YES;
				ENABLE_PREVIEWS = YES;
				GENERATE_INFOPLIST_FILE = YES;
				INFOPLIST_FILE = "Clapper-Rough-Cut/Info.plist";
				INFOPLIST_KEY_CFBundleDisplayName = "Clapper: Rough-Cut";
				INFOPLIST_KEY_LSApplicationCategoryType = "public.app-category.video";
				INFOPLIST_KEY_NSHumanReadableCopyright = "";
				LD_RUNPATH_SEARCH_PATHS = (
					"$(inherited)",
					"@executable_path/../Frameworks",
				);
				LIBRARY_SEARCH_PATHS = "$(inherited)";
				MACOSX_DEPLOYMENT_TARGET = 13.0;
				MARKETING_VERSION = 1.0;
				PRODUCT_BUNDLE_IDENTIFIER = "com.vigvamcev-media.Clapper-Rough-Cut";
				PRODUCT_NAME = "$(TARGET_NAME)";
				PROJECT_DIR = "$(PROJECT_DIR)";
				PROVISIONING_PROFILE_SPECIFIER = "";
				SWIFT_EMIT_LOC_STRINGS = YES;
				SWIFT_OBJC_BRIDGING_HEADER = "";
				SWIFT_VERSION = 5.0;
			};
			name = Release;
		};
/* End XCBuildConfiguration section */

/* Begin XCConfigurationList section */
		0484559B298D212400772EB0 /* Build configuration list for PBXProject "Clapper-Rough-Cut" */ = {
			isa = XCConfigurationList;
			buildConfigurations = (
				048455C6298D212600772EB0 /* Debug */,
				048455C7298D212600772EB0 /* Release */,
			);
			defaultConfigurationIsVisible = 0;
			defaultConfigurationName = Release;
		};
		048455C8298D212600772EB0 /* Build configuration list for PBXNativeTarget "Clapper-Rough-Cut" */ = {
			isa = XCConfigurationList;
			buildConfigurations = (
				048455C9298D212600772EB0 /* Debug */,
				048455CA298D212600772EB0 /* Release */,
			);
			defaultConfigurationIsVisible = 0;
			defaultConfigurationName = Release;
		};
/* End XCConfigurationList section */

/* Begin XCRemoteSwiftPackageReference section */
		0462233F29E2B56C00944093 /* XCRemoteSwiftPackageReference "PythonKit" */ = {
			isa = XCRemoteSwiftPackageReference;
			repositoryURL = "https://github.com/pvieito/PythonKit";
			requirement = {
				branch = master;
				kind = branch;
			};
		};
		04BA3A0C29E1F26300047A9B /* XCRemoteSwiftPackageReference "AudioKit" */ = {
			isa = XCRemoteSwiftPackageReference;
			repositoryURL = "https://github.com/AudioKit/AudioKit.git";
			requirement = {
				kind = upToNextMajorVersion;
				minimumVersion = 5.0.0;
			};
		};
/* End XCRemoteSwiftPackageReference section */

/* Begin XCSwiftPackageProductDependency section */
		0400DA4E29EDC860003AD42B /* PythonKit */ = {
			isa = XCSwiftPackageProductDependency;
			package = 0462233F29E2B56C00944093 /* XCRemoteSwiftPackageReference "PythonKit" */;
			productName = PythonKit;
		};
		04BA3A0D29E1F26300047A9B /* AudioKit */ = {
			isa = XCSwiftPackageProductDependency;
			package = 04BA3A0C29E1F26300047A9B /* XCRemoteSwiftPackageReference "AudioKit" */;
			productName = AudioKit;
		};
/* End XCSwiftPackageProductDependency section */
	};
	rootObject = 04845598298D212400772EB0 /* Project object */;
}
