// !$*UTF8*$!
{
	archiveVersion = 1;
	classes = {
	};
	objectVersion = 56;
	objects = {

/* Begin PBXBuildFile section */
		0400DA4F29EDC860003AD42B /* PythonKit in Frameworks */ = {isa = PBXBuildFile; productRef = 0400DA4E29EDC860003AD42B /* PythonKit */; };
		0426529B29EF26AE008855C1 /* SelectPhraseMatchView.swift in Sources */ = {isa = PBXBuildFile; fileRef = 0426529A29EF26AE008855C1 /* SelectPhraseMatchView.swift */; };
		0426529D29EF3869008855C1 /* MFCC.py in Resources */ = {isa = PBXBuildFile; fileRef = 0426529C29EF3869008855C1 /* MFCC.py */; };
		0426529F29EFB6FB008855C1 /* MFCC_Wrapper.swift in Sources */ = {isa = PBXBuildFile; fileRef = 0426529E29EFB6FB008855C1 /* MFCC_Wrapper.swift */; };
		043538C22AAB8B5400775E0D /* Localizable.strings in Resources */ = {isa = PBXBuildFile; fileRef = 043538C02AAB8B5400775E0D /* Localizable.strings */; };
		043538C52AABA51C00775E0D /* String.swift in Sources */ = {isa = PBXBuildFile; fileRef = 043538C42AABA51C00775E0D /* String.swift */; };
		043538C92AABBB0D00775E0D /* Fonts.swift in Sources */ = {isa = PBXBuildFile; fileRef = 043538C62AABBB0D00775E0D /* Fonts.swift */; };
		043538CA2AABBB0D00775E0D /* Assets.swift in Sources */ = {isa = PBXBuildFile; fileRef = 043538C72AABBB0D00775E0D /* Assets.swift */; };
		043538CB2AABBB0D00775E0D /* Strings.swift in Sources */ = {isa = PBXBuildFile; fileRef = 043538C82AABBB0D00775E0D /* Strings.swift */; };
		043538CD2AABD57100775E0D /* SystemImage.swift in Sources */ = {isa = PBXBuildFile; fileRef = 043538CC2AABD57100775E0D /* SystemImage.swift */; };
		043538CF2AAC75CA00775E0D /* CustomLabel.swift in Sources */ = {isa = PBXBuildFile; fileRef = 043538CE2AAC75CA00775E0D /* CustomLabel.swift */; };
		043538D22AAC855200775E0D /* Limelight-Regular.ttf in Resources */ = {isa = PBXBuildFile; fileRef = 043538D02AAC855200775E0D /* Limelight-Regular.ttf */; };
		043538D32AAC855200775E0D /* NunitoSans.ttf in Resources */ = {isa = PBXBuildFile; fileRef = 043538D12AAC855200775E0D /* NunitoSans.ttf */; };
		043538D52AAC86DD00775E0D /* PhraseLabel.swift in Sources */ = {isa = PBXBuildFile; fileRef = 043538D42AAC86DD00775E0D /* PhraseLabel.swift */; };
		043538D72AACA18D00775E0D /* HeaderView.swift in Sources */ = {isa = PBXBuildFile; fileRef = 043538D62AACA18D00775E0D /* HeaderView.swift */; };
		043538D92AACD33500775E0D /* ImageButton.swift in Sources */ = {isa = PBXBuildFile; fileRef = 043538D82AACD33500775E0D /* ImageButton.swift */; };
		043538E72AAD263100775E0D /* ModalSheet.swift in Sources */ = {isa = PBXBuildFile; fileRef = 043538E62AAD263100775E0D /* ModalSheet.swift */; };
		043538EB2AAEFB9700775E0D /* OverlayMenu.swift in Sources */ = {isa = PBXBuildFile; fileRef = 043538EA2AAEFB9700775E0D /* OverlayMenu.swift */; };
		043538ED2AAFAFE700775E0D /* CustomContextMenuView.swift in Sources */ = {isa = PBXBuildFile; fileRef = 043538EC2AAFAFE700775E0D /* CustomContextMenuView.swift */; };
		043538EF2AAFB45000775E0D /* HeaderMenuConfiguration.swift in Sources */ = {isa = PBXBuildFile; fileRef = 043538EE2AAFB45000775E0D /* HeaderMenuConfiguration.swift */; };
		043538F12AAFB99100775E0D /* DocumentStates.swift in Sources */ = {isa = PBXBuildFile; fileRef = 043538F02AAFB99100775E0D /* DocumentStates.swift */; };
		043538F32AB073DE00775E0D /* Environment.swift in Sources */ = {isa = PBXBuildFile; fileRef = 043538F22AB073DE00775E0D /* Environment.swift */; };
		043538F52AB2019B00775E0D /* ShortcutView.swift in Sources */ = {isa = PBXBuildFile; fileRef = 043538F42AB2019B00775E0D /* ShortcutView.swift */; };
		043538F82AB21A6A00775E0D /* KeyboardShortcuts in Frameworks */ = {isa = PBXBuildFile; productRef = 043538F72AB21A6A00775E0D /* KeyboardShortcuts */; };
		043538FA2AB21A9300775E0D /* KeyboardShortcuts.swift in Sources */ = {isa = PBXBuildFile; fileRef = 043538F92AB21A9300775E0D /* KeyboardShortcuts.swift */; };
		043538FF2AB21AD900775E0D /* SettingsView.swift in Sources */ = {isa = PBXBuildFile; fileRef = 043538FE2AB21AD900775E0D /* SettingsView.swift */; };
		043EDDB829E7FE0F00DA5EFF /* PhraseMatcher.swift in Sources */ = {isa = PBXBuildFile; fileRef = 043EDDB729E7FE0F00DA5EFF /* PhraseMatcher.swift */; };
		043EDDBD29E8B33D00DA5EFF /* ScenesMatchOperations.swift in Sources */ = {isa = PBXBuildFile; fileRef = 043EDDBC29E8B33D00DA5EFF /* ScenesMatchOperations.swift */; };
		043EDDC229E92ED400DA5EFF /* StringsMatcher.cpp in Sources */ = {isa = PBXBuildFile; fileRef = 043EDDC029E92ED400DA5EFF /* StringsMatcher.cpp */; };
		043EDDC429E9317A00DA5EFF /* StringsMatcher_Wrapper.mm in Sources */ = {isa = PBXBuildFile; fileRef = 043EDDC329E9317A00DA5EFF /* StringsMatcher_Wrapper.mm */; };
		043EDDC729E953FF00DA5EFF /* TakesMatchOperations.swift in Sources */ = {isa = PBXBuildFile; fileRef = 043EDDC629E953FF00DA5EFF /* TakesMatchOperations.swift */; };
		043EDDCC29E95EB100DA5EFF /* WaveFunction.cpp in Sources */ = {isa = PBXBuildFile; fileRef = 043EDDCA29E95EB100DA5EFF /* WaveFunction.cpp */; };
		043EDDCF29E961A500DA5EFF /* WaveFunction_Wrapper.mm in Sources */ = {isa = PBXBuildFile; fileRef = 043EDDCE29E961A500DA5EFF /* WaveFunction_Wrapper.mm */; };
		043EDDD229E9E21000DA5EFF /* RawTakeView.swift in Sources */ = {isa = PBXBuildFile; fileRef = 043EDDD129E9E21000DA5EFF /* RawTakeView.swift */; };
		0448AD4B29E59CF40086BD89 /* FileSystemView.swift in Sources */ = {isa = PBXBuildFile; fileRef = 0448AD4A29E59CF40086BD89 /* FileSystemView.swift */; };
		0448AD4E29E5ADC20086BD89 /* RoundedButton.swift in Sources */ = {isa = PBXBuildFile; fileRef = 0448AD4D29E5ADC20086BD89 /* RoundedButton.swift */; };
		0448AD5029E684FD0086BD89 /* RawFileDetailView.swift in Sources */ = {isa = PBXBuildFile; fileRef = 0448AD4F29E684FD0086BD89 /* RawFileDetailView.swift */; };
		0464D9FB29E423A80007EF24 /* TextsMatcher_Wrapper.swift in Sources */ = {isa = PBXBuildFile; fileRef = 0464D9C229E423A70007EF24 /* TextsMatcher_Wrapper.swift */; };
		0464D9FC29E423A80007EF24 /* text_matcher.py in Resources */ = {isa = PBXBuildFile; fileRef = 0464D9C329E423A70007EF24 /* text_matcher.py */; };
		0464D9FD29E423A80007EF24 /* Assets.xcassets in Resources */ = {isa = PBXBuildFile; fileRef = 0464D9C529E423A70007EF24 /* Assets.xcassets */; };
		0464D9FE29E423A80007EF24 /* ScriptRunner.swift in Sources */ = {isa = PBXBuildFile; fileRef = 0464D9C729E423A70007EF24 /* ScriptRunner.swift */; };
		0464D9FF29E423A80007EF24 /* ScriptFile.swift in Sources */ = {isa = PBXBuildFile; fileRef = 0464D9C929E423A70007EF24 /* ScriptFile.swift */; };
		0464DA0029E423A80007EF24 /* FileSystemElement.swift in Sources */ = {isa = PBXBuildFile; fileRef = 0464D9CA29E423A70007EF24 /* FileSystemElement.swift */; };
		0464DA0129E423A80007EF24 /* Preview Assets.xcassets in Resources */ = {isa = PBXBuildFile; fileRef = 0464D9CC29E423A70007EF24 /* Preview Assets.xcassets */; };
		0464DA0229E423A80007EF24 /* RawFileView.swift in Sources */ = {isa = PBXBuildFile; fileRef = 0464D9CF29E423A70007EF24 /* RawFileView.swift */; };
		0464DA0329E423A80007EF24 /* FileSystemOperations.swift in Sources */ = {isa = PBXBuildFile; fileRef = 0464D9D029E423A70007EF24 /* FileSystemOperations.swift */; };
		0464DA0629E423A80007EF24 /* ScriptFileOperations.swift in Sources */ = {isa = PBXBuildFile; fileRef = 0464D9D429E423A70007EF24 /* ScriptFileOperations.swift */; };
		0464DA0729E423A80007EF24 /* ScriptView.swift in Sources */ = {isa = PBXBuildFile; fileRef = 0464D9D529E423A70007EF24 /* ScriptView.swift */; };
		0464DA0E29E423A80007EF24 /* Clapper_Rough_CutApp.swift in Sources */ = {isa = PBXBuildFile; fileRef = 0464D9DE29E423A70007EF24 /* Clapper_Rough_CutApp.swift */; };
		0464DA0F29E423A80007EF24 /* ClapperRoughCutDocument.swift in Sources */ = {isa = PBXBuildFile; fileRef = 0464D9DF29E423A70007EF24 /* ClapperRoughCutDocument.swift */; };
		0464DA1029E423A80007EF24 /* ContentView.swift in Sources */ = {isa = PBXBuildFile; fileRef = 0464D9E029E423A70007EF24 /* ContentView.swift */; };
		0464DA1129E423A80007EF24 /* Converter.swift in Sources */ = {isa = PBXBuildFile; fileRef = 0464D9E329E423A70007EF24 /* Converter.swift */; };
		0464DA2129E423A80007EF24 /* WhisperAudioTranscriber.swift in Sources */ = {isa = PBXBuildFile; fileRef = 0464D9F929E423A70007EF24 /* WhisperAudioTranscriber.swift */; };
		049B0CBF2AB34019007E446D /* ScriptCharacter.swift in Sources */ = {isa = PBXBuildFile; fileRef = 049B0CBE2AB34019007E446D /* ScriptCharacter.swift */; };
		049B0CC52AB39C27007E446D /* CharactersSettingsView.swift in Sources */ = {isa = PBXBuildFile; fileRef = 049B0CC42AB39C27007E446D /* CharactersSettingsView.swift */; };
		04A72EB62AB2785300000482 /* ggml-medium.bin in Resources */ = {isa = PBXBuildFile; fileRef = 04A72EB52AB2785300000482 /* ggml-medium.bin */; };
		04ACBED329E73C5A0093DD76 /* RoughCutProject.swift in Sources */ = {isa = PBXBuildFile; fileRef = 04ACBED229E73C5A0093DD76 /* RoughCutProject.swift */; };
		04ACBEF329E7DE250093DD76 /* TranscriptionResult.swift in Sources */ = {isa = PBXBuildFile; fileRef = 04ACBEF229E7DE250093DD76 /* TranscriptionResult.swift */; };
		04ACBEF729E7EA2F0093DD76 /* RawFilesFolderView.swift in Sources */ = {isa = PBXBuildFile; fileRef = 04ACBEF629E7EA2F0093DD76 /* RawFilesFolderView.swift */; };
		04BA3A0E29E1F26300047A9B /* AudioKit in Frameworks */ = {isa = PBXBuildFile; productRef = 04BA3A0D29E1F26300047A9B /* AudioKit */; };
		04E23A382AA9F16800F14C3D /* Overpass.ttf in Resources */ = {isa = PBXBuildFile; fileRef = 04E23A372AA9F16800F14C3D /* Overpass.ttf */; };
		04F7A9E129F91AF2007E4C64 /* FileIcon.swift in Sources */ = {isa = PBXBuildFile; fileRef = 04F7A9E029F91AF2007E4C64 /* FileIcon.swift */; };
		04F7A9E329F91DE0007E4C64 /* Formatter.swift in Sources */ = {isa = PBXBuildFile; fileRef = 04F7A9E229F91DE0007E4C64 /* Formatter.swift */; };
		04F7A9E629F91F82007E4C64 /* TranscribedIcon.swift in Sources */ = {isa = PBXBuildFile; fileRef = 04F7A9E529F91F82007E4C64 /* TranscribedIcon.swift */; };
		04F7A9E829F9262D007E4C64 /* ExportView.swift in Sources */ = {isa = PBXBuildFile; fileRef = 04F7A9E729F9262D007E4C64 /* ExportView.swift */; };
		04F7A9EA29F926D1007E4C64 /* ExportOperations.swift in Sources */ = {isa = PBXBuildFile; fileRef = 04F7A9E929F926D1007E4C64 /* ExportOperations.swift */; };
		04F7A9EC29F9275D007E4C64 /* ExportSettings.swift in Sources */ = {isa = PBXBuildFile; fileRef = 04F7A9EB29F9275D007E4C64 /* ExportSettings.swift */; };
		04F7A9EE29F96D27007E4C64 /* CustomTextField.swift in Sources */ = {isa = PBXBuildFile; fileRef = 04F7A9ED29F96D27007E4C64 /* CustomTextField.swift */; };
		04FE4B8A29F818DE00634522 /* main in Resources */ = {isa = PBXBuildFile; fileRef = 044307FF29E2A70800705B78 /* main */; };
		04FE4B8C29F819EB00634522 /* ggml-base.bin in Resources */ = {isa = PBXBuildFile; fileRef = 04FE4B8B29F819EB00634522 /* ggml-base.bin */; };
		04FE56CC29F846DD00634522 /* python3.9 in Resources */ = {isa = PBXBuildFile; fileRef = 04FE56CB29F846DD00634522 /* python3.9 */; };
		04FE56D029F8663E00634522 /* RawTakeDetailView.swift in Sources */ = {isa = PBXBuildFile; fileRef = 04FE56CF29F8663E00634522 /* RawTakeDetailView.swift */; };
		04FE56D429F876F000634522 /* RawFolderDetailView.swift in Sources */ = {isa = PBXBuildFile; fileRef = 04FE56D329F876F000634522 /* RawFolderDetailView.swift */; };
		5D261780BFA60E95AC843D56 /* Pods_Clapper_Rough_Cut.framework in Frameworks */ = {isa = PBXBuildFile; fileRef = 08EA0AE07B656F6BD5FF1A21 /* Pods_Clapper_Rough_Cut.framework */; };
/* End PBXBuildFile section */

/* Begin PBXFileReference section */
		0426529A29EF26AE008855C1 /* SelectPhraseMatchView.swift */ = {isa = PBXFileReference; lastKnownFileType = sourcecode.swift; path = SelectPhraseMatchView.swift; sourceTree = "<group>"; };
		0426529C29EF3869008855C1 /* MFCC.py */ = {isa = PBXFileReference; lastKnownFileType = text.script.python; path = MFCC.py; sourceTree = "<group>"; };
		0426529E29EFB6FB008855C1 /* MFCC_Wrapper.swift */ = {isa = PBXFileReference; lastKnownFileType = sourcecode.swift; path = MFCC_Wrapper.swift; sourceTree = "<group>"; };
		043538C12AAB8B5400775E0D /* ru */ = {isa = PBXFileReference; lastKnownFileType = text.plist.strings; name = ru; path = Localizable.strings; sourceTree = "<group>"; };
		043538C42AABA51C00775E0D /* String.swift */ = {isa = PBXFileReference; lastKnownFileType = sourcecode.swift; path = String.swift; sourceTree = "<group>"; };
		043538C62AABBB0D00775E0D /* Fonts.swift */ = {isa = PBXFileReference; fileEncoding = 4; lastKnownFileType = sourcecode.swift; path = Fonts.swift; sourceTree = "<group>"; };
		043538C72AABBB0D00775E0D /* Assets.swift */ = {isa = PBXFileReference; fileEncoding = 4; lastKnownFileType = sourcecode.swift; path = Assets.swift; sourceTree = "<group>"; };
		043538C82AABBB0D00775E0D /* Strings.swift */ = {isa = PBXFileReference; fileEncoding = 4; lastKnownFileType = sourcecode.swift; path = Strings.swift; sourceTree = "<group>"; };
		043538CC2AABD57100775E0D /* SystemImage.swift */ = {isa = PBXFileReference; lastKnownFileType = sourcecode.swift; path = SystemImage.swift; sourceTree = "<group>"; };
		043538CE2AAC75CA00775E0D /* CustomLabel.swift */ = {isa = PBXFileReference; lastKnownFileType = sourcecode.swift; path = CustomLabel.swift; sourceTree = "<group>"; };
		043538D02AAC855200775E0D /* Limelight-Regular.ttf */ = {isa = PBXFileReference; lastKnownFileType = file; path = "Limelight-Regular.ttf"; sourceTree = "<group>"; };
		043538D12AAC855200775E0D /* NunitoSans.ttf */ = {isa = PBXFileReference; lastKnownFileType = file; path = NunitoSans.ttf; sourceTree = "<group>"; };
		043538D42AAC86DD00775E0D /* PhraseLabel.swift */ = {isa = PBXFileReference; lastKnownFileType = sourcecode.swift; path = PhraseLabel.swift; sourceTree = "<group>"; };
		043538D62AACA18D00775E0D /* HeaderView.swift */ = {isa = PBXFileReference; lastKnownFileType = sourcecode.swift; path = HeaderView.swift; sourceTree = "<group>"; };
		043538D82AACD33500775E0D /* ImageButton.swift */ = {isa = PBXFileReference; lastKnownFileType = sourcecode.swift; path = ImageButton.swift; sourceTree = "<group>"; };
		043538E62AAD263100775E0D /* ModalSheet.swift */ = {isa = PBXFileReference; lastKnownFileType = sourcecode.swift; path = ModalSheet.swift; sourceTree = "<group>"; };
		043538EA2AAEFB9700775E0D /* OverlayMenu.swift */ = {isa = PBXFileReference; lastKnownFileType = sourcecode.swift; path = OverlayMenu.swift; sourceTree = "<group>"; };
		043538EC2AAFAFE700775E0D /* CustomContextMenuView.swift */ = {isa = PBXFileReference; lastKnownFileType = sourcecode.swift; path = CustomContextMenuView.swift; sourceTree = "<group>"; };
		043538EE2AAFB45000775E0D /* HeaderMenuConfiguration.swift */ = {isa = PBXFileReference; lastKnownFileType = sourcecode.swift; path = HeaderMenuConfiguration.swift; sourceTree = "<group>"; };
		043538F02AAFB99100775E0D /* DocumentStates.swift */ = {isa = PBXFileReference; lastKnownFileType = sourcecode.swift; path = DocumentStates.swift; sourceTree = "<group>"; };
		043538F22AB073DE00775E0D /* Environment.swift */ = {isa = PBXFileReference; lastKnownFileType = sourcecode.swift; path = Environment.swift; sourceTree = "<group>"; };
		043538F42AB2019B00775E0D /* ShortcutView.swift */ = {isa = PBXFileReference; lastKnownFileType = sourcecode.swift; path = ShortcutView.swift; sourceTree = "<group>"; };
		043538F92AB21A9300775E0D /* KeyboardShortcuts.swift */ = {isa = PBXFileReference; lastKnownFileType = sourcecode.swift; path = KeyboardShortcuts.swift; sourceTree = "<group>"; };
		043538FE2AB21AD900775E0D /* SettingsView.swift */ = {isa = PBXFileReference; lastKnownFileType = sourcecode.swift; path = SettingsView.swift; sourceTree = "<group>"; };
		043EDDB729E7FE0F00DA5EFF /* PhraseMatcher.swift */ = {isa = PBXFileReference; lastKnownFileType = sourcecode.swift; path = PhraseMatcher.swift; sourceTree = "<group>"; };
		043EDDBC29E8B33D00DA5EFF /* ScenesMatchOperations.swift */ = {isa = PBXFileReference; lastKnownFileType = sourcecode.swift; path = ScenesMatchOperations.swift; sourceTree = "<group>"; };
		043EDDBF29E92ED300DA5EFF /* Clapper-Rough-Cut-Bridging-Header.h */ = {isa = PBXFileReference; lastKnownFileType = sourcecode.c.h; path = "Clapper-Rough-Cut-Bridging-Header.h"; sourceTree = "<group>"; };
		043EDDC029E92ED400DA5EFF /* StringsMatcher.cpp */ = {isa = PBXFileReference; lastKnownFileType = sourcecode.cpp.cpp; path = StringsMatcher.cpp; sourceTree = "<group>"; };
		043EDDC129E92ED400DA5EFF /* StringsMatcher.hpp */ = {isa = PBXFileReference; lastKnownFileType = sourcecode.cpp.h; path = StringsMatcher.hpp; sourceTree = "<group>"; };
		043EDDC329E9317A00DA5EFF /* StringsMatcher_Wrapper.mm */ = {isa = PBXFileReference; lastKnownFileType = sourcecode.cpp.objcpp; path = StringsMatcher_Wrapper.mm; sourceTree = "<group>"; };
		043EDDC529E9318A00DA5EFF /* StringsMatcher_Wrapper.h */ = {isa = PBXFileReference; lastKnownFileType = sourcecode.c.h; path = StringsMatcher_Wrapper.h; sourceTree = "<group>"; };
		043EDDC629E953FF00DA5EFF /* TakesMatchOperations.swift */ = {isa = PBXFileReference; lastKnownFileType = sourcecode.swift; path = TakesMatchOperations.swift; sourceTree = "<group>"; };
		043EDDCA29E95EB100DA5EFF /* WaveFunction.cpp */ = {isa = PBXFileReference; lastKnownFileType = sourcecode.cpp.cpp; path = WaveFunction.cpp; sourceTree = "<group>"; };
		043EDDCB29E95EB100DA5EFF /* WaveFunction.hpp */ = {isa = PBXFileReference; lastKnownFileType = sourcecode.cpp.h; path = WaveFunction.hpp; sourceTree = "<group>"; };
		043EDDCD29E95F1100DA5EFF /* WaveStructure.h */ = {isa = PBXFileReference; lastKnownFileType = sourcecode.c.h; path = WaveStructure.h; sourceTree = "<group>"; };
		043EDDCE29E961A500DA5EFF /* WaveFunction_Wrapper.mm */ = {isa = PBXFileReference; lastKnownFileType = sourcecode.cpp.objcpp; path = WaveFunction_Wrapper.mm; sourceTree = "<group>"; };
		043EDDD029E961AD00DA5EFF /* WaveFunction_Wrapper.h */ = {isa = PBXFileReference; lastKnownFileType = sourcecode.c.h; path = WaveFunction_Wrapper.h; sourceTree = "<group>"; };
		043EDDD129E9E21000DA5EFF /* RawTakeView.swift */ = {isa = PBXFileReference; lastKnownFileType = sourcecode.swift; path = RawTakeView.swift; sourceTree = "<group>"; };
		044307FD29E2A70800705B78 /* CMakeLists.txt */ = {isa = PBXFileReference; lastKnownFileType = text; path = CMakeLists.txt; sourceTree = "<group>"; };
		044307FE29E2A70800705B78 /* whisper.textClipping */ = {isa = PBXFileReference; lastKnownFileType = file.bplist; path = whisper.textClipping; sourceTree = "<group>"; };
		044307FF29E2A70800705B78 /* main */ = {isa = PBXFileReference; lastKnownFileType = "compiled.mach-o.executable"; path = main; sourceTree = "<group>"; };
		0443080029E2A70800705B78 /* .gitmodules */ = {isa = PBXFileReference; lastKnownFileType = text; path = .gitmodules; sourceTree = "<group>"; };
		0443080129E2A70800705B78 /* README.md */ = {isa = PBXFileReference; lastKnownFileType = net.daringfireball.markdown; path = README.md; sourceTree = "<group>"; };
		0443080229E2A70800705B78 /* ggml.h */ = {isa = PBXFileReference; lastKnownFileType = sourcecode.c.h; path = ggml.h; sourceTree = "<group>"; };
		0443080329E2A70800705B78 /* Makefile */ = {isa = PBXFileReference; lastKnownFileType = sourcecode.make; path = Makefile; sourceTree = "<group>"; };
		0443080429E2A70900705B78 /* whisper.h */ = {isa = PBXFileReference; lastKnownFileType = sourcecode.c.h; path = whisper.h; sourceTree = "<group>"; };
		0443080529E2A70900705B78 /* ggml.c */ = {isa = PBXFileReference; lastKnownFileType = sourcecode.c.c; path = ggml.c; sourceTree = "<group>"; };
		0443080629E2A70900705B78 /* whisper.cpp */ = {isa = PBXFileReference; lastKnownFileType = sourcecode.cpp.cpp; path = whisper.cpp; sourceTree = "<group>"; };
		0443080729E2A70900705B78 /* bench */ = {isa = PBXFileReference; lastKnownFileType = "compiled.mach-o.executable"; path = bench; sourceTree = "<group>"; };
		0443080829E2A70900705B78 /* ggml.o */ = {isa = PBXFileReference; lastKnownFileType = "compiled.mach-o.objfile"; path = ggml.o; sourceTree = "<group>"; };
		0443080929E2A70900705B78 /* .gitignore */ = {isa = PBXFileReference; lastKnownFileType = text; path = .gitignore; sourceTree = "<group>"; };
		0443080A29E2A70900705B78 /* whisper.o */ = {isa = PBXFileReference; lastKnownFileType = "compiled.mach-o.objfile"; path = whisper.o; sourceTree = "<group>"; };
		0443080B29E2A70900705B78 /* LICENSE */ = {isa = PBXFileReference; lastKnownFileType = text; path = LICENSE; sourceTree = "<group>"; };
		0443080D29E2A70A00705B78 /* convert-pt-to-ggml.py */ = {isa = PBXFileReference; lastKnownFileType = text.script.python; path = "convert-pt-to-ggml.py"; sourceTree = "<group>"; };
		0443080E29E2A70A00705B78 /* for-tests-ggml-medium.en.bin */ = {isa = PBXFileReference; lastKnownFileType = archive.macbinary; path = "for-tests-ggml-medium.en.bin"; sourceTree = "<group>"; };
		0443080F29E2A70A00705B78 /* download-ggml-model.sh */ = {isa = PBXFileReference; lastKnownFileType = text.script.sh; path = "download-ggml-model.sh"; sourceTree = "<group>"; };
		0443081029E2A70A00705B78 /* for-tests-ggml-small.en.bin */ = {isa = PBXFileReference; lastKnownFileType = archive.macbinary; path = "for-tests-ggml-small.en.bin"; sourceTree = "<group>"; };
		0443081129E2A70A00705B78 /* for-tests-ggml-tiny.bin */ = {isa = PBXFileReference; lastKnownFileType = archive.macbinary; path = "for-tests-ggml-tiny.bin"; sourceTree = "<group>"; };
		0443081229E2A70A00705B78 /* download-ggml-model.cmd */ = {isa = PBXFileReference; lastKnownFileType = text; path = "download-ggml-model.cmd"; sourceTree = "<group>"; };
		0443081329E2A70A00705B78 /* for-tests-ggml-base.bin */ = {isa = PBXFileReference; lastKnownFileType = archive.macbinary; path = "for-tests-ggml-base.bin"; sourceTree = "<group>"; };
		0443081429E2A70A00705B78 /* for-tests-ggml-large.bin */ = {isa = PBXFileReference; lastKnownFileType = archive.macbinary; path = "for-tests-ggml-large.bin"; sourceTree = "<group>"; };
		0443081529E2A70A00705B78 /* convert-h5-to-ggml.py */ = {isa = PBXFileReference; lastKnownFileType = text.script.python; path = "convert-h5-to-ggml.py"; sourceTree = "<group>"; };
		0443081629E2A70B00705B78 /* for-tests-ggml-medium.bin */ = {isa = PBXFileReference; lastKnownFileType = archive.macbinary; path = "for-tests-ggml-medium.bin"; sourceTree = "<group>"; };
		0443081729E2A70B00705B78 /* for-tests-ggml-small.bin */ = {isa = PBXFileReference; lastKnownFileType = archive.macbinary; path = "for-tests-ggml-small.bin"; sourceTree = "<group>"; };
		0443081829E2A70B00705B78 /* for-tests-ggml-base.en.bin */ = {isa = PBXFileReference; lastKnownFileType = archive.macbinary; path = "for-tests-ggml-base.en.bin"; sourceTree = "<group>"; };
		0443081929E2A70B00705B78 /* for-tests-ggml-tiny.en.bin */ = {isa = PBXFileReference; lastKnownFileType = archive.macbinary; path = "for-tests-ggml-tiny.en.bin"; sourceTree = "<group>"; };
		0448AD4A29E59CF40086BD89 /* FileSystemView.swift */ = {isa = PBXFileReference; lastKnownFileType = sourcecode.swift; path = FileSystemView.swift; sourceTree = "<group>"; };
		0448AD4D29E5ADC20086BD89 /* RoundedButton.swift */ = {isa = PBXFileReference; lastKnownFileType = sourcecode.swift; path = RoundedButton.swift; sourceTree = "<group>"; };
		0448AD4F29E684FD0086BD89 /* RawFileDetailView.swift */ = {isa = PBXFileReference; lastKnownFileType = sourcecode.swift; path = RawFileDetailView.swift; sourceTree = "<group>"; };
		0464D9C229E423A70007EF24 /* TextsMatcher_Wrapper.swift */ = {isa = PBXFileReference; fileEncoding = 4; lastKnownFileType = sourcecode.swift; path = TextsMatcher_Wrapper.swift; sourceTree = "<group>"; };
		0464D9C329E423A70007EF24 /* text_matcher.py */ = {isa = PBXFileReference; fileEncoding = 4; lastKnownFileType = text.script.python; path = text_matcher.py; sourceTree = "<group>"; };
		0464D9C529E423A70007EF24 /* Assets.xcassets */ = {isa = PBXFileReference; lastKnownFileType = folder.assetcatalog; path = Assets.xcassets; sourceTree = "<group>"; };
		0464D9C729E423A70007EF24 /* ScriptRunner.swift */ = {isa = PBXFileReference; fileEncoding = 4; lastKnownFileType = sourcecode.swift; path = ScriptRunner.swift; sourceTree = "<group>"; };
		0464D9C929E423A70007EF24 /* ScriptFile.swift */ = {isa = PBXFileReference; fileEncoding = 4; lastKnownFileType = sourcecode.swift; path = ScriptFile.swift; sourceTree = "<group>"; };
		0464D9CA29E423A70007EF24 /* FileSystemElement.swift */ = {isa = PBXFileReference; fileEncoding = 4; lastKnownFileType = sourcecode.swift; path = FileSystemElement.swift; sourceTree = "<group>"; };
		0464D9CC29E423A70007EF24 /* Preview Assets.xcassets */ = {isa = PBXFileReference; lastKnownFileType = folder.assetcatalog; path = "Preview Assets.xcassets"; sourceTree = "<group>"; };
		0464D9CF29E423A70007EF24 /* RawFileView.swift */ = {isa = PBXFileReference; fileEncoding = 4; lastKnownFileType = sourcecode.swift; path = RawFileView.swift; sourceTree = "<group>"; };
		0464D9D029E423A70007EF24 /* FileSystemOperations.swift */ = {isa = PBXFileReference; fileEncoding = 4; lastKnownFileType = sourcecode.swift; path = FileSystemOperations.swift; sourceTree = "<group>"; };
		0464D9D429E423A70007EF24 /* ScriptFileOperations.swift */ = {isa = PBXFileReference; fileEncoding = 4; lastKnownFileType = sourcecode.swift; path = ScriptFileOperations.swift; sourceTree = "<group>"; };
		0464D9D529E423A70007EF24 /* ScriptView.swift */ = {isa = PBXFileReference; fileEncoding = 4; lastKnownFileType = sourcecode.swift; path = ScriptView.swift; sourceTree = "<group>"; };
		0464D9DB29E423A70007EF24 /* Clapper_Rough_Cut.entitlements */ = {isa = PBXFileReference; fileEncoding = 4; lastKnownFileType = text.plist.entitlements; path = Clapper_Rough_Cut.entitlements; sourceTree = "<group>"; };
		0464D9DC29E423A70007EF24 /* Info.plist */ = {isa = PBXFileReference; fileEncoding = 4; lastKnownFileType = text.plist.xml; path = Info.plist; sourceTree = "<group>"; };
		0464D9DE29E423A70007EF24 /* Clapper_Rough_CutApp.swift */ = {isa = PBXFileReference; fileEncoding = 4; lastKnownFileType = sourcecode.swift; path = Clapper_Rough_CutApp.swift; sourceTree = "<group>"; };
		0464D9DF29E423A70007EF24 /* ClapperRoughCutDocument.swift */ = {isa = PBXFileReference; fileEncoding = 4; lastKnownFileType = sourcecode.swift; path = ClapperRoughCutDocument.swift; sourceTree = "<group>"; };
		0464D9E029E423A70007EF24 /* ContentView.swift */ = {isa = PBXFileReference; fileEncoding = 4; lastKnownFileType = sourcecode.swift; path = ContentView.swift; sourceTree = "<group>"; };
		0464D9E329E423A70007EF24 /* Converter.swift */ = {isa = PBXFileReference; fileEncoding = 4; lastKnownFileType = sourcecode.swift; path = Converter.swift; sourceTree = "<group>"; };
		0464D9F929E423A70007EF24 /* WhisperAudioTranscriber.swift */ = {isa = PBXFileReference; fileEncoding = 4; lastKnownFileType = sourcecode.swift; path = WhisperAudioTranscriber.swift; sourceTree = "<group>"; };
		048455A0298D212400772EB0 /* Clapper-Rough-Cut.app */ = {isa = PBXFileReference; explicitFileType = wrapper.application; includeInIndex = 0; path = "Clapper-Rough-Cut.app"; sourceTree = BUILT_PRODUCTS_DIR; };
		049B0CBE2AB34019007E446D /* ScriptCharacter.swift */ = {isa = PBXFileReference; lastKnownFileType = sourcecode.swift; path = ScriptCharacter.swift; sourceTree = "<group>"; };
		049B0CC42AB39C27007E446D /* CharactersSettingsView.swift */ = {isa = PBXFileReference; lastKnownFileType = sourcecode.swift; path = CharactersSettingsView.swift; sourceTree = "<group>"; };
		04A72EB52AB2785300000482 /* ggml-medium.bin */ = {isa = PBXFileReference; lastKnownFileType = archive.macbinary; path = "ggml-medium.bin"; sourceTree = "<group>"; };
		04ACBED229E73C5A0093DD76 /* RoughCutProject.swift */ = {isa = PBXFileReference; lastKnownFileType = sourcecode.swift; path = RoughCutProject.swift; sourceTree = "<group>"; };
		04ACBEF229E7DE250093DD76 /* TranscriptionResult.swift */ = {isa = PBXFileReference; lastKnownFileType = sourcecode.swift; path = TranscriptionResult.swift; sourceTree = "<group>"; };
		04ACBEF629E7EA2F0093DD76 /* RawFilesFolderView.swift */ = {isa = PBXFileReference; lastKnownFileType = sourcecode.swift; path = RawFilesFolderView.swift; sourceTree = "<group>"; };
		04E23A372AA9F16800F14C3D /* Overpass.ttf */ = {isa = PBXFileReference; lastKnownFileType = file; name = Overpass.ttf; path = "Clapper-Rough-Cut/Resources/Fonts/Overpass.ttf"; sourceTree = SOURCE_ROOT; };
		04F7A9E029F91AF2007E4C64 /* FileIcon.swift */ = {isa = PBXFileReference; lastKnownFileType = sourcecode.swift; path = FileIcon.swift; sourceTree = "<group>"; };
		04F7A9E229F91DE0007E4C64 /* Formatter.swift */ = {isa = PBXFileReference; lastKnownFileType = sourcecode.swift; path = Formatter.swift; sourceTree = "<group>"; };
		04F7A9E529F91F82007E4C64 /* TranscribedIcon.swift */ = {isa = PBXFileReference; lastKnownFileType = sourcecode.swift; path = TranscribedIcon.swift; sourceTree = "<group>"; };
		04F7A9E729F9262D007E4C64 /* ExportView.swift */ = {isa = PBXFileReference; lastKnownFileType = sourcecode.swift; path = ExportView.swift; sourceTree = "<group>"; };
		04F7A9E929F926D1007E4C64 /* ExportOperations.swift */ = {isa = PBXFileReference; lastKnownFileType = sourcecode.swift; path = ExportOperations.swift; sourceTree = "<group>"; };
		04F7A9EB29F9275D007E4C64 /* ExportSettings.swift */ = {isa = PBXFileReference; lastKnownFileType = sourcecode.swift; path = ExportSettings.swift; sourceTree = "<group>"; };
		04F7A9ED29F96D27007E4C64 /* CustomTextField.swift */ = {isa = PBXFileReference; lastKnownFileType = sourcecode.swift; path = CustomTextField.swift; sourceTree = "<group>"; };
		04FE4B8B29F819EB00634522 /* ggml-base.bin */ = {isa = PBXFileReference; lastKnownFileType = archive.macbinary; path = "ggml-base.bin"; sourceTree = "<group>"; };
		04FE56CB29F846DD00634522 /* python3.9 */ = {isa = PBXFileReference; lastKnownFileType = "compiled.mach-o.executable"; name = python3.9; path = ../../opt/anaconda3/bin/python3.9; sourceTree = "<group>"; };
		04FE56CF29F8663E00634522 /* RawTakeDetailView.swift */ = {isa = PBXFileReference; lastKnownFileType = sourcecode.swift; path = RawTakeDetailView.swift; sourceTree = "<group>"; };
		04FE56D329F876F000634522 /* RawFolderDetailView.swift */ = {isa = PBXFileReference; lastKnownFileType = sourcecode.swift; path = RawFolderDetailView.swift; sourceTree = "<group>"; };
		08EA0AE07B656F6BD5FF1A21 /* Pods_Clapper_Rough_Cut.framework */ = {isa = PBXFileReference; explicitFileType = wrapper.framework; includeInIndex = 0; path = Pods_Clapper_Rough_Cut.framework; sourceTree = BUILT_PRODUCTS_DIR; };
		241ABEDD25F8D6061A7DFFD7 /* Pods_Clapper_Rough_CutTests.framework */ = {isa = PBXFileReference; explicitFileType = wrapper.framework; includeInIndex = 0; path = Pods_Clapper_Rough_CutTests.framework; sourceTree = BUILT_PRODUCTS_DIR; };
		266EB9366FA0884BBF0EC260 /* Pods-Clapper-Rough-Cut-Clapper-Rough-CutUITests.release.xcconfig */ = {isa = PBXFileReference; includeInIndex = 1; lastKnownFileType = text.xcconfig; name = "Pods-Clapper-Rough-Cut-Clapper-Rough-CutUITests.release.xcconfig"; path = "Target Support Files/Pods-Clapper-Rough-Cut-Clapper-Rough-CutUITests/Pods-Clapper-Rough-Cut-Clapper-Rough-CutUITests.release.xcconfig"; sourceTree = "<group>"; };
		46374DCE497161B58AF362C1 /* Pods-Clapper-Rough-CutTests.release.xcconfig */ = {isa = PBXFileReference; includeInIndex = 1; lastKnownFileType = text.xcconfig; name = "Pods-Clapper-Rough-CutTests.release.xcconfig"; path = "Target Support Files/Pods-Clapper-Rough-CutTests/Pods-Clapper-Rough-CutTests.release.xcconfig"; sourceTree = "<group>"; };
		527938C26D2D41DCEE40AFC2 /* Pods_Clapper_Rough_Cut_Clapper_Rough_CutUITests.framework */ = {isa = PBXFileReference; explicitFileType = wrapper.framework; includeInIndex = 0; path = Pods_Clapper_Rough_Cut_Clapper_Rough_CutUITests.framework; sourceTree = BUILT_PRODUCTS_DIR; };
		5AE0E5D9067719C7ED8EA23C /* Pods-Clapper-Rough-Cut-Clapper-Rough-CutUITests.debug.xcconfig */ = {isa = PBXFileReference; includeInIndex = 1; lastKnownFileType = text.xcconfig; name = "Pods-Clapper-Rough-Cut-Clapper-Rough-CutUITests.debug.xcconfig"; path = "Target Support Files/Pods-Clapper-Rough-Cut-Clapper-Rough-CutUITests/Pods-Clapper-Rough-Cut-Clapper-Rough-CutUITests.debug.xcconfig"; sourceTree = "<group>"; };
		B9834B76F821A1A27FC3BCDC /* Pods-Clapper-Rough-CutTests.debug.xcconfig */ = {isa = PBXFileReference; includeInIndex = 1; lastKnownFileType = text.xcconfig; name = "Pods-Clapper-Rough-CutTests.debug.xcconfig"; path = "Target Support Files/Pods-Clapper-Rough-CutTests/Pods-Clapper-Rough-CutTests.debug.xcconfig"; sourceTree = "<group>"; };
		CAD388714F18F277B634EED1 /* Pods-Clapper-Rough-Cut.debug.xcconfig */ = {isa = PBXFileReference; includeInIndex = 1; lastKnownFileType = text.xcconfig; name = "Pods-Clapper-Rough-Cut.debug.xcconfig"; path = "Target Support Files/Pods-Clapper-Rough-Cut/Pods-Clapper-Rough-Cut.debug.xcconfig"; sourceTree = "<group>"; };
		DB61326F2F6E0BB0646CAA4F /* Pods-Clapper-Rough-Cut.release.xcconfig */ = {isa = PBXFileReference; includeInIndex = 1; lastKnownFileType = text.xcconfig; name = "Pods-Clapper-Rough-Cut.release.xcconfig"; path = "Target Support Files/Pods-Clapper-Rough-Cut/Pods-Clapper-Rough-Cut.release.xcconfig"; sourceTree = "<group>"; };
/* End PBXFileReference section */

/* Begin PBXFrameworksBuildPhase section */
		0484559D298D212400772EB0 /* Frameworks */ = {
			isa = PBXFrameworksBuildPhase;
			buildActionMask = 2147483647;
			files = (
				04BA3A0E29E1F26300047A9B /* AudioKit in Frameworks */,
				043538F82AB21A6A00775E0D /* KeyboardShortcuts in Frameworks */,
				0400DA4F29EDC860003AD42B /* PythonKit in Frameworks */,
				5D261780BFA60E95AC843D56 /* Pods_Clapper_Rough_Cut.framework in Frameworks */,
			);
			runOnlyForDeploymentPostprocessing = 0;
		};
/* End PBXFrameworksBuildPhase section */

/* Begin PBXGroup section */
		041FE5D12AAB38910054C861 /* Generated */ = {
			isa = PBXGroup;
			children = (
				043538C72AABBB0D00775E0D /* Assets.swift */,
				043538C62AABBB0D00775E0D /* Fonts.swift */,
				043538C82AABBB0D00775E0D /* Strings.swift */,
			);
			path = Generated;
			sourceTree = "<group>";
		};
		043538BF2AAB8B5400775E0D /* ru.lproj */ = {
			isa = PBXGroup;
			children = (
				043538C02AAB8B5400775E0D /* Localizable.strings */,
			);
			path = ru.lproj;
			sourceTree = "<group>";
		};
		043538C32AABA50E00775E0D /* Extensions */ = {
			isa = PBXGroup;
			children = (
				043538C42AABA51C00775E0D /* String.swift */,
				043538F22AB073DE00775E0D /* Environment.swift */,
				043538F92AB21A9300775E0D /* KeyboardShortcuts.swift */,
			);
			path = Extensions;
			sourceTree = "<group>";
		};
		043538DA2AAD1C7900775E0D /* FileSystem */ = {
			isa = PBXGroup;
			children = (
				0464D9D029E423A70007EF24 /* FileSystemOperations.swift */,
				043538E52AAD1D7000775E0D /* Views */,
			);
			path = FileSystem;
			sourceTree = "<group>";
		};
		043538DB2AAD1C8C00775E0D /* DetailPanel */ = {
			isa = PBXGroup;
			children = (
				043538E42AAD1D5500775E0D /* Views */,
			);
			path = DetailPanel;
			sourceTree = "<group>";
		};
		043538DC2AAD1CDE00775E0D /* Script */ = {
			isa = PBXGroup;
			children = (
				0464D9D429E423A70007EF24 /* ScriptFileOperations.swift */,
				043538E32AAD1D4F00775E0D /* Views */,
			);
			path = Script;
			sourceTree = "<group>";
		};
		043538DD2AAD1CF100775E0D /* Export */ = {
			isa = PBXGroup;
			children = (
				04F7A9E929F926D1007E4C64 /* ExportOperations.swift */,
				043538E22AAD1D4900775E0D /* Views */,
			);
			path = Export;
			sourceTree = "<group>";
		};
		043538DE2AAD1CFA00775E0D /* SelectPhrase */ = {
			isa = PBXGroup;
			children = (
				043538E12AAD1D4100775E0D /* Views */,
			);
			path = SelectPhrase;
			sourceTree = "<group>";
		};
		043538DF2AAD1D0400775E0D /* HeaderMenu */ = {
			isa = PBXGroup;
			children = (
				043EDDBC29E8B33D00DA5EFF /* ScenesMatchOperations.swift */,
				043EDDC629E953FF00DA5EFF /* TakesMatchOperations.swift */,
				043538E02AAD1D3300775E0D /* Views */,
			);
			path = HeaderMenu;
			sourceTree = "<group>";
		};
		043538E02AAD1D3300775E0D /* Views */ = {
			isa = PBXGroup;
			children = (
				043538D62AACA18D00775E0D /* HeaderView.swift */,
			);
			path = Views;
			sourceTree = "<group>";
		};
		043538E12AAD1D4100775E0D /* Views */ = {
			isa = PBXGroup;
			children = (
				0426529A29EF26AE008855C1 /* SelectPhraseMatchView.swift */,
			);
			path = Views;
			sourceTree = "<group>";
		};
		043538E22AAD1D4900775E0D /* Views */ = {
			isa = PBXGroup;
			children = (
				04F7A9E729F9262D007E4C64 /* ExportView.swift */,
			);
			path = Views;
			sourceTree = "<group>";
		};
		043538E32AAD1D4F00775E0D /* Views */ = {
			isa = PBXGroup;
			children = (
				0464D9D529E423A70007EF24 /* ScriptView.swift */,
			);
			path = Views;
			sourceTree = "<group>";
		};
		043538E42AAD1D5500775E0D /* Views */ = {
			isa = PBXGroup;
			children = (
				0448AD4F29E684FD0086BD89 /* RawFileDetailView.swift */,
				04FE56D329F876F000634522 /* RawFolderDetailView.swift */,
				04FE56CF29F8663E00634522 /* RawTakeDetailView.swift */,
			);
			path = Views;
			sourceTree = "<group>";
		};
		043538E52AAD1D7000775E0D /* Views */ = {
			isa = PBXGroup;
			children = (
				0464D9CF29E423A70007EF24 /* RawFileView.swift */,
				043EDDD129E9E21000DA5EFF /* RawTakeView.swift */,
				04ACBEF629E7EA2F0093DD76 /* RawFilesFolderView.swift */,
				0448AD4A29E59CF40086BD89 /* FileSystemView.swift */,
			);
			path = Views;
			sourceTree = "<group>";
		};
		043538FB2AB21ABB00775E0D /* Settings */ = {
			isa = PBXGroup;
			children = (
				043538FD2AB21AC700775E0D /* Views */,
			);
			path = Settings;
			sourceTree = "<group>";
		};
		043538FD2AB21AC700775E0D /* Views */ = {
			isa = PBXGroup;
			children = (
				043538FE2AB21AD900775E0D /* SettingsView.swift */,
			);
			path = Views;
			sourceTree = "<group>";
		};
		043EDDBE29E92EAA00DA5EFF /* StringsMatcher */ = {
			isa = PBXGroup;
			children = (
				043EDDC029E92ED400DA5EFF /* StringsMatcher.cpp */,
				043EDDC129E92ED400DA5EFF /* StringsMatcher.hpp */,
				043EDDBF29E92ED300DA5EFF /* Clapper-Rough-Cut-Bridging-Header.h */,
				043EDDC329E9317A00DA5EFF /* StringsMatcher_Wrapper.mm */,
				043EDDC529E9318A00DA5EFF /* StringsMatcher_Wrapper.h */,
			);
			path = StringsMatcher;
			sourceTree = "<group>";
		};
		043EDDC829E95D4900DA5EFF /* MFCC */ = {
			isa = PBXGroup;
			children = (
				043EDDCA29E95EB100DA5EFF /* WaveFunction.cpp */,
				043EDDCB29E95EB100DA5EFF /* WaveFunction.hpp */,
				043EDDCD29E95F1100DA5EFF /* WaveStructure.h */,
				043EDDCE29E961A500DA5EFF /* WaveFunction_Wrapper.mm */,
				043EDDD029E961AD00DA5EFF /* WaveFunction_Wrapper.h */,
			);
			path = MFCC;
			sourceTree = "<group>";
		};
		044307F729E2A6F700705B78 /* Whisper */ = {
			isa = PBXGroup;
			children = (
				0443080729E2A70900705B78 /* bench */,
				0443080A29E2A70900705B78 /* whisper.o */,
				0443080429E2A70900705B78 /* whisper.h */,
				044307FD29E2A70800705B78 /* CMakeLists.txt */,
				0443080B29E2A70900705B78 /* LICENSE */,
				0443080329E2A70800705B78 /* Makefile */,
				0443080529E2A70900705B78 /* ggml.c */,
				0443080C29E2A70900705B78 /* models */,
				0443080629E2A70900705B78 /* whisper.cpp */,
				0443080029E2A70800705B78 /* .gitmodules */,
				0443080129E2A70800705B78 /* README.md */,
				0443080929E2A70900705B78 /* .gitignore */,
				044307FF29E2A70800705B78 /* main */,
				044307FE29E2A70800705B78 /* whisper.textClipping */,
				0443080829E2A70900705B78 /* ggml.o */,
				0443080229E2A70800705B78 /* ggml.h */,
			);
			path = Whisper;
			sourceTree = "<group>";
		};
		0443080C29E2A70900705B78 /* models */ = {
			isa = PBXGroup;
			children = (
				04A72EB52AB2785300000482 /* ggml-medium.bin */,
				04FE4B8B29F819EB00634522 /* ggml-base.bin */,
				0443081929E2A70B00705B78 /* for-tests-ggml-tiny.en.bin */,
				0443081629E2A70B00705B78 /* for-tests-ggml-medium.bin */,
				0443081129E2A70A00705B78 /* for-tests-ggml-tiny.bin */,
				0443081529E2A70A00705B78 /* convert-h5-to-ggml.py */,
				0443081829E2A70B00705B78 /* for-tests-ggml-base.en.bin */,
				0443081229E2A70A00705B78 /* download-ggml-model.cmd */,
				0443081429E2A70A00705B78 /* for-tests-ggml-large.bin */,
				0443081729E2A70B00705B78 /* for-tests-ggml-small.bin */,
				0443080D29E2A70A00705B78 /* convert-pt-to-ggml.py */,
				0443081329E2A70A00705B78 /* for-tests-ggml-base.bin */,
				0443080F29E2A70A00705B78 /* download-ggml-model.sh */,
				0443081029E2A70A00705B78 /* for-tests-ggml-small.en.bin */,
				0443080E29E2A70A00705B78 /* for-tests-ggml-medium.en.bin */,
			);
			path = models;
			sourceTree = "<group>";
		};
		0448AD4C29E5ACE80086BD89 /* UIComponents */ = {
			isa = PBXGroup;
			children = (
				0448AD4D29E5ADC20086BD89 /* RoundedButton.swift */,
				04F7A9E029F91AF2007E4C64 /* FileIcon.swift */,
				04F7A9E529F91F82007E4C64 /* TranscribedIcon.swift */,
				04F7A9ED29F96D27007E4C64 /* CustomTextField.swift */,
				043538CC2AABD57100775E0D /* SystemImage.swift */,
				043538CE2AAC75CA00775E0D /* CustomLabel.swift */,
				043538D42AAC86DD00775E0D /* PhraseLabel.swift */,
				043538D82AACD33500775E0D /* ImageButton.swift */,
				043538E62AAD263100775E0D /* ModalSheet.swift */,
				043538EA2AAEFB9700775E0D /* OverlayMenu.swift */,
				043538EC2AAFAFE700775E0D /* CustomContextMenuView.swift */,
				043538F42AB2019B00775E0D /* ShortcutView.swift */,
			);
			path = UIComponents;
			sourceTree = "<group>";
		};
		0464D9BF29E423A70007EF24 /* Clapper-Rough-Cut */ = {
			isa = PBXGroup;
			children = (
				043EDDC829E95D4900DA5EFF /* MFCC */,
				043EDDBE29E92EAA00DA5EFF /* StringsMatcher */,
				0464D9C029E423A70007EF24 /* Python */,
				044307F729E2A6F700705B78 /* Whisper */,
				0448AD4C29E5ACE80086BD89 /* UIComponents */,
				0464D9CD29E423A70007EF24 /* Modules */,
				043538C32AABA50E00775E0D /* Extensions */,
				0464D9C829E423A70007EF24 /* Models */,
				0464D9E129E423A70007EF24 /* Utilities */,
				0464D9DD29E423A70007EF24 /* Base */,
				0464D9DB29E423A70007EF24 /* Clapper_Rough_Cut.entitlements */,
				0464D9DC29E423A70007EF24 /* Info.plist */,
				0464D9C429E423A70007EF24 /* Resources */,
				0464D9CB29E423A70007EF24 /* Preview Content */,
			);
			path = "Clapper-Rough-Cut";
			sourceTree = "<group>";
		};
		0464D9C029E423A70007EF24 /* Python */ = {
			isa = PBXGroup;
			children = (
				0464D9C229E423A70007EF24 /* TextsMatcher_Wrapper.swift */,
				0464D9C329E423A70007EF24 /* text_matcher.py */,
				0426529E29EFB6FB008855C1 /* MFCC_Wrapper.swift */,
				0426529C29EF3869008855C1 /* MFCC.py */,
			);
			path = Python;
			sourceTree = "<group>";
		};
		0464D9C429E423A70007EF24 /* Resources */ = {
			isa = PBXGroup;
			children = (
				043538BF2AAB8B5400775E0D /* ru.lproj */,
				041FE5D12AAB38910054C861 /* Generated */,
				04E23A292AA9CAA600F14C3D /* Fonts */,
				0464D9C529E423A70007EF24 /* Assets.xcassets */,
			);
			path = Resources;
			sourceTree = "<group>";
		};
		0464D9C829E423A70007EF24 /* Models */ = {
			isa = PBXGroup;
			children = (
				0464D9C929E423A70007EF24 /* ScriptFile.swift */,
				0464D9CA29E423A70007EF24 /* FileSystemElement.swift */,
				04ACBED229E73C5A0093DD76 /* RoughCutProject.swift */,
				04ACBEF229E7DE250093DD76 /* TranscriptionResult.swift */,
				04F7A9EB29F9275D007E4C64 /* ExportSettings.swift */,
				043538EE2AAFB45000775E0D /* HeaderMenuConfiguration.swift */,
				043538F02AAFB99100775E0D /* DocumentStates.swift */,
				049B0CBE2AB34019007E446D /* ScriptCharacter.swift */,
			);
			path = Models;
			sourceTree = "<group>";
		};
		0464D9CB29E423A70007EF24 /* Preview Content */ = {
			isa = PBXGroup;
			children = (
				0464D9CC29E423A70007EF24 /* Preview Assets.xcassets */,
			);
			path = "Preview Content";
			sourceTree = "<group>";
		};
		0464D9CD29E423A70007EF24 /* Modules */ = {
			isa = PBXGroup;
			children = (
				049B0CC22AB39C0D007E446D /* Characters */,
				043538FB2AB21ABB00775E0D /* Settings */,
				043538DF2AAD1D0400775E0D /* HeaderMenu */,
				043538DE2AAD1CFA00775E0D /* SelectPhrase */,
				043538DD2AAD1CF100775E0D /* Export */,
				043538DC2AAD1CDE00775E0D /* Script */,
				043538DB2AAD1C8C00775E0D /* DetailPanel */,
				043538DA2AAD1C7900775E0D /* FileSystem */,
			);
			path = Modules;
			sourceTree = "<group>";
		};
		0464D9DD29E423A70007EF24 /* Base */ = {
			isa = PBXGroup;
			children = (
				0464D9DF29E423A70007EF24 /* ClapperRoughCutDocument.swift */,
				0464D9DE29E423A70007EF24 /* Clapper_Rough_CutApp.swift */,
				0464D9E029E423A70007EF24 /* ContentView.swift */,
			);
			path = Base;
			sourceTree = "<group>";
		};
		0464D9E129E423A70007EF24 /* Utilities */ = {
			isa = PBXGroup;
			children = (
				0464D9C729E423A70007EF24 /* ScriptRunner.swift */,
				0464D9E329E423A70007EF24 /* Converter.swift */,
				0464D9F929E423A70007EF24 /* WhisperAudioTranscriber.swift */,
				043EDDB729E7FE0F00DA5EFF /* PhraseMatcher.swift */,
				04F7A9E229F91DE0007E4C64 /* Formatter.swift */,
			);
			path = Utilities;
			sourceTree = "<group>";
		};
		04845597298D212400772EB0 = {
			isa = PBXGroup;
			children = (
				04FE56CB29F846DD00634522 /* python3.9 */,
				0464D9BF29E423A70007EF24 /* Clapper-Rough-Cut */,
				048455A1298D212400772EB0 /* Products */,
				04B0E505298F04C9004E8435 /* Frameworks */,
				A6DE910A220299BDC033D3EF /* Pods */,
			);
			sourceTree = "<group>";
		};
		048455A1298D212400772EB0 /* Products */ = {
			isa = PBXGroup;
			children = (
				048455A0298D212400772EB0 /* Clapper-Rough-Cut.app */,
			);
			name = Products;
			sourceTree = "<group>";
		};
		049B0CC22AB39C0D007E446D /* Characters */ = {
			isa = PBXGroup;
			children = (
				049B0CC32AB39C14007E446D /* Views */,
			);
			path = Characters;
			sourceTree = "<group>";
		};
		049B0CC32AB39C14007E446D /* Views */ = {
			isa = PBXGroup;
			children = (
				049B0CC42AB39C27007E446D /* CharactersSettingsView.swift */,
			);
			path = Views;
			sourceTree = "<group>";
		};
		04B0E505298F04C9004E8435 /* Frameworks */ = {
			isa = PBXGroup;
			children = (
				08EA0AE07B656F6BD5FF1A21 /* Pods_Clapper_Rough_Cut.framework */,
				527938C26D2D41DCEE40AFC2 /* Pods_Clapper_Rough_Cut_Clapper_Rough_CutUITests.framework */,
				241ABEDD25F8D6061A7DFFD7 /* Pods_Clapper_Rough_CutTests.framework */,
			);
			name = Frameworks;
			sourceTree = "<group>";
		};
		04E23A292AA9CAA600F14C3D /* Fonts */ = {
			isa = PBXGroup;
			children = (
				043538D02AAC855200775E0D /* Limelight-Regular.ttf */,
				043538D12AAC855200775E0D /* NunitoSans.ttf */,
				04E23A372AA9F16800F14C3D /* Overpass.ttf */,
			);
			path = Fonts;
			sourceTree = "<group>";
		};
		A6DE910A220299BDC033D3EF /* Pods */ = {
			isa = PBXGroup;
			children = (
				CAD388714F18F277B634EED1 /* Pods-Clapper-Rough-Cut.debug.xcconfig */,
				DB61326F2F6E0BB0646CAA4F /* Pods-Clapper-Rough-Cut.release.xcconfig */,
				5AE0E5D9067719C7ED8EA23C /* Pods-Clapper-Rough-Cut-Clapper-Rough-CutUITests.debug.xcconfig */,
				266EB9366FA0884BBF0EC260 /* Pods-Clapper-Rough-Cut-Clapper-Rough-CutUITests.release.xcconfig */,
				B9834B76F821A1A27FC3BCDC /* Pods-Clapper-Rough-CutTests.debug.xcconfig */,
				46374DCE497161B58AF362C1 /* Pods-Clapper-Rough-CutTests.release.xcconfig */,
			);
			path = Pods;
			sourceTree = "<group>";
		};
/* End PBXGroup section */

/* Begin PBXNativeTarget section */
		0484559F298D212400772EB0 /* Clapper-Rough-Cut */ = {
			isa = PBXNativeTarget;
			buildConfigurationList = 048455C8298D212600772EB0 /* Build configuration list for PBXNativeTarget "Clapper-Rough-Cut" */;
			buildPhases = (
				313B3A8D9D992845C47EF96D /* [CP] Check Pods Manifest.lock */,
				041FE5CE2AAB359F0054C861 /* SwiftGen */,
				0462234A29E2C09500944093 /* PythonLibrary */,
				0484559C298D212400772EB0 /* Sources */,
				0484559D298D212400772EB0 /* Frameworks */,
				0484559E298D212400772EB0 /* Resources */,
				04E23A3F2AAB19DE00F14C3D /* SwiftLint */,
			);
			buildRules = (
			);
			dependencies = (
			);
			name = "Clapper-Rough-Cut";
			packageProductDependencies = (
				04BA3A0D29E1F26300047A9B /* AudioKit */,
				0400DA4E29EDC860003AD42B /* PythonKit */,
				043538F72AB21A6A00775E0D /* KeyboardShortcuts */,
			);
			productName = "Clapper Rough-Cut";
			productReference = 048455A0298D212400772EB0 /* Clapper-Rough-Cut.app */;
			productType = "com.apple.product-type.application";
		};
/* End PBXNativeTarget section */

/* Begin PBXProject section */
		04845598298D212400772EB0 /* Project object */ = {
			isa = PBXProject;
			attributes = {
				BuildIndependentTargetsInParallel = 1;
				LastSwiftUpdateCheck = 1400;
				LastUpgradeCheck = 1500;
				TargetAttributes = {
					0484559F298D212400772EB0 = {
						CreatedOnToolsVersion = 14.0.1;
						LastSwiftMigration = 1430;
					};
				};
			};
			buildConfigurationList = 0484559B298D212400772EB0 /* Build configuration list for PBXProject "Clapper-Rough-Cut" */;
			compatibilityVersion = "Xcode 14.0";
			developmentRegion = ru;
			hasScannedForEncodings = 0;
			knownRegions = (
				en,
				Base,
				ru,
			);
			mainGroup = 04845597298D212400772EB0;
			packageReferences = (
				04BA3A0C29E1F26300047A9B /* XCRemoteSwiftPackageReference "AudioKit" */,
				0462233F29E2B56C00944093 /* XCRemoteSwiftPackageReference "PythonKit" */,
				043538F62AB21A6A00775E0D /* XCRemoteSwiftPackageReference "KeyboardShortcuts" */,
			);
			productRefGroup = 048455A1298D212400772EB0 /* Products */;
			projectDirPath = "";
			projectRoot = "";
			targets = (
				0484559F298D212400772EB0 /* Clapper-Rough-Cut */,
			);
		};
/* End PBXProject section */

/* Begin PBXResourcesBuildPhase section */
		0484559E298D212400772EB0 /* Resources */ = {
			isa = PBXResourcesBuildPhase;
			buildActionMask = 2147483647;
			files = (
				0464DA0129E423A80007EF24 /* Preview Assets.xcassets in Resources */,
				04FE4B8A29F818DE00634522 /* main in Resources */,
				04A72EB62AB2785300000482 /* ggml-medium.bin in Resources */,
				043538D22AAC855200775E0D /* Limelight-Regular.ttf in Resources */,
				04FE4B8C29F819EB00634522 /* ggml-base.bin in Resources */,
				04E23A382AA9F16800F14C3D /* Overpass.ttf in Resources */,
				043538C22AAB8B5400775E0D /* Localizable.strings in Resources */,
				0464D9FC29E423A80007EF24 /* text_matcher.py in Resources */,
				04FE56CC29F846DD00634522 /* python3.9 in Resources */,
				0464D9FD29E423A80007EF24 /* Assets.xcassets in Resources */,
				0426529D29EF3869008855C1 /* MFCC.py in Resources */,
				043538D32AAC855200775E0D /* NunitoSans.ttf in Resources */,
			);
			runOnlyForDeploymentPostprocessing = 0;
		};
/* End PBXResourcesBuildPhase section */

/* Begin PBXShellScriptBuildPhase section */
		041FE5CE2AAB359F0054C861 /* SwiftGen */ = {
			isa = PBXShellScriptBuildPhase;
			buildActionMask = 2147483647;
			files = (
			);
			inputFileListPaths = (
			);
			inputPaths = (
			);
			name = SwiftGen;
			outputFileListPaths = (
			);
			outputPaths = (
			);
			runOnlyForDeploymentPostprocessing = 0;
			shellPath = /bin/sh;
			shellScript = "export PATH=\"$PATH:/opt/homebrew/bin\"\n\"$PODS_ROOT\"/SwiftGen/bin/swiftgen config run --config SwiftGen/swiftgen.yml\n";
		};
		0462234A29E2C09500944093 /* PythonLibrary */ = {
			isa = PBXShellScriptBuildPhase;
			buildActionMask = 2147483647;
			files = (
			);
			inputFileListPaths = (
			);
			inputPaths = (
			);
			name = PythonLibrary;
			outputFileListPaths = (
			);
			outputPaths = (
			);
			runOnlyForDeploymentPostprocessing = 0;
			shellPath = /bin/sh;
			shellScript = "PYTHON_LIBRARY=\"usr/bin/python3.9\"\n";
		};
		04E23A3F2AAB19DE00F14C3D /* SwiftLint */ = {
			isa = PBXShellScriptBuildPhase;
			buildActionMask = 2147483647;
			files = (
			);
			inputFileListPaths = (
			);
			inputPaths = (
			);
			name = SwiftLint;
			outputFileListPaths = (
			);
			outputPaths = (
			);
			runOnlyForDeploymentPostprocessing = 0;
			shellPath = /bin/sh;
			shellScript = "\"${PODS_ROOT}/SwiftLint/swiftlint\"\n";
		};
		313B3A8D9D992845C47EF96D /* [CP] Check Pods Manifest.lock */ = {
			isa = PBXShellScriptBuildPhase;
			buildActionMask = 2147483647;
			files = (
			);
			inputFileListPaths = (
			);
			inputPaths = (
				"${PODS_PODFILE_DIR_PATH}/Podfile.lock",
				"${PODS_ROOT}/Manifest.lock",
			);
			name = "[CP] Check Pods Manifest.lock";
			outputFileListPaths = (
			);
			outputPaths = (
				"$(DERIVED_FILE_DIR)/Pods-Clapper-Rough-Cut-checkManifestLockResult.txt",
			);
			runOnlyForDeploymentPostprocessing = 0;
			shellPath = /bin/sh;
			shellScript = "diff \"${PODS_PODFILE_DIR_PATH}/Podfile.lock\" \"${PODS_ROOT}/Manifest.lock\" > /dev/null\nif [ $? != 0 ] ; then\n    # print error to STDERR\n    echo \"error: The sandbox is not in sync with the Podfile.lock. Run 'pod install' or update your CocoaPods installation.\" >&2\n    exit 1\nfi\n# This output is used by Xcode 'outputs' to avoid re-running this script phase.\necho \"SUCCESS\" > \"${SCRIPT_OUTPUT_FILE_0}\"\n";
			showEnvVarsInLog = 0;
		};
/* End PBXShellScriptBuildPhase section */

/* Begin PBXSourcesBuildPhase section */
		0484559C298D212400772EB0 /* Sources */ = {
			isa = PBXSourcesBuildPhase;
			buildActionMask = 2147483647;
			files = (
				043EDDC429E9317A00DA5EFF /* StringsMatcher_Wrapper.mm in Sources */,
				0426529F29EFB6FB008855C1 /* MFCC_Wrapper.swift in Sources */,
				043538C52AABA51C00775E0D /* String.swift in Sources */,
				043EDDC729E953FF00DA5EFF /* TakesMatchOperations.swift in Sources */,
				0464DA0629E423A80007EF24 /* ScriptFileOperations.swift in Sources */,
				0464DA1029E423A80007EF24 /* ContentView.swift in Sources */,
				043EDDCC29E95EB100DA5EFF /* WaveFunction.cpp in Sources */,
				0464DA1129E423A80007EF24 /* Converter.swift in Sources */,
				04FE56D429F876F000634522 /* RawFolderDetailView.swift in Sources */,
				0464DA0F29E423A80007EF24 /* ClapperRoughCutDocument.swift in Sources */,
				04F7A9EC29F9275D007E4C64 /* ExportSettings.swift in Sources */,
				0464D9FE29E423A80007EF24 /* ScriptRunner.swift in Sources */,
				043538F52AB2019B00775E0D /* ShortcutView.swift in Sources */,
				0464DA0029E423A80007EF24 /* FileSystemElement.swift in Sources */,
				0464DA0329E423A80007EF24 /* FileSystemOperations.swift in Sources */,
				0448AD5029E684FD0086BD89 /* RawFileDetailView.swift in Sources */,
				043538ED2AAFAFE700775E0D /* CustomContextMenuView.swift in Sources */,
				04F7A9E829F9262D007E4C64 /* ExportView.swift in Sources */,
				043538F32AB073DE00775E0D /* Environment.swift in Sources */,
				043538D52AAC86DD00775E0D /* PhraseLabel.swift in Sources */,
				043538C92AABBB0D00775E0D /* Fonts.swift in Sources */,
				04F7A9E129F91AF2007E4C64 /* FileIcon.swift in Sources */,
				0464D9FB29E423A80007EF24 /* TextsMatcher_Wrapper.swift in Sources */,
				04F7A9EE29F96D27007E4C64 /* CustomTextField.swift in Sources */,
				043EDDCF29E961A500DA5EFF /* WaveFunction_Wrapper.mm in Sources */,
				04ACBED329E73C5A0093DD76 /* RoughCutProject.swift in Sources */,
				0464DA2129E423A80007EF24 /* WhisperAudioTranscriber.swift in Sources */,
				04ACBEF729E7EA2F0093DD76 /* RawFilesFolderView.swift in Sources */,
				043538F12AAFB99100775E0D /* DocumentStates.swift in Sources */,
				043538D92AACD33500775E0D /* ImageButton.swift in Sources */,
				0464D9FF29E423A80007EF24 /* ScriptFile.swift in Sources */,
				04F7A9E329F91DE0007E4C64 /* Formatter.swift in Sources */,
				043538CF2AAC75CA00775E0D /* CustomLabel.swift in Sources */,
				043EDDD229E9E21000DA5EFF /* RawTakeView.swift in Sources */,
				043EDDB829E7FE0F00DA5EFF /* PhraseMatcher.swift in Sources */,
				049B0CC52AB39C27007E446D /* CharactersSettingsView.swift in Sources */,
				043538CA2AABBB0D00775E0D /* Assets.swift in Sources */,
				0426529B29EF26AE008855C1 /* SelectPhraseMatchView.swift in Sources */,
				043538E72AAD263100775E0D /* ModalSheet.swift in Sources */,
				04FE56D029F8663E00634522 /* RawTakeDetailView.swift in Sources */,
				043538D72AACA18D00775E0D /* HeaderView.swift in Sources */,
				04ACBEF329E7DE250093DD76 /* TranscriptionResult.swift in Sources */,
				04F7A9E629F91F82007E4C64 /* TranscribedIcon.swift in Sources */,
				043538EF2AAFB45000775E0D /* HeaderMenuConfiguration.swift in Sources */,
				043538EB2AAEFB9700775E0D /* OverlayMenu.swift in Sources */,
				043EDDC229E92ED400DA5EFF /* StringsMatcher.cpp in Sources */,
				043538CB2AABBB0D00775E0D /* Strings.swift in Sources */,
				0464DA0729E423A80007EF24 /* ScriptView.swift in Sources */,
				0464DA0E29E423A80007EF24 /* Clapper_Rough_CutApp.swift in Sources */,
				043538CD2AABD57100775E0D /* SystemImage.swift in Sources */,
				043538FF2AB21AD900775E0D /* SettingsView.swift in Sources */,
				04F7A9EA29F926D1007E4C64 /* ExportOperations.swift in Sources */,
				043538FA2AB21A9300775E0D /* KeyboardShortcuts.swift in Sources */,
				0464DA0229E423A80007EF24 /* RawFileView.swift in Sources */,
				0448AD4E29E5ADC20086BD89 /* RoundedButton.swift in Sources */,
				0448AD4B29E59CF40086BD89 /* FileSystemView.swift in Sources */,
				043EDDBD29E8B33D00DA5EFF /* ScenesMatchOperations.swift in Sources */,
				049B0CBF2AB34019007E446D /* ScriptCharacter.swift in Sources */,
			);
			runOnlyForDeploymentPostprocessing = 0;
		};
/* End PBXSourcesBuildPhase section */

/* Begin PBXVariantGroup section */
		043538C02AAB8B5400775E0D /* Localizable.strings */ = {
			isa = PBXVariantGroup;
			children = (
				043538C12AAB8B5400775E0D /* ru */,
			);
			name = Localizable.strings;
			sourceTree = "<group>";
		};
/* End PBXVariantGroup section */

/* Begin XCBuildConfiguration section */
		048455C6298D212600772EB0 /* Debug */ = {
			isa = XCBuildConfiguration;
			buildSettings = {
				ALWAYS_SEARCH_USER_PATHS = NO;
				CLANG_ANALYZER_NONNULL = YES;
				CLANG_ANALYZER_NUMBER_OBJECT_CONVERSION = YES_AGGRESSIVE;
				CLANG_CXX_LANGUAGE_STANDARD = "gnu++20";
				CLANG_ENABLE_MODULES = YES;
				CLANG_ENABLE_OBJC_ARC = YES;
				CLANG_ENABLE_OBJC_WEAK = YES;
				CLANG_WARN_BLOCK_CAPTURE_AUTORELEASING = YES;
				CLANG_WARN_BOOL_CONVERSION = YES;
				CLANG_WARN_COMMA = YES;
				CLANG_WARN_CONSTANT_CONVERSION = YES;
				CLANG_WARN_DEPRECATED_OBJC_IMPLEMENTATIONS = YES;
				CLANG_WARN_DIRECT_OBJC_ISA_USAGE = YES_ERROR;
				CLANG_WARN_DOCUMENTATION_COMMENTS = YES;
				CLANG_WARN_EMPTY_BODY = YES;
				CLANG_WARN_ENUM_CONVERSION = YES;
				CLANG_WARN_INFINITE_RECURSION = YES;
				CLANG_WARN_INT_CONVERSION = YES;
				CLANG_WARN_NON_LITERAL_NULL_CONVERSION = YES;
				CLANG_WARN_OBJC_IMPLICIT_RETAIN_SELF = YES;
				CLANG_WARN_OBJC_LITERAL_CONVERSION = YES;
				CLANG_WARN_OBJC_ROOT_CLASS = YES_ERROR;
				CLANG_WARN_QUOTED_INCLUDE_IN_FRAMEWORK_HEADER = YES;
				CLANG_WARN_RANGE_LOOP_ANALYSIS = YES;
				CLANG_WARN_STRICT_PROTOTYPES = YES;
				CLANG_WARN_SUSPICIOUS_MOVE = YES;
				CLANG_WARN_UNGUARDED_AVAILABILITY = YES_AGGRESSIVE;
				CLANG_WARN_UNREACHABLE_CODE = YES;
				CLANG_WARN__DUPLICATE_METHOD_MATCH = YES;
				COPY_PHASE_STRIP = NO;
				DEBUG_INFORMATION_FORMAT = dwarf;
				ENABLE_STRICT_OBJC_MSGSEND = YES;
				ENABLE_TESTABILITY = YES;
				GCC_C_LANGUAGE_STANDARD = gnu11;
				GCC_DYNAMIC_NO_PIC = NO;
				GCC_NO_COMMON_BLOCKS = YES;
				GCC_OPTIMIZATION_LEVEL = 0;
				GCC_PREPROCESSOR_DEFINITIONS = (
					"DEBUG=1",
					"$(inherited)",
				);
				GCC_WARN_64_TO_32_BIT_CONVERSION = YES;
				GCC_WARN_ABOUT_RETURN_TYPE = YES_ERROR;
				GCC_WARN_UNDECLARED_SELECTOR = YES;
				GCC_WARN_UNINITIALIZED_AUTOS = YES_AGGRESSIVE;
				GCC_WARN_UNUSED_FUNCTION = YES;
				GCC_WARN_UNUSED_VARIABLE = YES;
				MACOSX_DEPLOYMENT_TARGET = 12.3;
				MTL_ENABLE_DEBUG_INFO = INCLUDE_SOURCE;
				MTL_FAST_MATH = YES;
				ONLY_ACTIVE_ARCH = YES;
				SDKROOT = macosx;
				SWIFT_ACTIVE_COMPILATION_CONDITIONS = DEBUG;
				SWIFT_OPTIMIZATION_LEVEL = "-Onone";
			};
			name = Debug;
		};
		048455C7298D212600772EB0 /* Release */ = {
			isa = XCBuildConfiguration;
			buildSettings = {
				ALWAYS_SEARCH_USER_PATHS = NO;
				CLANG_ANALYZER_NONNULL = YES;
				CLANG_ANALYZER_NUMBER_OBJECT_CONVERSION = YES_AGGRESSIVE;
				CLANG_CXX_LANGUAGE_STANDARD = "gnu++20";
				CLANG_ENABLE_MODULES = YES;
				CLANG_ENABLE_OBJC_ARC = YES;
				CLANG_ENABLE_OBJC_WEAK = YES;
				CLANG_WARN_BLOCK_CAPTURE_AUTORELEASING = YES;
				CLANG_WARN_BOOL_CONVERSION = YES;
				CLANG_WARN_COMMA = YES;
				CLANG_WARN_CONSTANT_CONVERSION = YES;
				CLANG_WARN_DEPRECATED_OBJC_IMPLEMENTATIONS = YES;
				CLANG_WARN_DIRECT_OBJC_ISA_USAGE = YES_ERROR;
				CLANG_WARN_DOCUMENTATION_COMMENTS = YES;
				CLANG_WARN_EMPTY_BODY = YES;
				CLANG_WARN_ENUM_CONVERSION = YES;
				CLANG_WARN_INFINITE_RECURSION = YES;
				CLANG_WARN_INT_CONVERSION = YES;
				CLANG_WARN_NON_LITERAL_NULL_CONVERSION = YES;
				CLANG_WARN_OBJC_IMPLICIT_RETAIN_SELF = YES;
				CLANG_WARN_OBJC_LITERAL_CONVERSION = YES;
				CLANG_WARN_OBJC_ROOT_CLASS = YES_ERROR;
				CLANG_WARN_QUOTED_INCLUDE_IN_FRAMEWORK_HEADER = YES;
				CLANG_WARN_RANGE_LOOP_ANALYSIS = YES;
				CLANG_WARN_STRICT_PROTOTYPES = YES;
				CLANG_WARN_SUSPICIOUS_MOVE = YES;
				CLANG_WARN_UNGUARDED_AVAILABILITY = YES_AGGRESSIVE;
				CLANG_WARN_UNREACHABLE_CODE = YES;
				CLANG_WARN__DUPLICATE_METHOD_MATCH = YES;
				COPY_PHASE_STRIP = NO;
				DEBUG_INFORMATION_FORMAT = "dwarf-with-dsym";
				ENABLE_NS_ASSERTIONS = NO;
				ENABLE_STRICT_OBJC_MSGSEND = YES;
				GCC_C_LANGUAGE_STANDARD = gnu11;
				GCC_NO_COMMON_BLOCKS = YES;
				GCC_WARN_64_TO_32_BIT_CONVERSION = YES;
				GCC_WARN_ABOUT_RETURN_TYPE = YES_ERROR;
				GCC_WARN_UNDECLARED_SELECTOR = YES;
				GCC_WARN_UNINITIALIZED_AUTOS = YES_AGGRESSIVE;
				GCC_WARN_UNUSED_FUNCTION = YES;
				GCC_WARN_UNUSED_VARIABLE = YES;
				MACOSX_DEPLOYMENT_TARGET = 12.3;
				MTL_ENABLE_DEBUG_INFO = NO;
				MTL_FAST_MATH = YES;
				SDKROOT = macosx;
				SWIFT_COMPILATION_MODE = wholemodule;
				SWIFT_OPTIMIZATION_LEVEL = "-O";
			};
			name = Release;
		};
		048455C9298D212600772EB0 /* Debug */ = {
			isa = XCBuildConfiguration;
			baseConfigurationReference = CAD388714F18F277B634EED1 /* Pods-Clapper-Rough-Cut.debug.xcconfig */;
			buildSettings = {
				ASSETCATALOG_COMPILER_APPICON_NAME = AppIcon;
				ASSETCATALOG_COMPILER_GLOBAL_ACCENT_COLOR_NAME = AccentColor;
				ASSETCATALOG_COMPILER_INCLUDE_ALL_APPICON_ASSETS = YES;
				CLANG_ENABLE_MODULES = YES;
				CODE_SIGN_ENTITLEMENTS = "Clapper-Rough-Cut/Clapper_Rough_Cut.entitlements";
				CODE_SIGN_IDENTITY = "Apple Development";
				"CODE_SIGN_IDENTITY[sdk=macosx*]" = "Apple Development";
				CODE_SIGN_STYLE = Automatic;
				COMBINE_HIDPI_IMAGES = YES;
				CURRENT_PROJECT_VERSION = 1;
				DEVELOPMENT_ASSET_PATHS = "\"Clapper-Rough-Cut/Preview Content\"";
				DEVELOPMENT_TEAM = 7944299YL2;
				ENABLE_HARDENED_RUNTIME = NO;
				ENABLE_PREVIEWS = YES;
				GENERATE_INFOPLIST_FILE = YES;
				INFOPLIST_FILE = "Clapper-Rough-Cut/Info.plist";
				INFOPLIST_KEY_CFBundleDisplayName = "Clapper: Rough-Cut";
				INFOPLIST_KEY_LSApplicationCategoryType = "public.app-category.video";
				INFOPLIST_KEY_NSHumanReadableCopyright = "";
				LD_RUNPATH_SEARCH_PATHS = (
					"$(inherited)",
					"@executable_path/../Frameworks",
				);
				MACOSX_DEPLOYMENT_TARGET = 13.0;
				MARKETING_VERSION = 1.0;
				PRODUCT_BUNDLE_IDENTIFIER = "com.vigvamcev-media.Clapper-Rough-Cut";
				PRODUCT_NAME = "$(TARGET_NAME)";
				PROJECT_DIR = "$(PROJECT_DIR)";
				PROVISIONING_PROFILE_SPECIFIER = "";
				SWIFT_EMIT_LOC_STRINGS = YES;
				SWIFT_OBJC_BRIDGING_HEADER = "Clapper-Rough-Cut/StringsMatcher/Clapper-Rough-Cut-Bridging-Header.h";
				SWIFT_OPTIMIZATION_LEVEL = "-Onone";
				SWIFT_VERSION = 5.0;
			};
			name = Debug;
		};
		048455CA298D212600772EB0 /* Release */ = {
			isa = XCBuildConfiguration;
			baseConfigurationReference = DB61326F2F6E0BB0646CAA4F /* Pods-Clapper-Rough-Cut.release.xcconfig */;
			buildSettings = {
				ASSETCATALOG_COMPILER_APPICON_NAME = AppIcon;
				ASSETCATALOG_COMPILER_GLOBAL_ACCENT_COLOR_NAME = AccentColor;
				ASSETCATALOG_COMPILER_INCLUDE_ALL_APPICON_ASSETS = YES;
				CLANG_ENABLE_MODULES = YES;
				CODE_SIGN_ENTITLEMENTS = "Clapper-Rough-Cut/Clapper_Rough_Cut.entitlements";
				CODE_SIGN_IDENTITY = "Apple Development";
				"CODE_SIGN_IDENTITY[sdk=macosx*]" = "Apple Development";
				CODE_SIGN_STYLE = Automatic;
				COMBINE_HIDPI_IMAGES = YES;
				CURRENT_PROJECT_VERSION = 1;
				DEVELOPMENT_ASSET_PATHS = "\"Clapper-Rough-Cut/Preview Content\"";
				DEVELOPMENT_TEAM = 7944299YL2;
				ENABLE_HARDENED_RUNTIME = NO;
				ENABLE_PREVIEWS = YES;
				GENERATE_INFOPLIST_FILE = YES;
				INFOPLIST_FILE = "Clapper-Rough-Cut/Info.plist";
				INFOPLIST_KEY_CFBundleDisplayName = "Clapper: Rough-Cut";
				INFOPLIST_KEY_LSApplicationCategoryType = "public.app-category.video";
				INFOPLIST_KEY_NSHumanReadableCopyright = "";
				LD_RUNPATH_SEARCH_PATHS = (
					"$(inherited)",
					"@executable_path/../Frameworks",
				);
				MACOSX_DEPLOYMENT_TARGET = 13.0;
				MARKETING_VERSION = 1.0;
				PRODUCT_BUNDLE_IDENTIFIER = "com.vigvamcev-media.Clapper-Rough-Cut";
				PRODUCT_NAME = "$(TARGET_NAME)";
				PROJECT_DIR = "$(PROJECT_DIR)";
				PROVISIONING_PROFILE_SPECIFIER = "";
				SWIFT_EMIT_LOC_STRINGS = YES;
				SWIFT_OBJC_BRIDGING_HEADER = "Clapper-Rough-Cut/StringsMatcher/Clapper-Rough-Cut-Bridging-Header.h";
				SWIFT_VERSION = 5.0;
			};
			name = Release;
		};
/* End XCBuildConfiguration section */

/* Begin XCConfigurationList section */
		0484559B298D212400772EB0 /* Build configuration list for PBXProject "Clapper-Rough-Cut" */ = {
			isa = XCConfigurationList;
			buildConfigurations = (
				048455C6298D212600772EB0 /* Debug */,
				048455C7298D212600772EB0 /* Release */,
			);
			defaultConfigurationIsVisible = 0;
			defaultConfigurationName = Release;
		};
		048455C8298D212600772EB0 /* Build configuration list for PBXNativeTarget "Clapper-Rough-Cut" */ = {
			isa = XCConfigurationList;
			buildConfigurations = (
				048455C9298D212600772EB0 /* Debug */,
				048455CA298D212600772EB0 /* Release */,
			);
			defaultConfigurationIsVisible = 0;
			defaultConfigurationName = Release;
		};
/* End XCConfigurationList section */

/* Begin XCRemoteSwiftPackageReference section */
		043538F62AB21A6A00775E0D /* XCRemoteSwiftPackageReference "KeyboardShortcuts" */ = {
			isa = XCRemoteSwiftPackageReference;
			repositoryURL = "https://github.com/sindresorhus/KeyboardShortcuts";
			requirement = {
				kind = upToNextMajorVersion;
				minimumVersion = 1.0.0;
			};
		};
		0462233F29E2B56C00944093 /* XCRemoteSwiftPackageReference "PythonKit" */ = {
			isa = XCRemoteSwiftPackageReference;
			repositoryURL = "https://github.com/pvieito/PythonKit";
			requirement = {
				branch = master;
				kind = branch;
			};
		};
		04BA3A0C29E1F26300047A9B /* XCRemoteSwiftPackageReference "AudioKit" */ = {
			isa = XCRemoteSwiftPackageReference;
			repositoryURL = "https://github.com/AudioKit/AudioKit.git";
			requirement = {
				kind = upToNextMajorVersion;
				minimumVersion = 5.0.0;
			};
		};
/* End XCRemoteSwiftPackageReference section */

/* Begin XCSwiftPackageProductDependency section */
		0400DA4E29EDC860003AD42B /* PythonKit */ = {
			isa = XCSwiftPackageProductDependency;
			package = 0462233F29E2B56C00944093 /* XCRemoteSwiftPackageReference "PythonKit" */;
			productName = PythonKit;
		};
		043538F72AB21A6A00775E0D /* KeyboardShortcuts */ = {
			isa = XCSwiftPackageProductDependency;
			package = 043538F62AB21A6A00775E0D /* XCRemoteSwiftPackageReference "KeyboardShortcuts" */;
			productName = KeyboardShortcuts;
		};
		04BA3A0D29E1F26300047A9B /* AudioKit */ = {
			isa = XCSwiftPackageProductDependency;
			package = 04BA3A0C29E1F26300047A9B /* XCRemoteSwiftPackageReference "AudioKit" */;
			productName = AudioKit;
		};
/* End XCSwiftPackageProductDependency section */
	};
	rootObject = 04845598298D212400772EB0 /* Project object */;
}
